// !$*UTF8*$!
{
	archiveVersion = 1;
	classes = {
	};
	objectVersion = 56;
	objects = {

/* Begin PBXBuildFile section */
		F932A1792BFF5A4600802840 /* AppDelegate.swift in Sources */ = {isa = PBXBuildFile; fileRef = F932A1782BFF5A4600802840 /* AppDelegate.swift */; };
		F932A17B2BFF5A4600802840 /* SceneDelegate.swift in Sources */ = {isa = PBXBuildFile; fileRef = F932A17A2BFF5A4600802840 /* SceneDelegate.swift */; };
		F932A17D2BFF5A4600802840 /* WeatherViewController.swift in Sources */ = {isa = PBXBuildFile; fileRef = F932A17C2BFF5A4600802840 /* WeatherViewController.swift */; };
		F932A1822BFF5A4800802840 /* Assets.xcassets in Resources */ = {isa = PBXBuildFile; fileRef = F932A1812BFF5A4800802840 /* Assets.xcassets */; };
		F932A1852BFF5A4800802840 /* Base in Resources */ = {isa = PBXBuildFile; fileRef = F932A1842BFF5A4800802840 /* Base */; };
		F932A1902BFF5A4800802840 /* weatherTests.swift in Sources */ = {isa = PBXBuildFile; fileRef = F932A18F2BFF5A4800802840 /* weatherTests.swift */; };
		F932A19A2BFF5A4800802840 /* weatherUITests.swift in Sources */ = {isa = PBXBuildFile; fileRef = F932A1992BFF5A4800802840 /* weatherUITests.swift */; };
		F932A19C2BFF5A4800802840 /* weatherUITestsLaunchTests.swift in Sources */ = {isa = PBXBuildFile; fileRef = F932A19B2BFF5A4800802840 /* weatherUITestsLaunchTests.swift */; };
		F932A1AB2BFF5D3200802840 /* WeatherInfo.swift in Sources */ = {isa = PBXBuildFile; fileRef = F932A1AA2BFF5D3200802840 /* WeatherInfo.swift */; };
		F9A773B82C086B7B000603B7 /* SnapKit in Frameworks */ = {isa = PBXBuildFile; productRef = F9A773B72C086B7B000603B7 /* SnapKit */; };
		F9A773BB2C086B94000603B7 /* Alamofire in Frameworks */ = {isa = PBXBuildFile; productRef = F9A773BA2C086B94000603B7 /* Alamofire */; };
/* End PBXBuildFile section */

/* Begin PBXContainerItemProxy section */
		F932A18C2BFF5A4800802840 /* PBXContainerItemProxy */ = {
			isa = PBXContainerItemProxy;
			containerPortal = F932A16D2BFF5A4600802840 /* Project object */;
			proxyType = 1;
			remoteGlobalIDString = F932A1742BFF5A4600802840;
			remoteInfo = weather;
		};
		F932A1962BFF5A4800802840 /* PBXContainerItemProxy */ = {
			isa = PBXContainerItemProxy;
			containerPortal = F932A16D2BFF5A4600802840 /* Project object */;
			proxyType = 1;
			remoteGlobalIDString = F932A1742BFF5A4600802840;
			remoteInfo = weather;
		};
/* End PBXContainerItemProxy section */

/* Begin PBXFileReference section */
		F932A1752BFF5A4600802840 /* weather.app */ = {isa = PBXFileReference; explicitFileType = wrapper.application; includeInIndex = 0; path = weather.app; sourceTree = BUILT_PRODUCTS_DIR; };
		F932A1782BFF5A4600802840 /* AppDelegate.swift */ = {isa = PBXFileReference; lastKnownFileType = sourcecode.swift; path = AppDelegate.swift; sourceTree = "<group>"; };
		F932A17A2BFF5A4600802840 /* SceneDelegate.swift */ = {isa = PBXFileReference; lastKnownFileType = sourcecode.swift; path = SceneDelegate.swift; sourceTree = "<group>"; };
		F932A17C2BFF5A4600802840 /* WeatherViewController.swift */ = {isa = PBXFileReference; lastKnownFileType = sourcecode.swift; path = WeatherViewController.swift; sourceTree = "<group>"; };
		F932A1812BFF5A4800802840 /* Assets.xcassets */ = {isa = PBXFileReference; lastKnownFileType = folder.assetcatalog; path = Assets.xcassets; sourceTree = "<group>"; };
		F932A1842BFF5A4800802840 /* Base */ = {isa = PBXFileReference; lastKnownFileType = file.storyboard; name = Base; path = Base.lproj/LaunchScreen.storyboard; sourceTree = "<group>"; };
		F932A1862BFF5A4800802840 /* Info.plist */ = {isa = PBXFileReference; lastKnownFileType = text.plist.xml; path = Info.plist; sourceTree = "<group>"; };
		F932A18B2BFF5A4800802840 /* weatherTests.xctest */ = {isa = PBXFileReference; explicitFileType = wrapper.cfbundle; includeInIndex = 0; path = weatherTests.xctest; sourceTree = BUILT_PRODUCTS_DIR; };
		F932A18F2BFF5A4800802840 /* weatherTests.swift */ = {isa = PBXFileReference; lastKnownFileType = sourcecode.swift; path = weatherTests.swift; sourceTree = "<group>"; };
		F932A1952BFF5A4800802840 /* weatherUITests.xctest */ = {isa = PBXFileReference; explicitFileType = wrapper.cfbundle; includeInIndex = 0; path = weatherUITests.xctest; sourceTree = BUILT_PRODUCTS_DIR; };
		F932A1992BFF5A4800802840 /* weatherUITests.swift */ = {isa = PBXFileReference; lastKnownFileType = sourcecode.swift; path = weatherUITests.swift; sourceTree = "<group>"; };
		F932A19B2BFF5A4800802840 /* weatherUITestsLaunchTests.swift */ = {isa = PBXFileReference; lastKnownFileType = sourcecode.swift; path = weatherUITestsLaunchTests.swift; sourceTree = "<group>"; };
		F932A1AA2BFF5D3200802840 /* WeatherInfo.swift */ = {isa = PBXFileReference; lastKnownFileType = sourcecode.swift; path = WeatherInfo.swift; sourceTree = "<group>"; };
/* End PBXFileReference section */

/* Begin PBXFrameworksBuildPhase section */
		F932A1722BFF5A4600802840 /* Frameworks */ = {
			isa = PBXFrameworksBuildPhase;
			buildActionMask = 2147483647;
			files = (
				F9A773B82C086B7B000603B7 /* SnapKit in Frameworks */,
				F9A773BB2C086B94000603B7 /* Alamofire in Frameworks */,
			);
			runOnlyForDeploymentPostprocessing = 0;
		};
		F932A1882BFF5A4800802840 /* Frameworks */ = {
			isa = PBXFrameworksBuildPhase;
			buildActionMask = 2147483647;
			files = (
			);
			runOnlyForDeploymentPostprocessing = 0;
		};
		F932A1922BFF5A4800802840 /* Frameworks */ = {
			isa = PBXFrameworksBuildPhase;
			buildActionMask = 2147483647;
			files = (
			);
			runOnlyForDeploymentPostprocessing = 0;
		};
/* End PBXFrameworksBuildPhase section */

/* Begin PBXGroup section */
		F932A16C2BFF5A4600802840 = {
			isa = PBXGroup;
			children = (
				F932A1772BFF5A4600802840 /* weather */,
				F932A18E2BFF5A4800802840 /* weatherTests */,
				F932A1982BFF5A4800802840 /* weatherUITests */,
				F932A1762BFF5A4600802840 /* Products */,
			);
			sourceTree = "<group>";
		};
		F932A1762BFF5A4600802840 /* Products */ = {
			isa = PBXGroup;
			children = (
				F932A1752BFF5A4600802840 /* weather.app */,
				F932A18B2BFF5A4800802840 /* weatherTests.xctest */,
				F932A1952BFF5A4800802840 /* weatherUITests.xctest */,
			);
			name = Products;
			sourceTree = "<group>";
		};
		F932A1772BFF5A4600802840 /* weather */ = {
			isa = PBXGroup;
			children = (
				F932A1782BFF5A4600802840 /* AppDelegate.swift */,
				F932A17A2BFF5A4600802840 /* SceneDelegate.swift */,
				F932A1AA2BFF5D3200802840 /* WeatherInfo.swift */,
				F932A17C2BFF5A4600802840 /* WeatherViewController.swift */,
				F932A1812BFF5A4800802840 /* Assets.xcassets */,
				F932A1832BFF5A4800802840 /* LaunchScreen.storyboard */,
				F932A1862BFF5A4800802840 /* Info.plist */,
			);
			path = weather;
			sourceTree = "<group>";
		};
		F932A18E2BFF5A4800802840 /* weatherTests */ = {
			isa = PBXGroup;
			children = (
				F932A18F2BFF5A4800802840 /* weatherTests.swift */,
			);
			path = weatherTests;
			sourceTree = "<group>";
		};
		F932A1982BFF5A4800802840 /* weatherUITests */ = {
			isa = PBXGroup;
			children = (
				F932A1992BFF5A4800802840 /* weatherUITests.swift */,
				F932A19B2BFF5A4800802840 /* weatherUITestsLaunchTests.swift */,
			);
			path = weatherUITests;
			sourceTree = "<group>";
		};
/* End PBXGroup section */

/* Begin PBXNativeTarget section */
		F932A1742BFF5A4600802840 /* weather */ = {
			isa = PBXNativeTarget;
			buildConfigurationList = F932A19F2BFF5A4800802840 /* Build configuration list for PBXNativeTarget "weather" */;
			buildPhases = (
				F932A1712BFF5A4600802840 /* Sources */,
				F932A1722BFF5A4600802840 /* Frameworks */,
				F932A1732BFF5A4600802840 /* Resources */,
			);
			buildRules = (
			);
			dependencies = (
			);
			name = weather;
			packageProductDependencies = (
				F9A773B72C086B7B000603B7 /* SnapKit */,
				F9A773BA2C086B94000603B7 /* Alamofire */,
			);
			productName = weather;
			productReference = F932A1752BFF5A4600802840 /* weather.app */;
			productType = "com.apple.product-type.application";
		};
		F932A18A2BFF5A4800802840 /* weatherTests */ = {
			isa = PBXNativeTarget;
			buildConfigurationList = F932A1A22BFF5A4800802840 /* Build configuration list for PBXNativeTarget "weatherTests" */;
			buildPhases = (
				F932A1872BFF5A4800802840 /* Sources */,
				F932A1882BFF5A4800802840 /* Frameworks */,
				F932A1892BFF5A4800802840 /* Resources */,
			);
			buildRules = (
			);
			dependencies = (
				F932A18D2BFF5A4800802840 /* PBXTargetDependency */,
			);
			name = weatherTests;
			productName = weatherTests;
			productReference = F932A18B2BFF5A4800802840 /* weatherTests.xctest */;
			productType = "com.apple.product-type.bundle.unit-test";
		};
		F932A1942BFF5A4800802840 /* weatherUITests */ = {
			isa = PBXNativeTarget;
			buildConfigurationList = F932A1A52BFF5A4800802840 /* Build configuration list for PBXNativeTarget "weatherUITests" */;
			buildPhases = (
				F932A1912BFF5A4800802840 /* Sources */,
				F932A1922BFF5A4800802840 /* Frameworks */,
				F932A1932BFF5A4800802840 /* Resources */,
			);
			buildRules = (
			);
			dependencies = (
				F932A1972BFF5A4800802840 /* PBXTargetDependency */,
			);
			name = weatherUITests;
			productName = weatherUITests;
			productReference = F932A1952BFF5A4800802840 /* weatherUITests.xctest */;
			productType = "com.apple.product-type.bundle.ui-testing";
		};
/* End PBXNativeTarget section */

/* Begin PBXProject section */
		F932A16D2BFF5A4600802840 /* Project object */ = {
			isa = PBXProject;
			attributes = {
				BuildIndependentTargetsInParallel = 1;
				LastSwiftUpdateCheck = 1540;
				LastUpgradeCheck = 1540;
				TargetAttributes = {
					F932A1742BFF5A4600802840 = {
						CreatedOnToolsVersion = 15.4;
					};
					F932A18A2BFF5A4800802840 = {
						CreatedOnToolsVersion = 15.4;
						TestTargetID = F932A1742BFF5A4600802840;
					};
					F932A1942BFF5A4800802840 = {
						CreatedOnToolsVersion = 15.4;
						TestTargetID = F932A1742BFF5A4600802840;
					};
				};
			};
			buildConfigurationList = F932A1702BFF5A4600802840 /* Build configuration list for PBXProject "weather" */;
			compatibilityVersion = "Xcode 14.0";
			developmentRegion = en;
			hasScannedForEncodings = 0;
			knownRegions = (
				en,
				Base,
			);
			mainGroup = F932A16C2BFF5A4600802840;
			packageReferences = (
				F9A773B62C086B7A000603B7 /* XCRemoteSwiftPackageReference "SnapKit" */,
				F9A773B92C086B94000603B7 /* XCRemoteSwiftPackageReference "Alamofire" */,
			);
			productRefGroup = F932A1762BFF5A4600802840 /* Products */;
			projectDirPath = "";
			projectRoot = "";
			targets = (
				F932A1742BFF5A4600802840 /* weather */,
				F932A18A2BFF5A4800802840 /* weatherTests */,
				F932A1942BFF5A4800802840 /* weatherUITests */,
			);
		};
/* End PBXProject section */

/* Begin PBXResourcesBuildPhase section */
		F932A1732BFF5A4600802840 /* Resources */ = {
			isa = PBXResourcesBuildPhase;
			buildActionMask = 2147483647;
			files = (
				F932A1822BFF5A4800802840 /* Assets.xcassets in Resources */,
				F932A1852BFF5A4800802840 /* Base in Resources */,
			);
			runOnlyForDeploymentPostprocessing = 0;
		};
		F932A1892BFF5A4800802840 /* Resources */ = {
			isa = PBXResourcesBuildPhase;
			buildActionMask = 2147483647;
			files = (
			);
			runOnlyForDeploymentPostprocessing = 0;
		};
		F932A1932BFF5A4800802840 /* Resources */ = {
			isa = PBXResourcesBuildPhase;
			buildActionMask = 2147483647;
			files = (
			);
			runOnlyForDeploymentPostprocessing = 0;
		};
/* End PBXResourcesBuildPhase section */

/* Begin PBXSourcesBuildPhase section */
		F932A1712BFF5A4600802840 /* Sources */ = {
			isa = PBXSourcesBuildPhase;
			buildActionMask = 2147483647;
			files = (
				F932A17D2BFF5A4600802840 /* WeatherViewController.swift in Sources */,
				F932A1792BFF5A4600802840 /* AppDelegate.swift in Sources */,
				F932A17B2BFF5A4600802840 /* SceneDelegate.swift in Sources */,
				F932A1AB2BFF5D3200802840 /* WeatherInfo.swift in Sources */,
			);
			runOnlyForDeploymentPostprocessing = 0;
		};
		F932A1872BFF5A4800802840 /* Sources */ = {
			isa = PBXSourcesBuildPhase;
			buildActionMask = 2147483647;
			files = (
				F932A1902BFF5A4800802840 /* weatherTests.swift in Sources */,
			);
			runOnlyForDeploymentPostprocessing = 0;
		};
		F932A1912BFF5A4800802840 /* Sources */ = {
			isa = PBXSourcesBuildPhase;
			buildActionMask = 2147483647;
			files = (
				F932A19A2BFF5A4800802840 /* weatherUITests.swift in Sources */,
				F932A19C2BFF5A4800802840 /* weatherUITestsLaunchTests.swift in Sources */,
			);
			runOnlyForDeploymentPostprocessing = 0;
		};
/* End PBXSourcesBuildPhase section */

/* Begin PBXTargetDependency section */
		F932A18D2BFF5A4800802840 /* PBXTargetDependency */ = {
			isa = PBXTargetDependency;
			target = F932A1742BFF5A4600802840 /* weather */;
			targetProxy = F932A18C2BFF5A4800802840 /* PBXContainerItemProxy */;
		};
		F932A1972BFF5A4800802840 /* PBXTargetDependency */ = {
			isa = PBXTargetDependency;
			target = F932A1742BFF5A4600802840 /* weather */;
			targetProxy = F932A1962BFF5A4800802840 /* PBXContainerItemProxy */;
		};
/* End PBXTargetDependency section */

/* Begin PBXVariantGroup section */
		F932A1832BFF5A4800802840 /* LaunchScreen.storyboard */ = {
			isa = PBXVariantGroup;
			children = (
				F932A1842BFF5A4800802840 /* Base */,
			);
			name = LaunchScreen.storyboard;
			sourceTree = "<group>";
		};
/* End PBXVariantGroup section */

/* Begin XCBuildConfiguration section */
		F932A19D2BFF5A4800802840 /* Debug */ = {
			isa = XCBuildConfiguration;
			buildSettings = {
				ALWAYS_SEARCH_USER_PATHS = NO;
				ASSETCATALOG_COMPILER_GENERATE_SWIFT_ASSET_SYMBOL_EXTENSIONS = YES;
				CLANG_ANALYZER_NONNULL = YES;
				CLANG_ANALYZER_NUMBER_OBJECT_CONVERSION = YES_AGGRESSIVE;
				CLANG_CXX_LANGUAGE_STANDARD = "gnu++20";
				CLANG_ENABLE_MODULES = YES;
				CLANG_ENABLE_OBJC_ARC = YES;
				CLANG_ENABLE_OBJC_WEAK = YES;
				CLANG_WARN_BLOCK_CAPTURE_AUTORELEASING = YES;
				CLANG_WARN_BOOL_CONVERSION = YES;
				CLANG_WARN_COMMA = YES;
				CLANG_WARN_CONSTANT_CONVERSION = YES;
				CLANG_WARN_DEPRECATED_OBJC_IMPLEMENTATIONS = YES;
				CLANG_WARN_DIRECT_OBJC_ISA_USAGE = YES_ERROR;
				CLANG_WARN_DOCUMENTATION_COMMENTS = YES;
				CLANG_WARN_EMPTY_BODY = YES;
				CLANG_WARN_ENUM_CONVERSION = YES;
				CLANG_WARN_INFINITE_RECURSION = YES;
				CLANG_WARN_INT_CONVERSION = YES;
				CLANG_WARN_NON_LITERAL_NULL_CONVERSION = YES;
				CLANG_WARN_OBJC_IMPLICIT_RETAIN_SELF = YES;
				CLANG_WARN_OBJC_LITERAL_CONVERSION = YES;
				CLANG_WARN_OBJC_ROOT_CLASS = YES_ERROR;
				CLANG_WARN_QUOTED_INCLUDE_IN_FRAMEWORK_HEADER = YES;
				CLANG_WARN_RANGE_LOOP_ANALYSIS = YES;
				CLANG_WARN_STRICT_PROTOTYPES = YES;
				CLANG_WARN_SUSPICIOUS_MOVE = YES;
				CLANG_WARN_UNGUARDED_AVAILABILITY = YES_AGGRESSIVE;
				CLANG_WARN_UNREACHABLE_CODE = YES;
				CLANG_WARN__DUPLICATE_METHOD_MATCH = YES;
				COPY_PHASE_STRIP = NO;
				DEBUG_INFORMATION_FORMAT = dwarf;
				ENABLE_STRICT_OBJC_MSGSEND = YES;
				ENABLE_TESTABILITY = YES;
				ENABLE_USER_SCRIPT_SANDBOXING = YES;
				GCC_C_LANGUAGE_STANDARD = gnu17;
				GCC_DYNAMIC_NO_PIC = NO;
				GCC_NO_COMMON_BLOCKS = YES;
				GCC_OPTIMIZATION_LEVEL = 0;
				GCC_PREPROCESSOR_DEFINITIONS = (
					"DEBUG=1",
					"$(inherited)",
				);
				GCC_WARN_64_TO_32_BIT_CONVERSION = YES;
				GCC_WARN_ABOUT_RETURN_TYPE = YES_ERROR;
				GCC_WARN_UNDECLARED_SELECTOR = YES;
				GCC_WARN_UNINITIALIZED_AUTOS = YES_AGGRESSIVE;
				GCC_WARN_UNUSED_FUNCTION = YES;
				GCC_WARN_UNUSED_VARIABLE = YES;
				IPHONEOS_DEPLOYMENT_TARGET = 17.5;
				LOCALIZATION_PREFERS_STRING_CATALOGS = YES;
				MTL_ENABLE_DEBUG_INFO = INCLUDE_SOURCE;
				MTL_FAST_MATH = YES;
				ONLY_ACTIVE_ARCH = YES;
				SDKROOT = iphoneos;
				SWIFT_ACTIVE_COMPILATION_CONDITIONS = "DEBUG $(inherited)";
				SWIFT_OPTIMIZATION_LEVEL = "-Onone";
			};
			name = Debug;
		};
		F932A19E2BFF5A4800802840 /* Release */ = {
			isa = XCBuildConfiguration;
			buildSettings = {
				ALWAYS_SEARCH_USER_PATHS = NO;
				ASSETCATALOG_COMPILER_GENERATE_SWIFT_ASSET_SYMBOL_EXTENSIONS = YES;
				CLANG_ANALYZER_NONNULL = YES;
				CLANG_ANALYZER_NUMBER_OBJECT_CONVERSION = YES_AGGRESSIVE;
				CLANG_CXX_LANGUAGE_STANDARD = "gnu++20";
				CLANG_ENABLE_MODULES = YES;
				CLANG_ENABLE_OBJC_ARC = YES;
				CLANG_ENABLE_OBJC_WEAK = YES;
				CLANG_WARN_BLOCK_CAPTURE_AUTORELEASING = YES;
				CLANG_WARN_BOOL_CONVERSION = YES;
				CLANG_WARN_COMMA = YES;
				CLANG_WARN_CONSTANT_CONVERSION = YES;
				CLANG_WARN_DEPRECATED_OBJC_IMPLEMENTATIONS = YES;
				CLANG_WARN_DIRECT_OBJC_ISA_USAGE = YES_ERROR;
				CLANG_WARN_DOCUMENTATION_COMMENTS = YES;
				CLANG_WARN_EMPTY_BODY = YES;
				CLANG_WARN_ENUM_CONVERSION = YES;
				CLANG_WARN_INFINITE_RECURSION = YES;
				CLANG_WARN_INT_CONVERSION = YES;
				CLANG_WARN_NON_LITERAL_NULL_CONVERSION = YES;
				CLANG_WARN_OBJC_IMPLICIT_RETAIN_SELF = YES;
				CLANG_WARN_OBJC_LITERAL_CONVERSION = YES;
				CLANG_WARN_OBJC_ROOT_CLASS = YES_ERROR;
				CLANG_WARN_QUOTED_INCLUDE_IN_FRAMEWORK_HEADER = YES;
				CLANG_WARN_RANGE_LOOP_ANALYSIS = YES;
				CLANG_WARN_STRICT_PROTOTYPES = YES;
				CLANG_WARN_SUSPICIOUS_MOVE = YES;
				CLANG_WARN_UNGUARDED_AVAILABILITY = YES_AGGRESSIVE;
				CLANG_WARN_UNREACHABLE_CODE = YES;
				CLANG_WARN__DUPLICATE_METHOD_MATCH = YES;
				COPY_PHASE_STRIP = NO;
				DEBUG_INFORMATION_FORMAT = "dwarf-with-dsym";
				ENABLE_NS_ASSERTIONS = NO;
				ENABLE_STRICT_OBJC_MSGSEND = YES;
				ENABLE_USER_SCRIPT_SANDBOXING = YES;
				GCC_C_LANGUAGE_STANDARD = gnu17;
				GCC_NO_COMMON_BLOCKS = YES;
				GCC_WARN_64_TO_32_BIT_CONVERSION = YES;
				GCC_WARN_ABOUT_RETURN_TYPE = YES_ERROR;
				GCC_WARN_UNDECLARED_SELECTOR = YES;
				GCC_WARN_UNINITIALIZED_AUTOS = YES_AGGRESSIVE;
				GCC_WARN_UNUSED_FUNCTION = YES;
				GCC_WARN_UNUSED_VARIABLE = YES;
				IPHONEOS_DEPLOYMENT_TARGET = 17.5;
				LOCALIZATION_PREFERS_STRING_CATALOGS = YES;
				MTL_ENABLE_DEBUG_INFO = NO;
				MTL_FAST_MATH = YES;
				SDKROOT = iphoneos;
				SWIFT_COMPILATION_MODE = wholemodule;
				VALIDATE_PRODUCT = YES;
			};
			name = Release;
		};
		F932A1A02BFF5A4800802840 /* Debug */ = {
			isa = XCBuildConfiguration;
			buildSettings = {
				ASSETCATALOG_COMPILER_APPICON_NAME = AppIcon;
				ASSETCATALOG_COMPILER_GLOBAL_ACCENT_COLOR_NAME = AccentColor;
				CODE_SIGN_STYLE = Automatic;
				CURRENT_PROJECT_VERSION = 1;
				DEVELOPMENT_TEAM = SM37WHUJB5;
				GENERATE_INFOPLIST_FILE = YES;
				INFOPLIST_FILE = weather/Info.plist;
				INFOPLIST_KEY_UIApplicationSupportsIndirectInputEvents = YES;
				INFOPLIST_KEY_UILaunchStoryboardName = LaunchScreen;
				INFOPLIST_KEY_UISupportedInterfaceOrientations_iPad = "UIInterfaceOrientationPortrait UIInterfaceOrientationPortraitUpsideDown UIInterfaceOrientationLandscapeLeft UIInterfaceOrientationLandscapeRight";
				INFOPLIST_KEY_UISupportedInterfaceOrientations_iPhone = "UIInterfaceOrientationPortrait UIInterfaceOrientationLandscapeLeft UIInterfaceOrientationLandscapeRight";
				LD_RUNPATH_SEARCH_PATHS = (
					"$(inherited)",
					"@executable_path/Frameworks",
				);
				MARKETING_VERSION = 1.0;
				PRODUCT_BUNDLE_IDENTIFIER = Alice.weather;
				PRODUCT_NAME = "$(TARGET_NAME)";
				SWIFT_EMIT_LOC_STRINGS = YES;
				SWIFT_VERSION = 5.0;
				TARGETED_DEVICE_FAMILY = "1,2";
			};
			name = Debug;
		};
		F932A1A12BFF5A4800802840 /* Release */ = {
			isa = XCBuildConfiguration;
			buildSettings = {
				ASSETCATALOG_COMPILER_APPICON_NAME = AppIcon;
				ASSETCATALOG_COMPILER_GLOBAL_ACCENT_COLOR_NAME = AccentColor;
				CODE_SIGN_STYLE = Automatic;
				CURRENT_PROJECT_VERSION = 1;
				DEVELOPMENT_TEAM = SM37WHUJB5;
				GENERATE_INFOPLIST_FILE = YES;
				INFOPLIST_FILE = weather/Info.plist;
				INFOPLIST_KEY_UIApplicationSupportsIndirectInputEvents = YES;
				INFOPLIST_KEY_UILaunchStoryboardName = LaunchScreen;
				INFOPLIST_KEY_UISupportedInterfaceOrientations_iPad = "UIInterfaceOrientationPortrait UIInterfaceOrientationPortraitUpsideDown UIInterfaceOrientationLandscapeLeft UIInterfaceOrientationLandscapeRight";
				INFOPLIST_KEY_UISupportedInterfaceOrientations_iPhone = "UIInterfaceOrientationPortrait UIInterfaceOrientationLandscapeLeft UIInterfaceOrientationLandscapeRight";
				LD_RUNPATH_SEARCH_PATHS = (
					"$(inherited)",
					"@executable_path/Frameworks",
				);
				MARKETING_VERSION = 1.0;
				PRODUCT_BUNDLE_IDENTIFIER = Alice.weather;
				PRODUCT_NAME = "$(TARGET_NAME)";
				SWIFT_EMIT_LOC_STRINGS = YES;
				SWIFT_VERSION = 5.0;
				TARGETED_DEVICE_FAMILY = "1,2";
			};
			name = Release;
		};
		F932A1A32BFF5A4800802840 /* Debug */ = {
			isa = XCBuildConfiguration;
			buildSettings = {
				ALWAYS_EMBED_SWIFT_STANDARD_LIBRARIES = YES;
				BUNDLE_LOADER = "$(TEST_HOST)";
				CODE_SIGN_STYLE = Automatic;
				CURRENT_PROJECT_VERSION = 1;
				DEVELOPMENT_TEAM = SM37WHUJB5;
				GENERATE_INFOPLIST_FILE = YES;
				IPHONEOS_DEPLOYMENT_TARGET = 17.5;
				MARKETING_VERSION = 1.0;
				PRODUCT_BUNDLE_IDENTIFIER = Alice.weatherTests;
				PRODUCT_NAME = "$(TARGET_NAME)";
				SWIFT_EMIT_LOC_STRINGS = NO;
				SWIFT_VERSION = 5.0;
				TARGETED_DEVICE_FAMILY = "1,2";
				TEST_HOST = "$(BUILT_PRODUCTS_DIR)/weather.app/$(BUNDLE_EXECUTABLE_FOLDER_PATH)/weather";
			};
			name = Debug;
		};
		F932A1A42BFF5A4800802840 /* Release */ = {
			isa = XCBuildConfiguration;
			buildSettings = {
				ALWAYS_EMBED_SWIFT_STANDARD_LIBRARIES = YES;
				BUNDLE_LOADER = "$(TEST_HOST)";
				CODE_SIGN_STYLE = Automatic;
				CURRENT_PROJECT_VERSION = 1;
				DEVELOPMENT_TEAM = SM37WHUJB5;
				GENERATE_INFOPLIST_FILE = YES;
				IPHONEOS_DEPLOYMENT_TARGET = 17.5;
				MARKETING_VERSION = 1.0;
				PRODUCT_BUNDLE_IDENTIFIER = Alice.weatherTests;
				PRODUCT_NAME = "$(TARGET_NAME)";
				SWIFT_EMIT_LOC_STRINGS = NO;
				SWIFT_VERSION = 5.0;
				TARGETED_DEVICE_FAMILY = "1,2";
				TEST_HOST = "$(BUILT_PRODUCTS_DIR)/weather.app/$(BUNDLE_EXECUTABLE_FOLDER_PATH)/weather";
			};
			name = Release;
		};
		F932A1A62BFF5A4800802840 /* Debug */ = {
			isa = XCBuildConfiguration;
			buildSettings = {
				ALWAYS_EMBED_SWIFT_STANDARD_LIBRARIES = YES;
				CODE_SIGN_STYLE = Automatic;
				CURRENT_PROJECT_VERSION = 1;
				DEVELOPMENT_TEAM = SM37WHUJB5;
				GENERATE_INFOPLIST_FILE = YES;
				MARKETING_VERSION = 1.0;
				PRODUCT_BUNDLE_IDENTIFIER = Alice.weatherUITests;
				PRODUCT_NAME = "$(TARGET_NAME)";
				SWIFT_EMIT_LOC_STRINGS = NO;
				SWIFT_VERSION = 5.0;
				TARGETED_DEVICE_FAMILY = "1,2";
				TEST_TARGET_NAME = weather;
			};
			name = Debug;
		};
		F932A1A72BFF5A4800802840 /* Release */ = {
			isa = XCBuildConfiguration;
			buildSettings = {
				ALWAYS_EMBED_SWIFT_STANDARD_LIBRARIES = YES;
				CODE_SIGN_STYLE = Automatic;
				CURRENT_PROJECT_VERSION = 1;
				DEVELOPMENT_TEAM = SM37WHUJB5;
				GENERATE_INFOPLIST_FILE = YES;
				MARKETING_VERSION = 1.0;
				PRODUCT_BUNDLE_IDENTIFIER = Alice.weatherUITests;
				PRODUCT_NAME = "$(TARGET_NAME)";
				SWIFT_EMIT_LOC_STRINGS = NO;
				SWIFT_VERSION = 5.0;
				TARGETED_DEVICE_FAMILY = "1,2";
				TEST_TARGET_NAME = weather;
			};
			name = Release;
		};
/* End XCBuildConfiguration section */

/* Begin XCConfigurationList section */
		F932A1702BFF5A4600802840 /* Build configuration list for PBXProject "weather" */ = {
			isa = XCConfigurationList;
			buildConfigurations = (
				F932A19D2BFF5A4800802840 /* Debug */,
				F932A19E2BFF5A4800802840 /* Release */,
			);
			defaultConfigurationIsVisible = 0;
			defaultConfigurationName = Release;
		};
		F932A19F2BFF5A4800802840 /* Build configuration list for PBXNativeTarget "weather" */ = {
			isa = XCConfigurationList;
			buildConfigurations = (
				F932A1A02BFF5A4800802840 /* Debug */,
				F932A1A12BFF5A4800802840 /* Release */,
			);
			defaultConfigurationIsVisible = 0;
			defaultConfigurationName = Release;
		};
		F932A1A22BFF5A4800802840 /* Build configuration list for PBXNativeTarget "weatherTests" */ = {
			isa = XCConfigurationList;
			buildConfigurations = (
				F932A1A32BFF5A4800802840 /* Debug */,
				F932A1A42BFF5A4800802840 /* Release */,
			);
			defaultConfigurationIsVisible = 0;
			defaultConfigurationName = Release;
		};
		F932A1A52BFF5A4800802840 /* Build configuration list for PBXNativeTarget "weatherUITests" */ = {
			isa = XCConfigurationList;
			buildConfigurations = (
				F932A1A62BFF5A4800802840 /* Debug */,
				F932A1A72BFF5A4800802840 /* Release */,
			);
			defaultConfigurationIsVisible = 0;
			defaultConfigurationName = Release;
		};
/* End XCConfigurationList section */

/* Begin XCRemoteSwiftPackageReference section */
		F9A773B62C086B7A000603B7 /* XCRemoteSwiftPackageReference "SnapKit" */ = {
			isa = XCRemoteSwiftPackageReference;
			repositoryURL = "https://github.com/SnapKit/SnapKit";
			requirement = {
				kind = upToNextMajorVersion;
				minimumVersion = 5.7.1;
			};
		};
		F9A773B92C086B94000603B7 /* XCRemoteSwiftPackageReference "Alamofire" */ = {
			isa = XCRemoteSwiftPackageReference;
			repositoryURL = "https://github.com/Alamofire/Alamofire";
			requirement = {
				kind = upToNextMajorVersion;
				minimumVersion = 5.9.1;
			};
		};
/* End XCRemoteSwiftPackageReference section */

/* Begin XCSwiftPackageProductDependency section */
		F9A773B72C086B7B000603B7 /* SnapKit */ = {
			isa = XCSwiftPackageProductDependency;
			package = F9A773B62C086B7A000603B7 /* XCRemoteSwiftPackageReference "SnapKit" */;
			productName = SnapKit;
		};
		F9A773BA2C086B94000603B7 /* Alamofire */ = {
			isa = XCSwiftPackageProductDependency;
			package = F9A773B92C086B94000603B7 /* XCRemoteSwiftPackageReference "Alamofire" */;
			productName = Alamofire;
		};
/* End XCSwiftPackageProductDependency section */
	};
	rootObject = F932A16D2BFF5A4600802840 /* Project object */;
}
