// !$*UTF8*$!
{
	archiveVersion = 1;
	classes = {
	};
	objectVersion = 56;
	objects = {

/* Begin PBXBuildFile section */
		F91C52402BF2177700340B62 /* AppDelegate.swift in Sources */ = {isa = PBXBuildFile; fileRef = F91C523F2BF2177700340B62 /* AppDelegate.swift */; };
		F91C52422BF2177700340B62 /* SceneDelegate.swift in Sources */ = {isa = PBXBuildFile; fileRef = F91C52412BF2177700340B62 /* SceneDelegate.swift */; };
		F91C52442BF2177700340B62 /* ViewController.swift in Sources */ = {isa = PBXBuildFile; fileRef = F91C52432BF2177700340B62 /* ViewController.swift */; };
		F91C52492BF2177900340B62 /* Assets.xcassets in Resources */ = {isa = PBXBuildFile; fileRef = F91C52482BF2177900340B62 /* Assets.xcassets */; };
		F91C524C2BF2177900340B62 /* Base in Resources */ = {isa = PBXBuildFile; fileRef = F91C524B2BF2177900340B62 /* Base */; };
		F91C52572BF2177900340B62 /* threadTestTests.swift in Sources */ = {isa = PBXBuildFile; fileRef = F91C52562BF2177900340B62 /* threadTestTests.swift */; };
		F91C52612BF2177900340B62 /* threadTestUITests.swift in Sources */ = {isa = PBXBuildFile; fileRef = F91C52602BF2177900340B62 /* threadTestUITests.swift */; };
		F91C52632BF2177900340B62 /* threadTestUITestsLaunchTests.swift in Sources */ = {isa = PBXBuildFile; fileRef = F91C52622BF2177900340B62 /* threadTestUITestsLaunchTests.swift */; };
		F91C52762BF21F5200340B62 /* SnapKit in Frameworks */ = {isa = PBXBuildFile; productRef = F91C52752BF21F5200340B62 /* SnapKit */; };
		F91C52782BF21F5200340B62 /* SnapKit-Dynamic in Frameworks */ = {isa = PBXBuildFile; productRef = F91C52772BF21F5200340B62 /* SnapKit-Dynamic */; };
/* End PBXBuildFile section */

/* Begin PBXContainerItemProxy section */
		F91C52532BF2177900340B62 /* PBXContainerItemProxy */ = {
			isa = PBXContainerItemProxy;
			containerPortal = F91C52342BF2177700340B62 /* Project object */;
			proxyType = 1;
			remoteGlobalIDString = F91C523B2BF2177700340B62;
			remoteInfo = threadTest;
		};
		F91C525D2BF2177900340B62 /* PBXContainerItemProxy */ = {
			isa = PBXContainerItemProxy;
			containerPortal = F91C52342BF2177700340B62 /* Project object */;
			proxyType = 1;
			remoteGlobalIDString = F91C523B2BF2177700340B62;
			remoteInfo = threadTest;
		};
/* End PBXContainerItemProxy section */

/* Begin PBXFileReference section */
		F91C523C2BF2177700340B62 /* threadTest.app */ = {isa = PBXFileReference; explicitFileType = wrapper.application; includeInIndex = 0; path = threadTest.app; sourceTree = BUILT_PRODUCTS_DIR; };
		F91C523F2BF2177700340B62 /* AppDelegate.swift */ = {isa = PBXFileReference; lastKnownFileType = sourcecode.swift; path = AppDelegate.swift; sourceTree = "<group>"; };
		F91C52412BF2177700340B62 /* SceneDelegate.swift */ = {isa = PBXFileReference; lastKnownFileType = sourcecode.swift; path = SceneDelegate.swift; sourceTree = "<group>"; };
		F91C52432BF2177700340B62 /* ViewController.swift */ = {isa = PBXFileReference; lastKnownFileType = sourcecode.swift; path = ViewController.swift; sourceTree = "<group>"; };
		F91C52482BF2177900340B62 /* Assets.xcassets */ = {isa = PBXFileReference; lastKnownFileType = folder.assetcatalog; path = Assets.xcassets; sourceTree = "<group>"; };
		F91C524B2BF2177900340B62 /* Base */ = {isa = PBXFileReference; lastKnownFileType = file.storyboard; name = Base; path = Base.lproj/LaunchScreen.storyboard; sourceTree = "<group>"; };
		F91C524D2BF2177900340B62 /* Info.plist */ = {isa = PBXFileReference; lastKnownFileType = text.plist.xml; path = Info.plist; sourceTree = "<group>"; };
		F91C52522BF2177900340B62 /* threadTestTests.xctest */ = {isa = PBXFileReference; explicitFileType = wrapper.cfbundle; includeInIndex = 0; path = threadTestTests.xctest; sourceTree = BUILT_PRODUCTS_DIR; };
		F91C52562BF2177900340B62 /* threadTestTests.swift */ = {isa = PBXFileReference; lastKnownFileType = sourcecode.swift; path = threadTestTests.swift; sourceTree = "<group>"; };
		F91C525C2BF2177900340B62 /* threadTestUITests.xctest */ = {isa = PBXFileReference; explicitFileType = wrapper.cfbundle; includeInIndex = 0; path = threadTestUITests.xctest; sourceTree = BUILT_PRODUCTS_DIR; };
		F91C52602BF2177900340B62 /* threadTestUITests.swift */ = {isa = PBXFileReference; lastKnownFileType = sourcecode.swift; path = threadTestUITests.swift; sourceTree = "<group>"; };
		F91C52622BF2177900340B62 /* threadTestUITestsLaunchTests.swift */ = {isa = PBXFileReference; lastKnownFileType = sourcecode.swift; path = threadTestUITestsLaunchTests.swift; sourceTree = "<group>"; };
/* End PBXFileReference section */

/* Begin PBXFrameworksBuildPhase section */
		F91C52392BF2177700340B62 /* Frameworks */ = {
			isa = PBXFrameworksBuildPhase;
			buildActionMask = 2147483647;
			files = (
				F91C52762BF21F5200340B62 /* SnapKit in Frameworks */,
				F91C52782BF21F5200340B62 /* SnapKit-Dynamic in Frameworks */,
			);
			runOnlyForDeploymentPostprocessing = 0;
		};
		F91C524F2BF2177900340B62 /* Frameworks */ = {
			isa = PBXFrameworksBuildPhase;
			buildActionMask = 2147483647;
			files = (
			);
			runOnlyForDeploymentPostprocessing = 0;
		};
		F91C52592BF2177900340B62 /* Frameworks */ = {
			isa = PBXFrameworksBuildPhase;
			buildActionMask = 2147483647;
			files = (
			);
			runOnlyForDeploymentPostprocessing = 0;
		};
/* End PBXFrameworksBuildPhase section */

/* Begin PBXGroup section */
		F91C52332BF2177700340B62 = {
			isa = PBXGroup;
			children = (
				F91C523E2BF2177700340B62 /* threadTest */,
				F91C52552BF2177900340B62 /* threadTestTests */,
				F91C525F2BF2177900340B62 /* threadTestUITests */,
				F91C523D2BF2177700340B62 /* Products */,
			);
			sourceTree = "<group>";
		};
		F91C523D2BF2177700340B62 /* Products */ = {
			isa = PBXGroup;
			children = (
				F91C523C2BF2177700340B62 /* threadTest.app */,
				F91C52522BF2177900340B62 /* threadTestTests.xctest */,
				F91C525C2BF2177900340B62 /* threadTestUITests.xctest */,
			);
			name = Products;
			sourceTree = "<group>";
		};
		F91C523E2BF2177700340B62 /* threadTest */ = {
			isa = PBXGroup;
			children = (
				F91C523F2BF2177700340B62 /* AppDelegate.swift */,
				F91C52412BF2177700340B62 /* SceneDelegate.swift */,
				F91C52432BF2177700340B62 /* ViewController.swift */,
				F91C52482BF2177900340B62 /* Assets.xcassets */,
				F91C524A2BF2177900340B62 /* LaunchScreen.storyboard */,
				F91C524D2BF2177900340B62 /* Info.plist */,
			);
			path = threadTest;
			sourceTree = "<group>";
		};
		F91C52552BF2177900340B62 /* threadTestTests */ = {
			isa = PBXGroup;
			children = (
				F91C52562BF2177900340B62 /* threadTestTests.swift */,
			);
			path = threadTestTests;
			sourceTree = "<group>";
		};
		F91C525F2BF2177900340B62 /* threadTestUITests */ = {
			isa = PBXGroup;
			children = (
				F91C52602BF2177900340B62 /* threadTestUITests.swift */,
				F91C52622BF2177900340B62 /* threadTestUITestsLaunchTests.swift */,
			);
			path = threadTestUITests;
			sourceTree = "<group>";
		};
/* End PBXGroup section */

/* Begin PBXNativeTarget section */
		F91C523B2BF2177700340B62 /* threadTest */ = {
			isa = PBXNativeTarget;
			buildConfigurationList = F91C52662BF2177900340B62 /* Build configuration list for PBXNativeTarget "threadTest" */;
			buildPhases = (
				F91C52382BF2177700340B62 /* Sources */,
				F91C52392BF2177700340B62 /* Frameworks */,
				F91C523A2BF2177700340B62 /* Resources */,
			);
			buildRules = (
			);
			dependencies = (
			);
			name = threadTest;
			packageProductDependencies = (
				F91C52752BF21F5200340B62 /* SnapKit */,
				F91C52772BF21F5200340B62 /* SnapKit-Dynamic */,
			);
			productName = threadTest;
			productReference = F91C523C2BF2177700340B62 /* threadTest.app */;
			productType = "com.apple.product-type.application";
		};
		F91C52512BF2177900340B62 /* threadTestTests */ = {
			isa = PBXNativeTarget;
			buildConfigurationList = F91C52692BF2177900340B62 /* Build configuration list for PBXNativeTarget "threadTestTests" */;
			buildPhases = (
				F91C524E2BF2177900340B62 /* Sources */,
				F91C524F2BF2177900340B62 /* Frameworks */,
				F91C52502BF2177900340B62 /* Resources */,
			);
			buildRules = (
			);
			dependencies = (
				F91C52542BF2177900340B62 /* PBXTargetDependency */,
			);
			name = threadTestTests;
			productName = threadTestTests;
			productReference = F91C52522BF2177900340B62 /* threadTestTests.xctest */;
			productType = "com.apple.product-type.bundle.unit-test";
		};
		F91C525B2BF2177900340B62 /* threadTestUITests */ = {
			isa = PBXNativeTarget;
			buildConfigurationList = F91C526C2BF2177900340B62 /* Build configuration list for PBXNativeTarget "threadTestUITests" */;
			buildPhases = (
				F91C52582BF2177900340B62 /* Sources */,
				F91C52592BF2177900340B62 /* Frameworks */,
				F91C525A2BF2177900340B62 /* Resources */,
			);
			buildRules = (
			);
			dependencies = (
				F91C525E2BF2177900340B62 /* PBXTargetDependency */,
			);
			name = threadTestUITests;
			productName = threadTestUITests;
			productReference = F91C525C2BF2177900340B62 /* threadTestUITests.xctest */;
			productType = "com.apple.product-type.bundle.ui-testing";
		};
/* End PBXNativeTarget section */

/* Begin PBXProject section */
		F91C52342BF2177700340B62 /* Project object */ = {
			isa = PBXProject;
			attributes = {
				BuildIndependentTargetsInParallel = 1;
				LastSwiftUpdateCheck = 1530;
				LastUpgradeCheck = 1530;
				TargetAttributes = {
					F91C523B2BF2177700340B62 = {
						CreatedOnToolsVersion = 15.3;
					};
					F91C52512BF2177900340B62 = {
						CreatedOnToolsVersion = 15.3;
						TestTargetID = F91C523B2BF2177700340B62;
					};
					F91C525B2BF2177900340B62 = {
						CreatedOnToolsVersion = 15.3;
						TestTargetID = F91C523B2BF2177700340B62;
					};
				};
			};
			buildConfigurationList = F91C52372BF2177700340B62 /* Build configuration list for PBXProject "threadTest" */;
			compatibilityVersion = "Xcode 14.0";
			developmentRegion = en;
			hasScannedForEncodings = 0;
			knownRegions = (
				en,
				Base,
			);
			mainGroup = F91C52332BF2177700340B62;
			packageReferences = (
				F91C52742BF21F5200340B62 /* XCRemoteSwiftPackageReference "SnapKit" */,
			);
			productRefGroup = F91C523D2BF2177700340B62 /* Products */;
			projectDirPath = "";
			projectRoot = "";
			targets = (
				F91C523B2BF2177700340B62 /* threadTest */,
				F91C52512BF2177900340B62 /* threadTestTests */,
				F91C525B2BF2177900340B62 /* threadTestUITests */,
			);
		};
/* End PBXProject section */

/* Begin PBXResourcesBuildPhase section */
		F91C523A2BF2177700340B62 /* Resources */ = {
			isa = PBXResourcesBuildPhase;
			buildActionMask = 2147483647;
			files = (
				F91C52492BF2177900340B62 /* Assets.xcassets in Resources */,
				F91C524C2BF2177900340B62 /* Base in Resources */,
			);
			runOnlyForDeploymentPostprocessing = 0;
		};
		F91C52502BF2177900340B62 /* Resources */ = {
			isa = PBXResourcesBuildPhase;
			buildActionMask = 2147483647;
			files = (
			);
			runOnlyForDeploymentPostprocessing = 0;
		};
		F91C525A2BF2177900340B62 /* Resources */ = {
			isa = PBXResourcesBuildPhase;
			buildActionMask = 2147483647;
			files = (
			);
			runOnlyForDeploymentPostprocessing = 0;
		};
/* End PBXResourcesBuildPhase section */

/* Begin PBXSourcesBuildPhase section */
		F91C52382BF2177700340B62 /* Sources */ = {
			isa = PBXSourcesBuildPhase;
			buildActionMask = 2147483647;
			files = (
				F91C52442BF2177700340B62 /* ViewController.swift in Sources */,
				F91C52402BF2177700340B62 /* AppDelegate.swift in Sources */,
				F91C52422BF2177700340B62 /* SceneDelegate.swift in Sources */,
			);
			runOnlyForDeploymentPostprocessing = 0;
		};
		F91C524E2BF2177900340B62 /* Sources */ = {
			isa = PBXSourcesBuildPhase;
			buildActionMask = 2147483647;
			files = (
				F91C52572BF2177900340B62 /* threadTestTests.swift in Sources */,
			);
			runOnlyForDeploymentPostprocessing = 0;
		};
		F91C52582BF2177900340B62 /* Sources */ = {
			isa = PBXSourcesBuildPhase;
			buildActionMask = 2147483647;
			files = (
				F91C52632BF2177900340B62 /* threadTestUITestsLaunchTests.swift in Sources */,
				F91C52612BF2177900340B62 /* threadTestUITests.swift in Sources */,
			);
			runOnlyForDeploymentPostprocessing = 0;
		};
/* End PBXSourcesBuildPhase section */

/* Begin PBXTargetDependency section */
		F91C52542BF2177900340B62 /* PBXTargetDependency */ = {
			isa = PBXTargetDependency;
			target = F91C523B2BF2177700340B62 /* threadTest */;
			targetProxy = F91C52532BF2177900340B62 /* PBXContainerItemProxy */;
		};
		F91C525E2BF2177900340B62 /* PBXTargetDependency */ = {
			isa = PBXTargetDependency;
			target = F91C523B2BF2177700340B62 /* threadTest */;
			targetProxy = F91C525D2BF2177900340B62 /* PBXContainerItemProxy */;
		};
/* End PBXTargetDependency section */

/* Begin PBXVariantGroup section */
		F91C524A2BF2177900340B62 /* LaunchScreen.storyboard */ = {
			isa = PBXVariantGroup;
			children = (
				F91C524B2BF2177900340B62 /* Base */,
			);
			name = LaunchScreen.storyboard;
			sourceTree = "<group>";
		};
/* End PBXVariantGroup section */

/* Begin XCBuildConfiguration section */
		F91C52642BF2177900340B62 /* Debug */ = {
			isa = XCBuildConfiguration;
			buildSettings = {
				ALWAYS_SEARCH_USER_PATHS = NO;
				ASSETCATALOG_COMPILER_GENERATE_SWIFT_ASSET_SYMBOL_EXTENSIONS = YES;
				CLANG_ANALYZER_NONNULL = YES;
				CLANG_ANALYZER_NUMBER_OBJECT_CONVERSION = YES_AGGRESSIVE;
				CLANG_CXX_LANGUAGE_STANDARD = "gnu++20";
				CLANG_ENABLE_MODULES = YES;
				CLANG_ENABLE_OBJC_ARC = YES;
				CLANG_ENABLE_OBJC_WEAK = YES;
				CLANG_WARN_BLOCK_CAPTURE_AUTORELEASING = YES;
				CLANG_WARN_BOOL_CONVERSION = YES;
				CLANG_WARN_COMMA = YES;
				CLANG_WARN_CONSTANT_CONVERSION = YES;
				CLANG_WARN_DEPRECATED_OBJC_IMPLEMENTATIONS = YES;
				CLANG_WARN_DIRECT_OBJC_ISA_USAGE = YES_ERROR;
				CLANG_WARN_DOCUMENTATION_COMMENTS = YES;
				CLANG_WARN_EMPTY_BODY = YES;
				CLANG_WARN_ENUM_CONVERSION = YES;
				CLANG_WARN_INFINITE_RECURSION = YES;
				CLANG_WARN_INT_CONVERSION = YES;
				CLANG_WARN_NON_LITERAL_NULL_CONVERSION = YES;
				CLANG_WARN_OBJC_IMPLICIT_RETAIN_SELF = YES;
				CLANG_WARN_OBJC_LITERAL_CONVERSION = YES;
				CLANG_WARN_OBJC_ROOT_CLASS = YES_ERROR;
				CLANG_WARN_QUOTED_INCLUDE_IN_FRAMEWORK_HEADER = YES;
				CLANG_WARN_RANGE_LOOP_ANALYSIS = YES;
				CLANG_WARN_STRICT_PROTOTYPES = YES;
				CLANG_WARN_SUSPICIOUS_MOVE = YES;
				CLANG_WARN_UNGUARDED_AVAILABILITY = YES_AGGRESSIVE;
				CLANG_WARN_UNREACHABLE_CODE = YES;
				CLANG_WARN__DUPLICATE_METHOD_MATCH = YES;
				COPY_PHASE_STRIP = NO;
				DEBUG_INFORMATION_FORMAT = dwarf;
				ENABLE_STRICT_OBJC_MSGSEND = YES;
				ENABLE_TESTABILITY = YES;
				ENABLE_USER_SCRIPT_SANDBOXING = YES;
				GCC_C_LANGUAGE_STANDARD = gnu17;
				GCC_DYNAMIC_NO_PIC = NO;
				GCC_NO_COMMON_BLOCKS = YES;
				GCC_OPTIMIZATION_LEVEL = 0;
				GCC_PREPROCESSOR_DEFINITIONS = (
					"DEBUG=1",
					"$(inherited)",
				);
				GCC_WARN_64_TO_32_BIT_CONVERSION = YES;
				GCC_WARN_ABOUT_RETURN_TYPE = YES_ERROR;
				GCC_WARN_UNDECLARED_SELECTOR = YES;
				GCC_WARN_UNINITIALIZED_AUTOS = YES_AGGRESSIVE;
				GCC_WARN_UNUSED_FUNCTION = YES;
				GCC_WARN_UNUSED_VARIABLE = YES;
				IPHONEOS_DEPLOYMENT_TARGET = 17.4;
				LOCALIZATION_PREFERS_STRING_CATALOGS = YES;
				MTL_ENABLE_DEBUG_INFO = INCLUDE_SOURCE;
				MTL_FAST_MATH = YES;
				ONLY_ACTIVE_ARCH = YES;
				SDKROOT = iphoneos;
				SWIFT_ACTIVE_COMPILATION_CONDITIONS = "DEBUG $(inherited)";
				SWIFT_OPTIMIZATION_LEVEL = "-Onone";
			};
			name = Debug;
		};
		F91C52652BF2177900340B62 /* Release */ = {
			isa = XCBuildConfiguration;
			buildSettings = {
				ALWAYS_SEARCH_USER_PATHS = NO;
				ASSETCATALOG_COMPILER_GENERATE_SWIFT_ASSET_SYMBOL_EXTENSIONS = YES;
				CLANG_ANALYZER_NONNULL = YES;
				CLANG_ANALYZER_NUMBER_OBJECT_CONVERSION = YES_AGGRESSIVE;
				CLANG_CXX_LANGUAGE_STANDARD = "gnu++20";
				CLANG_ENABLE_MODULES = YES;
				CLANG_ENABLE_OBJC_ARC = YES;
				CLANG_ENABLE_OBJC_WEAK = YES;
				CLANG_WARN_BLOCK_CAPTURE_AUTORELEASING = YES;
				CLANG_WARN_BOOL_CONVERSION = YES;
				CLANG_WARN_COMMA = YES;
				CLANG_WARN_CONSTANT_CONVERSION = YES;
				CLANG_WARN_DEPRECATED_OBJC_IMPLEMENTATIONS = YES;
				CLANG_WARN_DIRECT_OBJC_ISA_USAGE = YES_ERROR;
				CLANG_WARN_DOCUMENTATION_COMMENTS = YES;
				CLANG_WARN_EMPTY_BODY = YES;
				CLANG_WARN_ENUM_CONVERSION = YES;
				CLANG_WARN_INFINITE_RECURSION = YES;
				CLANG_WARN_INT_CONVERSION = YES;
				CLANG_WARN_NON_LITERAL_NULL_CONVERSION = YES;
				CLANG_WARN_OBJC_IMPLICIT_RETAIN_SELF = YES;
				CLANG_WARN_OBJC_LITERAL_CONVERSION = YES;
				CLANG_WARN_OBJC_ROOT_CLASS = YES_ERROR;
				CLANG_WARN_QUOTED_INCLUDE_IN_FRAMEWORK_HEADER = YES;
				CLANG_WARN_RANGE_LOOP_ANALYSIS = YES;
				CLANG_WARN_STRICT_PROTOTYPES = YES;
				CLANG_WARN_SUSPICIOUS_MOVE = YES;
				CLANG_WARN_UNGUARDED_AVAILABILITY = YES_AGGRESSIVE;
				CLANG_WARN_UNREACHABLE_CODE = YES;
				CLANG_WARN__DUPLICATE_METHOD_MATCH = YES;
				COPY_PHASE_STRIP = NO;
				DEBUG_INFORMATION_FORMAT = "dwarf-with-dsym";
				ENABLE_NS_ASSERTIONS = NO;
				ENABLE_STRICT_OBJC_MSGSEND = YES;
				ENABLE_USER_SCRIPT_SANDBOXING = YES;
				GCC_C_LANGUAGE_STANDARD = gnu17;
				GCC_NO_COMMON_BLOCKS = YES;
				GCC_WARN_64_TO_32_BIT_CONVERSION = YES;
				GCC_WARN_ABOUT_RETURN_TYPE = YES_ERROR;
				GCC_WARN_UNDECLARED_SELECTOR = YES;
				GCC_WARN_UNINITIALIZED_AUTOS = YES_AGGRESSIVE;
				GCC_WARN_UNUSED_FUNCTION = YES;
				GCC_WARN_UNUSED_VARIABLE = YES;
				IPHONEOS_DEPLOYMENT_TARGET = 17.4;
				LOCALIZATION_PREFERS_STRING_CATALOGS = YES;
				MTL_ENABLE_DEBUG_INFO = NO;
				MTL_FAST_MATH = YES;
				SDKROOT = iphoneos;
				SWIFT_COMPILATION_MODE = wholemodule;
				VALIDATE_PRODUCT = YES;
			};
			name = Release;
		};
		F91C52672BF2177900340B62 /* Debug */ = {
			isa = XCBuildConfiguration;
			buildSettings = {
				ASSETCATALOG_COMPILER_APPICON_NAME = AppIcon;
				ASSETCATALOG_COMPILER_GLOBAL_ACCENT_COLOR_NAME = AccentColor;
				CODE_SIGN_STYLE = Automatic;
				CURRENT_PROJECT_VERSION = 1;
				DEVELOPMENT_TEAM = SM37WHUJB5;
				GENERATE_INFOPLIST_FILE = YES;
				INFOPLIST_FILE = threadTest/Info.plist;
				INFOPLIST_KEY_UIApplicationSupportsIndirectInputEvents = YES;
				INFOPLIST_KEY_UILaunchStoryboardName = LaunchScreen;
				INFOPLIST_KEY_UISupportedInterfaceOrientations_iPad = "UIInterfaceOrientationPortrait UIInterfaceOrientationPortraitUpsideDown UIInterfaceOrientationLandscapeLeft UIInterfaceOrientationLandscapeRight";
				INFOPLIST_KEY_UISupportedInterfaceOrientations_iPhone = "UIInterfaceOrientationPortrait UIInterfaceOrientationLandscapeLeft UIInterfaceOrientationLandscapeRight";
				LD_RUNPATH_SEARCH_PATHS = (
					"$(inherited)",
					"@executable_path/Frameworks",
				);
				MARKETING_VERSION = 1.0;
				PRODUCT_BUNDLE_IDENTIFIER = Alice.threadTest;
				PRODUCT_NAME = "$(TARGET_NAME)";
				SWIFT_EMIT_LOC_STRINGS = YES;
				SWIFT_VERSION = 5.0;
				TARGETED_DEVICE_FAMILY = "1,2";
			};
			name = Debug;
		};
		F91C52682BF2177900340B62 /* Release */ = {
			isa = XCBuildConfiguration;
			buildSettings = {
				ASSETCATALOG_COMPILER_APPICON_NAME = AppIcon;
				ASSETCATALOG_COMPILER_GLOBAL_ACCENT_COLOR_NAME = AccentColor;
				CODE_SIGN_STYLE = Automatic;
				CURRENT_PROJECT_VERSION = 1;
				DEVELOPMENT_TEAM = SM37WHUJB5;
				GENERATE_INFOPLIST_FILE = YES;
				INFOPLIST_FILE = threadTest/Info.plist;
				INFOPLIST_KEY_UIApplicationSupportsIndirectInputEvents = YES;
				INFOPLIST_KEY_UILaunchStoryboardName = LaunchScreen;
				INFOPLIST_KEY_UISupportedInterfaceOrientations_iPad = "UIInterfaceOrientationPortrait UIInterfaceOrientationPortraitUpsideDown UIInterfaceOrientationLandscapeLeft UIInterfaceOrientationLandscapeRight";
				INFOPLIST_KEY_UISupportedInterfaceOrientations_iPhone = "UIInterfaceOrientationPortrait UIInterfaceOrientationLandscapeLeft UIInterfaceOrientationLandscapeRight";
				LD_RUNPATH_SEARCH_PATHS = (
					"$(inherited)",
					"@executable_path/Frameworks",
				);
				MARKETING_VERSION = 1.0;
				PRODUCT_BUNDLE_IDENTIFIER = Alice.threadTest;
				PRODUCT_NAME = "$(TARGET_NAME)";
				SWIFT_EMIT_LOC_STRINGS = YES;
				SWIFT_VERSION = 5.0;
				TARGETED_DEVICE_FAMILY = "1,2";
			};
			name = Release;
		};
		F91C526A2BF2177900340B62 /* Debug */ = {
			isa = XCBuildConfiguration;
			buildSettings = {
				ALWAYS_EMBED_SWIFT_STANDARD_LIBRARIES = YES;
				BUNDLE_LOADER = "$(TEST_HOST)";
				CODE_SIGN_STYLE = Automatic;
				CURRENT_PROJECT_VERSION = 1;
				DEVELOPMENT_TEAM = SM37WHUJB5;
				GENERATE_INFOPLIST_FILE = YES;
				IPHONEOS_DEPLOYMENT_TARGET = 17.4;
				MARKETING_VERSION = 1.0;
				PRODUCT_BUNDLE_IDENTIFIER = Alice.threadTestTests;
				PRODUCT_NAME = "$(TARGET_NAME)";
				SWIFT_EMIT_LOC_STRINGS = NO;
				SWIFT_VERSION = 5.0;
				TARGETED_DEVICE_FAMILY = "1,2";
				TEST_HOST = "$(BUILT_PRODUCTS_DIR)/threadTest.app/$(BUNDLE_EXECUTABLE_FOLDER_PATH)/threadTest";
			};
			name = Debug;
		};
		F91C526B2BF2177900340B62 /* Release */ = {
			isa = XCBuildConfiguration;
			buildSettings = {
				ALWAYS_EMBED_SWIFT_STANDARD_LIBRARIES = YES;
				BUNDLE_LOADER = "$(TEST_HOST)";
				CODE_SIGN_STYLE = Automatic;
				CURRENT_PROJECT_VERSION = 1;
				DEVELOPMENT_TEAM = SM37WHUJB5;
				GENERATE_INFOPLIST_FILE = YES;
				IPHONEOS_DEPLOYMENT_TARGET = 17.4;
				MARKETING_VERSION = 1.0;
				PRODUCT_BUNDLE_IDENTIFIER = Alice.threadTestTests;
				PRODUCT_NAME = "$(TARGET_NAME)";
				SWIFT_EMIT_LOC_STRINGS = NO;
				SWIFT_VERSION = 5.0;
				TARGETED_DEVICE_FAMILY = "1,2";
				TEST_HOST = "$(BUILT_PRODUCTS_DIR)/threadTest.app/$(BUNDLE_EXECUTABLE_FOLDER_PATH)/threadTest";
			};
			name = Release;
		};
		F91C526D2BF2177900340B62 /* Debug */ = {
			isa = XCBuildConfiguration;
			buildSettings = {
				ALWAYS_EMBED_SWIFT_STANDARD_LIBRARIES = YES;
				CODE_SIGN_STYLE = Automatic;
				CURRENT_PROJECT_VERSION = 1;
				DEVELOPMENT_TEAM = SM37WHUJB5;
				GENERATE_INFOPLIST_FILE = YES;
				MARKETING_VERSION = 1.0;
				PRODUCT_BUNDLE_IDENTIFIER = Alice.threadTestUITests;
				PRODUCT_NAME = "$(TARGET_NAME)";
				SWIFT_EMIT_LOC_STRINGS = NO;
				SWIFT_VERSION = 5.0;
				TARGETED_DEVICE_FAMILY = "1,2";
				TEST_TARGET_NAME = threadTest;
			};
			name = Debug;
		};
		F91C526E2BF2177900340B62 /* Release */ = {
			isa = XCBuildConfiguration;
			buildSettings = {
				ALWAYS_EMBED_SWIFT_STANDARD_LIBRARIES = YES;
				CODE_SIGN_STYLE = Automatic;
				CURRENT_PROJECT_VERSION = 1;
				DEVELOPMENT_TEAM = SM37WHUJB5;
				GENERATE_INFOPLIST_FILE = YES;
				MARKETING_VERSION = 1.0;
				PRODUCT_BUNDLE_IDENTIFIER = Alice.threadTestUITests;
				PRODUCT_NAME = "$(TARGET_NAME)";
				SWIFT_EMIT_LOC_STRINGS = NO;
				SWIFT_VERSION = 5.0;
				TARGETED_DEVICE_FAMILY = "1,2";
				TEST_TARGET_NAME = threadTest;
			};
			name = Release;
		};
/* End XCBuildConfiguration section */

/* Begin XCConfigurationList section */
		F91C52372BF2177700340B62 /* Build configuration list for PBXProject "threadTest" */ = {
			isa = XCConfigurationList;
			buildConfigurations = (
				F91C52642BF2177900340B62 /* Debug */,
				F91C52652BF2177900340B62 /* Release */,
			);
			defaultConfigurationIsVisible = 0;
			defaultConfigurationName = Release;
		};
		F91C52662BF2177900340B62 /* Build configuration list for PBXNativeTarget "threadTest" */ = {
			isa = XCConfigurationList;
			buildConfigurations = (
				F91C52672BF2177900340B62 /* Debug */,
				F91C52682BF2177900340B62 /* Release */,
			);
			defaultConfigurationIsVisible = 0;
			defaultConfigurationName = Release;
		};
		F91C52692BF2177900340B62 /* Build configuration list for PBXNativeTarget "threadTestTests" */ = {
			isa = XCConfigurationList;
			buildConfigurations = (
				F91C526A2BF2177900340B62 /* Debug */,
				F91C526B2BF2177900340B62 /* Release */,
			);
			defaultConfigurationIsVisible = 0;
			defaultConfigurationName = Release;
		};
		F91C526C2BF2177900340B62 /* Build configuration list for PBXNativeTarget "threadTestUITests" */ = {
			isa = XCConfigurationList;
			buildConfigurations = (
				F91C526D2BF2177900340B62 /* Debug */,
				F91C526E2BF2177900340B62 /* Release */,
			);
			defaultConfigurationIsVisible = 0;
			defaultConfigurationName = Release;
		};
/* End XCConfigurationList section */

/* Begin XCRemoteSwiftPackageReference section */
		F91C52742BF21F5200340B62 /* XCRemoteSwiftPackageReference "SnapKit" */ = {
			isa = XCRemoteSwiftPackageReference;
			repositoryURL = "https://github.com/SnapKit/SnapKit";
			requirement = {
				kind = upToNextMajorVersion;
				minimumVersion = 5.7.1;
			};
		};
/* End XCRemoteSwiftPackageReference section */

/* Begin XCSwiftPackageProductDependency section */
		F91C52752BF21F5200340B62 /* SnapKit */ = {
			isa = XCSwiftPackageProductDependency;
			package = F91C52742BF21F5200340B62 /* XCRemoteSwiftPackageReference "SnapKit" */;
			productName = SnapKit;
		};
		F91C52772BF21F5200340B62 /* SnapKit-Dynamic */ = {
			isa = XCSwiftPackageProductDependency;
			package = F91C52742BF21F5200340B62 /* XCRemoteSwiftPackageReference "SnapKit" */;
			productName = "SnapKit-Dynamic";
		};
/* End XCSwiftPackageProductDependency section */
	};
	rootObject = F91C52342BF2177700340B62 /* Project object */;
}
