PODS:
  - NMapsGeometry (1.0.2)
  - NMapsMap (3.18.1):
    - NMapsGeometry
  - SnapKit (5.7.1)

DEPENDENCIES:
  - NMapsMap
  - SnapKit

SPEC REPOS:
  trunk:
    - NMapsGeometry
    - NMapsMap
    - SnapKit

SPEC CHECKSUMS:
  NMapsGeometry: 4e02554fa9880ef02ed96b075dc84355d6352479
  NMapsMap: e879088eeee2d1e3b97f0a609076e1824dce2cad
  SnapKit: d612e99e678a2d3b95bf60b0705ed0a35c03484a

PODFILE CHECKSUM: 448b8b7a455fe8533526003c33462c4d49d1e0e3

COCOAPODS: 1.15.2
