// !$*UTF8*$!
{
	archiveVersion = 1;
	classes = {
	};
	objectVersion = 56;
	objects = {

/* Begin PBXBuildFile section */
		339150AA2BC7ACC600B73655 /* AppDelegate.swift in Sources */ = {isa = PBXBuildFile; fileRef = 339150A92BC7ACC600B73655 /* AppDelegate.swift */; };
		339150AC2BC7ACC600B73655 /* SceneDelegate.swift in Sources */ = {isa = PBXBuildFile; fileRef = 339150AB2BC7ACC600B73655 /* SceneDelegate.swift */; };
		339150AE2BC7ACC600B73655 /* ViewController.swift in Sources */ = {isa = PBXBuildFile; fileRef = 339150AD2BC7ACC600B73655 /* ViewController.swift */; };
		339150B32BC7ACC900B73655 /* Assets.xcassets in Resources */ = {isa = PBXBuildFile; fileRef = 339150B22BC7ACC900B73655 /* Assets.xcassets */; };
		339150B62BC7ACC900B73655 /* LaunchScreen.storyboard in Resources */ = {isa = PBXBuildFile; fileRef = 339150B42BC7ACC900B73655 /* LaunchScreen.storyboard */; };
		339150C12BC7ACC900B73655 /* BackGroundColorwithSnapkitTests.swift in Sources */ = {isa = PBXBuildFile; fileRef = 339150C02BC7ACC900B73655 /* BackGroundColorwithSnapkitTests.swift */; };
		339150CB2BC7ACC900B73655 /* BackGroundColorwithSnapkitUITests.swift in Sources */ = {isa = PBXBuildFile; fileRef = 339150CA2BC7ACC900B73655 /* BackGroundColorwithSnapkitUITests.swift */; };
		339150CD2BC7ACC900B73655 /* BackGroundColorwithSnapkitUITestsLaunchTests.swift in Sources */ = {isa = PBXBuildFile; fileRef = 339150CC2BC7ACC900B73655 /* BackGroundColorwithSnapkitUITestsLaunchTests.swift */; };
		F063AD97B1F818DAFB453995 /* Pods_BackGroundColorwithSnapkit.framework in Frameworks */ = {isa = PBXBuildFile; fileRef = 582BAF58B8E3A07B108B7519 /* Pods_BackGroundColorwithSnapkit.framework */; };
/* End PBXBuildFile section */

/* Begin PBXContainerItemProxy section */
		339150BD2BC7ACC900B73655 /* PBXContainerItemProxy */ = {
			isa = PBXContainerItemProxy;
			containerPortal = 3391509E2BC7ACC600B73655 /* Project object */;
			proxyType = 1;
			remoteGlobalIDString = 339150A52BC7ACC600B73655;
			remoteInfo = BackGroundColorwithSnapkit;
		};
		339150C72BC7ACC900B73655 /* PBXContainerItemProxy */ = {
			isa = PBXContainerItemProxy;
			containerPortal = 3391509E2BC7ACC600B73655 /* Project object */;
			proxyType = 1;
			remoteGlobalIDString = 339150A52BC7ACC600B73655;
			remoteInfo = BackGroundColorwithSnapkit;
		};
/* End PBXContainerItemProxy section */

/* Begin PBXFileReference section */
		2D2E1619CBF735705621BEEA /* Pods-BackGroundColorwithSnapkit.release.xcconfig */ = {isa = PBXFileReference; includeInIndex = 1; lastKnownFileType = text.xcconfig; name = "Pods-BackGroundColorwithSnapkit.release.xcconfig"; path = "Target Support Files/Pods-BackGroundColorwithSnapkit/Pods-BackGroundColorwithSnapkit.release.xcconfig"; sourceTree = "<group>"; };
		339150A62BC7ACC600B73655 /* BackGroundColorwithSnapkit.app */ = {isa = PBXFileReference; explicitFileType = wrapper.application; includeInIndex = 0; path = BackGroundColorwithSnapkit.app; sourceTree = BUILT_PRODUCTS_DIR; };
		339150A92BC7ACC600B73655 /* AppDelegate.swift */ = {isa = PBXFileReference; lastKnownFileType = sourcecode.swift; path = AppDelegate.swift; sourceTree = "<group>"; };
		339150AB2BC7ACC600B73655 /* SceneDelegate.swift */ = {isa = PBXFileReference; lastKnownFileType = sourcecode.swift; path = SceneDelegate.swift; sourceTree = "<group>"; };
		339150AD2BC7ACC600B73655 /* ViewController.swift */ = {isa = PBXFileReference; lastKnownFileType = sourcecode.swift; path = ViewController.swift; sourceTree = "<group>"; };
		339150B22BC7ACC900B73655 /* Assets.xcassets */ = {isa = PBXFileReference; lastKnownFileType = folder.assetcatalog; path = Assets.xcassets; sourceTree = "<group>"; };
		339150B52BC7ACC900B73655 /* Base */ = {isa = PBXFileReference; lastKnownFileType = file.storyboard; name = Base; path = Base.lproj/LaunchScreen.storyboard; sourceTree = "<group>"; };
		339150B72BC7ACC900B73655 /* Info.plist */ = {isa = PBXFileReference; lastKnownFileType = text.plist.xml; path = Info.plist; sourceTree = "<group>"; };
		339150BC2BC7ACC900B73655 /* BackGroundColorwithSnapkitTests.xctest */ = {isa = PBXFileReference; explicitFileType = wrapper.cfbundle; includeInIndex = 0; path = BackGroundColorwithSnapkitTests.xctest; sourceTree = BUILT_PRODUCTS_DIR; };
		339150C02BC7ACC900B73655 /* BackGroundColorwithSnapkitTests.swift */ = {isa = PBXFileReference; lastKnownFileType = sourcecode.swift; path = BackGroundColorwithSnapkitTests.swift; sourceTree = "<group>"; };
		339150C62BC7ACC900B73655 /* BackGroundColorwithSnapkitUITests.xctest */ = {isa = PBXFileReference; explicitFileType = wrapper.cfbundle; includeInIndex = 0; path = BackGroundColorwithSnapkitUITests.xctest; sourceTree = BUILT_PRODUCTS_DIR; };
		339150CA2BC7ACC900B73655 /* BackGroundColorwithSnapkitUITests.swift */ = {isa = PBXFileReference; lastKnownFileType = sourcecode.swift; path = BackGroundColorwithSnapkitUITests.swift; sourceTree = "<group>"; };
		339150CC2BC7ACC900B73655 /* BackGroundColorwithSnapkitUITestsLaunchTests.swift */ = {isa = PBXFileReference; lastKnownFileType = sourcecode.swift; path = BackGroundColorwithSnapkitUITestsLaunchTests.swift; sourceTree = "<group>"; };
		582BAF58B8E3A07B108B7519 /* Pods_BackGroundColorwithSnapkit.framework */ = {isa = PBXFileReference; explicitFileType = wrapper.framework; includeInIndex = 0; path = Pods_BackGroundColorwithSnapkit.framework; sourceTree = BUILT_PRODUCTS_DIR; };
		630880199D53B08F126521D0 /* Pods-BackGroundColorwithSnapkit.debug.xcconfig */ = {isa = PBXFileReference; includeInIndex = 1; lastKnownFileType = text.xcconfig; name = "Pods-BackGroundColorwithSnapkit.debug.xcconfig"; path = "Target Support Files/Pods-BackGroundColorwithSnapkit/Pods-BackGroundColorwithSnapkit.debug.xcconfig"; sourceTree = "<group>"; };
/* End PBXFileReference section */

/* Begin PBXFrameworksBuildPhase section */
		339150A32BC7ACC600B73655 /* Frameworks */ = {
			isa = PBXFrameworksBuildPhase;
			buildActionMask = 2147483647;
			files = (
				F063AD97B1F818DAFB453995 /* Pods_BackGroundColorwithSnapkit.framework in Frameworks */,
			);
			runOnlyForDeploymentPostprocessing = 0;
		};
		339150B92BC7ACC900B73655 /* Frameworks */ = {
			isa = PBXFrameworksBuildPhase;
			buildActionMask = 2147483647;
			files = (
			);
			runOnlyForDeploymentPostprocessing = 0;
		};
		339150C32BC7ACC900B73655 /* Frameworks */ = {
			isa = PBXFrameworksBuildPhase;
			buildActionMask = 2147483647;
			files = (
			);
			runOnlyForDeploymentPostprocessing = 0;
		};
/* End PBXFrameworksBuildPhase section */

/* Begin PBXGroup section */
		3391509D2BC7ACC600B73655 = {
			isa = PBXGroup;
			children = (
				339150A82BC7ACC600B73655 /* BackGroundColorwithSnapkit */,
				339150BF2BC7ACC900B73655 /* BackGroundColorwithSnapkitTests */,
				339150C92BC7ACC900B73655 /* BackGroundColorwithSnapkitUITests */,
				339150A72BC7ACC600B73655 /* Products */,
				E8E166D92639B1AB9C526F7C /* Pods */,
				9009AD426670C7307A6A249A /* Frameworks */,
			);
			sourceTree = "<group>";
		};
		339150A72BC7ACC600B73655 /* Products */ = {
			isa = PBXGroup;
			children = (
				339150A62BC7ACC600B73655 /* BackGroundColorwithSnapkit.app */,
				339150BC2BC7ACC900B73655 /* BackGroundColorwithSnapkitTests.xctest */,
				339150C62BC7ACC900B73655 /* BackGroundColorwithSnapkitUITests.xctest */,
			);
			name = Products;
			sourceTree = "<group>";
		};
		339150A82BC7ACC600B73655 /* BackGroundColorwithSnapkit */ = {
			isa = PBXGroup;
			children = (
				339150A92BC7ACC600B73655 /* AppDelegate.swift */,
				339150AB2BC7ACC600B73655 /* SceneDelegate.swift */,
				339150AD2BC7ACC600B73655 /* ViewController.swift */,
				339150B22BC7ACC900B73655 /* Assets.xcassets */,
				339150B42BC7ACC900B73655 /* LaunchScreen.storyboard */,
				339150B72BC7ACC900B73655 /* Info.plist */,
			);
			path = BackGroundColorwithSnapkit;
			sourceTree = "<group>";
		};
		339150BF2BC7ACC900B73655 /* BackGroundColorwithSnapkitTests */ = {
			isa = PBXGroup;
			children = (
				339150C02BC7ACC900B73655 /* BackGroundColorwithSnapkitTests.swift */,
			);
			path = BackGroundColorwithSnapkitTests;
			sourceTree = "<group>";
		};
		339150C92BC7ACC900B73655 /* BackGroundColorwithSnapkitUITests */ = {
			isa = PBXGroup;
			children = (
				339150CA2BC7ACC900B73655 /* BackGroundColorwithSnapkitUITests.swift */,
				339150CC2BC7ACC900B73655 /* BackGroundColorwithSnapkitUITestsLaunchTests.swift */,
			);
			path = BackGroundColorwithSnapkitUITests;
			sourceTree = "<group>";
		};
		9009AD426670C7307A6A249A /* Frameworks */ = {
			isa = PBXGroup;
			children = (
				582BAF58B8E3A07B108B7519 /* Pods_BackGroundColorwithSnapkit.framework */,
			);
			name = Frameworks;
			sourceTree = "<group>";
		};
		E8E166D92639B1AB9C526F7C /* Pods */ = {
			isa = PBXGroup;
			children = (
				630880199D53B08F126521D0 /* Pods-BackGroundColorwithSnapkit.debug.xcconfig */,
				2D2E1619CBF735705621BEEA /* Pods-BackGroundColorwithSnapkit.release.xcconfig */,
			);
			path = Pods;
			sourceTree = "<group>";
		};
/* End PBXGroup section */

/* Begin PBXNativeTarget section */
		339150A52BC7ACC600B73655 /* BackGroundColorwithSnapkit */ = {
			isa = PBXNativeTarget;
			buildConfigurationList = 339150D02BC7ACC900B73655 /* Build configuration list for PBXNativeTarget "BackGroundColorwithSnapkit" */;
			buildPhases = (
				A62EA01258AED9E9FE286C62 /* [CP] Check Pods Manifest.lock */,
				339150A22BC7ACC600B73655 /* Sources */,
				339150A32BC7ACC600B73655 /* Frameworks */,
				339150A42BC7ACC600B73655 /* Resources */,
				AA43B3BBEB1923E4C8D6299A /* [CP] Embed Pods Frameworks */,
			);
			buildRules = (
			);
			dependencies = (
			);
			name = BackGroundColorwithSnapkit;
			productName = BackGroundColorwithSnapkit;
			productReference = 339150A62BC7ACC600B73655 /* BackGroundColorwithSnapkit.app */;
			productType = "com.apple.product-type.application";
		};
		339150BB2BC7ACC900B73655 /* BackGroundColorwithSnapkitTests */ = {
			isa = PBXNativeTarget;
			buildConfigurationList = 339150D32BC7ACC900B73655 /* Build configuration list for PBXNativeTarget "BackGroundColorwithSnapkitTests" */;
			buildPhases = (
				339150B82BC7ACC900B73655 /* Sources */,
				339150B92BC7ACC900B73655 /* Frameworks */,
				339150BA2BC7ACC900B73655 /* Resources */,
			);
			buildRules = (
			);
			dependencies = (
				339150BE2BC7ACC900B73655 /* PBXTargetDependency */,
			);
			name = BackGroundColorwithSnapkitTests;
			productName = BackGroundColorwithSnapkitTests;
			productReference = 339150BC2BC7ACC900B73655 /* BackGroundColorwithSnapkitTests.xctest */;
			productType = "com.apple.product-type.bundle.unit-test";
		};
		339150C52BC7ACC900B73655 /* BackGroundColorwithSnapkitUITests */ = {
			isa = PBXNativeTarget;
			buildConfigurationList = 339150D62BC7ACC900B73655 /* Build configuration list for PBXNativeTarget "BackGroundColorwithSnapkitUITests" */;
			buildPhases = (
				339150C22BC7ACC900B73655 /* Sources */,
				339150C32BC7ACC900B73655 /* Frameworks */,
				339150C42BC7ACC900B73655 /* Resources */,
			);
			buildRules = (
			);
			dependencies = (
				339150C82BC7ACC900B73655 /* PBXTargetDependency */,
			);
			name = BackGroundColorwithSnapkitUITests;
			productName = BackGroundColorwithSnapkitUITests;
			productReference = 339150C62BC7ACC900B73655 /* BackGroundColorwithSnapkitUITests.xctest */;
			productType = "com.apple.product-type.bundle.ui-testing";
		};
/* End PBXNativeTarget section */

/* Begin PBXProject section */
		3391509E2BC7ACC600B73655 /* Project object */ = {
			isa = PBXProject;
			attributes = {
				BuildIndependentTargetsInParallel = 1;
				LastSwiftUpdateCheck = 1510;
				LastUpgradeCheck = 1510;
				TargetAttributes = {
					339150A52BC7ACC600B73655 = {
						CreatedOnToolsVersion = 15.1;
					};
					339150BB2BC7ACC900B73655 = {
						CreatedOnToolsVersion = 15.1;
						TestTargetID = 339150A52BC7ACC600B73655;
					};
					339150C52BC7ACC900B73655 = {
						CreatedOnToolsVersion = 15.1;
						TestTargetID = 339150A52BC7ACC600B73655;
					};
				};
			};
			buildConfigurationList = 339150A12BC7ACC600B73655 /* Build configuration list for PBXProject "BackGroundColorwithSnapkit" */;
			compatibilityVersion = "Xcode 14.0";
			developmentRegion = en;
			hasScannedForEncodings = 0;
			knownRegions = (
				en,
				Base,
			);
			mainGroup = 3391509D2BC7ACC600B73655;
			productRefGroup = 339150A72BC7ACC600B73655 /* Products */;
			projectDirPath = "";
			projectRoot = "";
			targets = (
				339150A52BC7ACC600B73655 /* BackGroundColorwithSnapkit */,
				339150BB2BC7ACC900B73655 /* BackGroundColorwithSnapkitTests */,
				339150C52BC7ACC900B73655 /* BackGroundColorwithSnapkitUITests */,
			);
		};
/* End PBXProject section */

/* Begin PBXResourcesBuildPhase section */
		339150A42BC7ACC600B73655 /* Resources */ = {
			isa = PBXResourcesBuildPhase;
			buildActionMask = 2147483647;
			files = (
				339150B62BC7ACC900B73655 /* LaunchScreen.storyboard in Resources */,
				339150B32BC7ACC900B73655 /* Assets.xcassets in Resources */,
			);
			runOnlyForDeploymentPostprocessing = 0;
		};
		339150BA2BC7ACC900B73655 /* Resources */ = {
			isa = PBXResourcesBuildPhase;
			buildActionMask = 2147483647;
			files = (
			);
			runOnlyForDeploymentPostprocessing = 0;
		};
		339150C42BC7ACC900B73655 /* Resources */ = {
			isa = PBXResourcesBuildPhase;
			buildActionMask = 2147483647;
			files = (
			);
			runOnlyForDeploymentPostprocessing = 0;
		};
/* End PBXResourcesBuildPhase section */

/* Begin PBXShellScriptBuildPhase section */
		A62EA01258AED9E9FE286C62 /* [CP] Check Pods Manifest.lock */ = {
			isa = PBXShellScriptBuildPhase;
			buildActionMask = 2147483647;
			files = (
			);
			inputFileListPaths = (
			);
			inputPaths = (
				"${PODS_PODFILE_DIR_PATH}/Podfile.lock",
				"${PODS_ROOT}/Manifest.lock",
			);
			name = "[CP] Check Pods Manifest.lock";
			outputFileListPaths = (
			);
			outputPaths = (
				"$(DERIVED_FILE_DIR)/Pods-BackGroundColorwithSnapkit-checkManifestLockResult.txt",
			);
			runOnlyForDeploymentPostprocessing = 0;
			shellPath = /bin/sh;
			shellScript = "diff \"${PODS_PODFILE_DIR_PATH}/Podfile.lock\" \"${PODS_ROOT}/Manifest.lock\" > /dev/null\nif [ $? != 0 ] ; then\n    # print error to STDERR\n    echo \"error: The sandbox is not in sync with the Podfile.lock. Run 'pod install' or update your CocoaPods installation.\" >&2\n    exit 1\nfi\n# This output is used by Xcode 'outputs' to avoid re-running this script phase.\necho \"SUCCESS\" > \"${SCRIPT_OUTPUT_FILE_0}\"\n";
			showEnvVarsInLog = 0;
		};
		AA43B3BBEB1923E4C8D6299A /* [CP] Embed Pods Frameworks */ = {
			isa = PBXShellScriptBuildPhase;
			buildActionMask = 2147483647;
			files = (
			);
			inputFileListPaths = (
				"${PODS_ROOT}/Target Support Files/Pods-BackGroundColorwithSnapkit/Pods-BackGroundColorwithSnapkit-frameworks-${CONFIGURATION}-input-files.xcfilelist",
			);
			name = "[CP] Embed Pods Frameworks";
			outputFileListPaths = (
				"${PODS_ROOT}/Target Support Files/Pods-BackGroundColorwithSnapkit/Pods-BackGroundColorwithSnapkit-frameworks-${CONFIGURATION}-output-files.xcfilelist",
			);
			runOnlyForDeploymentPostprocessing = 0;
			shellPath = /bin/sh;
			shellScript = "\"${PODS_ROOT}/Target Support Files/Pods-BackGroundColorwithSnapkit/Pods-BackGroundColorwithSnapkit-frameworks.sh\"\n";
			showEnvVarsInLog = 0;
		};
/* End PBXShellScriptBuildPhase section */

/* Begin PBXSourcesBuildPhase section */
		339150A22BC7ACC600B73655 /* Sources */ = {
			isa = PBXSourcesBuildPhase;
			buildActionMask = 2147483647;
			files = (
				339150AE2BC7ACC600B73655 /* ViewController.swift in Sources */,
				339150AA2BC7ACC600B73655 /* AppDelegate.swift in Sources */,
				339150AC2BC7ACC600B73655 /* SceneDelegate.swift in Sources */,
			);
			runOnlyForDeploymentPostprocessing = 0;
		};
		339150B82BC7ACC900B73655 /* Sources */ = {
			isa = PBXSourcesBuildPhase;
			buildActionMask = 2147483647;
			files = (
				339150C12BC7ACC900B73655 /* BackGroundColorwithSnapkitTests.swift in Sources */,
			);
			runOnlyForDeploymentPostprocessing = 0;
		};
		339150C22BC7ACC900B73655 /* Sources */ = {
			isa = PBXSourcesBuildPhase;
			buildActionMask = 2147483647;
			files = (
				339150CB2BC7ACC900B73655 /* BackGroundColorwithSnapkitUITests.swift in Sources */,
				339150CD2BC7ACC900B73655 /* BackGroundColorwithSnapkitUITestsLaunchTests.swift in Sources */,
			);
			runOnlyForDeploymentPostprocessing = 0;
		};
/* End PBXSourcesBuildPhase section */

/* Begin PBXTargetDependency section */
		339150BE2BC7ACC900B73655 /* PBXTargetDependency */ = {
			isa = PBXTargetDependency;
			target = 339150A52BC7ACC600B73655 /* BackGroundColorwithSnapkit */;
			targetProxy = 339150BD2BC7ACC900B73655 /* PBXContainerItemProxy */;
		};
		339150C82BC7ACC900B73655 /* PBXTargetDependency */ = {
			isa = PBXTargetDependency;
			target = 339150A52BC7ACC600B73655 /* BackGroundColorwithSnapkit */;
			targetProxy = 339150C72BC7ACC900B73655 /* PBXContainerItemProxy */;
		};
/* End PBXTargetDependency section */

/* Begin PBXVariantGroup section */
		339150B42BC7ACC900B73655 /* LaunchScreen.storyboard */ = {
			isa = PBXVariantGroup;
			children = (
				339150B52BC7ACC900B73655 /* Base */,
			);
			name = LaunchScreen.storyboard;
			sourceTree = "<group>";
		};
/* End PBXVariantGroup section */

/* Begin XCBuildConfiguration section */
		339150CE2BC7ACC900B73655 /* Debug */ = {
			isa = XCBuildConfiguration;
			buildSettings = {
				ALWAYS_SEARCH_USER_PATHS = NO;
				ASSETCATALOG_COMPILER_GENERATE_SWIFT_ASSET_SYMBOL_EXTENSIONS = YES;
				CLANG_ANALYZER_NONNULL = YES;
				CLANG_ANALYZER_NUMBER_OBJECT_CONVERSION = YES_AGGRESSIVE;
				CLANG_CXX_LANGUAGE_STANDARD = "gnu++20";
				CLANG_ENABLE_MODULES = YES;
				CLANG_ENABLE_OBJC_ARC = YES;
				CLANG_ENABLE_OBJC_WEAK = YES;
				CLANG_WARN_BLOCK_CAPTURE_AUTORELEASING = YES;
				CLANG_WARN_BOOL_CONVERSION = YES;
				CLANG_WARN_COMMA = YES;
				CLANG_WARN_CONSTANT_CONVERSION = YES;
				CLANG_WARN_DEPRECATED_OBJC_IMPLEMENTATIONS = YES;
				CLANG_WARN_DIRECT_OBJC_ISA_USAGE = YES_ERROR;
				CLANG_WARN_DOCUMENTATION_COMMENTS = YES;
				CLANG_WARN_EMPTY_BODY = YES;
				CLANG_WARN_ENUM_CONVERSION = YES;
				CLANG_WARN_INFINITE_RECURSION = YES;
				CLANG_WARN_INT_CONVERSION = YES;
				CLANG_WARN_NON_LITERAL_NULL_CONVERSION = YES;
				CLANG_WARN_OBJC_IMPLICIT_RETAIN_SELF = YES;
				CLANG_WARN_OBJC_LITERAL_CONVERSION = YES;
				CLANG_WARN_OBJC_ROOT_CLASS = YES_ERROR;
				CLANG_WARN_QUOTED_INCLUDE_IN_FRAMEWORK_HEADER = YES;
				CLANG_WARN_RANGE_LOOP_ANALYSIS = YES;
				CLANG_WARN_STRICT_PROTOTYPES = YES;
				CLANG_WARN_SUSPICIOUS_MOVE = YES;
				CLANG_WARN_UNGUARDED_AVAILABILITY = YES_AGGRESSIVE;
				CLANG_WARN_UNREACHABLE_CODE = YES;
				CLANG_WARN__DUPLICATE_METHOD_MATCH = YES;
				COPY_PHASE_STRIP = NO;
				DEBUG_INFORMATION_FORMAT = dwarf;
				ENABLE_STRICT_OBJC_MSGSEND = YES;
				ENABLE_TESTABILITY = YES;
				ENABLE_USER_SCRIPT_SANDBOXING = YES;
				GCC_C_LANGUAGE_STANDARD = gnu17;
				GCC_DYNAMIC_NO_PIC = NO;
				GCC_NO_COMMON_BLOCKS = YES;
				GCC_OPTIMIZATION_LEVEL = 0;
				GCC_PREPROCESSOR_DEFINITIONS = (
					"DEBUG=1",
					"$(inherited)",
				);
				GCC_WARN_64_TO_32_BIT_CONVERSION = YES;
				GCC_WARN_ABOUT_RETURN_TYPE = YES_ERROR;
				GCC_WARN_UNDECLARED_SELECTOR = YES;
				GCC_WARN_UNINITIALIZED_AUTOS = YES_AGGRESSIVE;
				GCC_WARN_UNUSED_FUNCTION = YES;
				GCC_WARN_UNUSED_VARIABLE = YES;
				IPHONEOS_DEPLOYMENT_TARGET = 17.2;
				LOCALIZATION_PREFERS_STRING_CATALOGS = YES;
				MTL_ENABLE_DEBUG_INFO = INCLUDE_SOURCE;
				MTL_FAST_MATH = YES;
				ONLY_ACTIVE_ARCH = YES;
				SDKROOT = iphoneos;
				SWIFT_ACTIVE_COMPILATION_CONDITIONS = "DEBUG $(inherited)";
				SWIFT_OPTIMIZATION_LEVEL = "-Onone";
			};
			name = Debug;
		};
		339150CF2BC7ACC900B73655 /* Release */ = {
			isa = XCBuildConfiguration;
			buildSettings = {
				ALWAYS_SEARCH_USER_PATHS = NO;
				ASSETCATALOG_COMPILER_GENERATE_SWIFT_ASSET_SYMBOL_EXTENSIONS = YES;
				CLANG_ANALYZER_NONNULL = YES;
				CLANG_ANALYZER_NUMBER_OBJECT_CONVERSION = YES_AGGRESSIVE;
				CLANG_CXX_LANGUAGE_STANDARD = "gnu++20";
				CLANG_ENABLE_MODULES = YES;
				CLANG_ENABLE_OBJC_ARC = YES;
				CLANG_ENABLE_OBJC_WEAK = YES;
				CLANG_WARN_BLOCK_CAPTURE_AUTORELEASING = YES;
				CLANG_WARN_BOOL_CONVERSION = YES;
				CLANG_WARN_COMMA = YES;
				CLANG_WARN_CONSTANT_CONVERSION = YES;
				CLANG_WARN_DEPRECATED_OBJC_IMPLEMENTATIONS = YES;
				CLANG_WARN_DIRECT_OBJC_ISA_USAGE = YES_ERROR;
				CLANG_WARN_DOCUMENTATION_COMMENTS = YES;
				CLANG_WARN_EMPTY_BODY = YES;
				CLANG_WARN_ENUM_CONVERSION = YES;
				CLANG_WARN_INFINITE_RECURSION = YES;
				CLANG_WARN_INT_CONVERSION = YES;
				CLANG_WARN_NON_LITERAL_NULL_CONVERSION = YES;
				CLANG_WARN_OBJC_IMPLICIT_RETAIN_SELF = YES;
				CLANG_WARN_OBJC_LITERAL_CONVERSION = YES;
				CLANG_WARN_OBJC_ROOT_CLASS = YES_ERROR;
				CLANG_WARN_QUOTED_INCLUDE_IN_FRAMEWORK_HEADER = YES;
				CLANG_WARN_RANGE_LOOP_ANALYSIS = YES;
				CLANG_WARN_STRICT_PROTOTYPES = YES;
				CLANG_WARN_SUSPICIOUS_MOVE = YES;
				CLANG_WARN_UNGUARDED_AVAILABILITY = YES_AGGRESSIVE;
				CLANG_WARN_UNREACHABLE_CODE = YES;
				CLANG_WARN__DUPLICATE_METHOD_MATCH = YES;
				COPY_PHASE_STRIP = NO;
				DEBUG_INFORMATION_FORMAT = "dwarf-with-dsym";
				ENABLE_NS_ASSERTIONS = NO;
				ENABLE_STRICT_OBJC_MSGSEND = YES;
				ENABLE_USER_SCRIPT_SANDBOXING = YES;
				GCC_C_LANGUAGE_STANDARD = gnu17;
				GCC_NO_COMMON_BLOCKS = YES;
				GCC_WARN_64_TO_32_BIT_CONVERSION = YES;
				GCC_WARN_ABOUT_RETURN_TYPE = YES_ERROR;
				GCC_WARN_UNDECLARED_SELECTOR = YES;
				GCC_WARN_UNINITIALIZED_AUTOS = YES_AGGRESSIVE;
				GCC_WARN_UNUSED_FUNCTION = YES;
				GCC_WARN_UNUSED_VARIABLE = YES;
				IPHONEOS_DEPLOYMENT_TARGET = 17.2;
				LOCALIZATION_PREFERS_STRING_CATALOGS = YES;
				MTL_ENABLE_DEBUG_INFO = NO;
				MTL_FAST_MATH = YES;
				SDKROOT = iphoneos;
				SWIFT_COMPILATION_MODE = wholemodule;
				VALIDATE_PRODUCT = YES;
			};
			name = Release;
		};
		339150D12BC7ACC900B73655 /* Debug */ = {
			isa = XCBuildConfiguration;
			baseConfigurationReference = 630880199D53B08F126521D0 /* Pods-BackGroundColorwithSnapkit.debug.xcconfig */;
			buildSettings = {
				ASSETCATALOG_COMPILER_APPICON_NAME = AppIcon;
				ASSETCATALOG_COMPILER_GLOBAL_ACCENT_COLOR_NAME = AccentColor;
				CODE_SIGN_STYLE = Automatic;
				CURRENT_PROJECT_VERSION = 1;
				ENABLE_USER_SCRIPT_SANDBOXING = NO;
				GENERATE_INFOPLIST_FILE = YES;
				INFOPLIST_FILE = BackGroundColorwithSnapkit/Info.plist;
				INFOPLIST_KEY_UIApplicationSupportsIndirectInputEvents = YES;
				INFOPLIST_KEY_UILaunchStoryboardName = LaunchScreen;
				INFOPLIST_KEY_UISupportedInterfaceOrientations_iPad = "UIInterfaceOrientationPortrait UIInterfaceOrientationPortraitUpsideDown UIInterfaceOrientationLandscapeLeft UIInterfaceOrientationLandscapeRight";
				INFOPLIST_KEY_UISupportedInterfaceOrientations_iPhone = "UIInterfaceOrientationPortrait UIInterfaceOrientationLandscapeLeft UIInterfaceOrientationLandscapeRight";
				LD_RUNPATH_SEARCH_PATHS = (
					"$(inherited)",
					"@executable_path/Frameworks",
				);
				MARKETING_VERSION = 1.0;
				PRODUCT_BUNDLE_IDENTIFIER = url.BackGroundColorwithSnapkit;
				PRODUCT_NAME = "$(TARGET_NAME)";
				SWIFT_EMIT_LOC_STRINGS = YES;
				SWIFT_VERSION = 5.0;
				TARGETED_DEVICE_FAMILY = "1,2";
			};
			name = Debug;
		};
		339150D22BC7ACC900B73655 /* Release */ = {
			isa = XCBuildConfiguration;
			baseConfigurationReference = 2D2E1619CBF735705621BEEA /* Pods-BackGroundColorwithSnapkit.release.xcconfig */;
			buildSettings = {
				ASSETCATALOG_COMPILER_APPICON_NAME = AppIcon;
				ASSETCATALOG_COMPILER_GLOBAL_ACCENT_COLOR_NAME = AccentColor;
				CODE_SIGN_STYLE = Automatic;
				CURRENT_PROJECT_VERSION = 1;
				ENABLE_USER_SCRIPT_SANDBOXING = NO;
				GENERATE_INFOPLIST_FILE = YES;
				INFOPLIST_FILE = BackGroundColorwithSnapkit/Info.plist;
				INFOPLIST_KEY_UIApplicationSupportsIndirectInputEvents = YES;
				INFOPLIST_KEY_UILaunchStoryboardName = LaunchScreen;
				INFOPLIST_KEY_UISupportedInterfaceOrientations_iPad = "UIInterfaceOrientationPortrait UIInterfaceOrientationPortraitUpsideDown UIInterfaceOrientationLandscapeLeft UIInterfaceOrientationLandscapeRight";
				INFOPLIST_KEY_UISupportedInterfaceOrientations_iPhone = "UIInterfaceOrientationPortrait UIInterfaceOrientationLandscapeLeft UIInterfaceOrientationLandscapeRight";
				LD_RUNPATH_SEARCH_PATHS = (
					"$(inherited)",
					"@executable_path/Frameworks",
				);
				MARKETING_VERSION = 1.0;
				PRODUCT_BUNDLE_IDENTIFIER = url.BackGroundColorwithSnapkit;
				PRODUCT_NAME = "$(TARGET_NAME)";
				SWIFT_EMIT_LOC_STRINGS = YES;
				SWIFT_VERSION = 5.0;
				TARGETED_DEVICE_FAMILY = "1,2";
			};
			name = Release;
		};
		339150D42BC7ACC900B73655 /* Debug */ = {
			isa = XCBuildConfiguration;
			buildSettings = {
				ALWAYS_EMBED_SWIFT_STANDARD_LIBRARIES = YES;
				BUNDLE_LOADER = "$(TEST_HOST)";
				CODE_SIGN_STYLE = Automatic;
				CURRENT_PROJECT_VERSION = 1;
				GENERATE_INFOPLIST_FILE = YES;
				IPHONEOS_DEPLOYMENT_TARGET = 17.2;
				MARKETING_VERSION = 1.0;
				PRODUCT_BUNDLE_IDENTIFIER = url.BackGroundColorwithSnapkitTests;
				PRODUCT_NAME = "$(TARGET_NAME)";
				SWIFT_EMIT_LOC_STRINGS = NO;
				SWIFT_VERSION = 5.0;
				TARGETED_DEVICE_FAMILY = "1,2";
				TEST_HOST = "$(BUILT_PRODUCTS_DIR)/BackGroundColorwithSnapkit.app/$(BUNDLE_EXECUTABLE_FOLDER_PATH)/BackGroundColorwithSnapkit";
			};
			name = Debug;
		};
		339150D52BC7ACC900B73655 /* Release */ = {
			isa = XCBuildConfiguration;
			buildSettings = {
				ALWAYS_EMBED_SWIFT_STANDARD_LIBRARIES = YES;
				BUNDLE_LOADER = "$(TEST_HOST)";
				CODE_SIGN_STYLE = Automatic;
				CURRENT_PROJECT_VERSION = 1;
				GENERATE_INFOPLIST_FILE = YES;
				IPHONEOS_DEPLOYMENT_TARGET = 17.2;
				MARKETING_VERSION = 1.0;
				PRODUCT_BUNDLE_IDENTIFIER = url.BackGroundColorwithSnapkitTests;
				PRODUCT_NAME = "$(TARGET_NAME)";
				SWIFT_EMIT_LOC_STRINGS = NO;
				SWIFT_VERSION = 5.0;
				TARGETED_DEVICE_FAMILY = "1,2";
				TEST_HOST = "$(BUILT_PRODUCTS_DIR)/BackGroundColorwithSnapkit.app/$(BUNDLE_EXECUTABLE_FOLDER_PATH)/BackGroundColorwithSnapkit";
			};
			name = Release;
		};
		339150D72BC7ACC900B73655 /* Debug */ = {
			isa = XCBuildConfiguration;
			buildSettings = {
				ALWAYS_EMBED_SWIFT_STANDARD_LIBRARIES = YES;
				CODE_SIGN_STYLE = Automatic;
				CURRENT_PROJECT_VERSION = 1;
				GENERATE_INFOPLIST_FILE = YES;
				MARKETING_VERSION = 1.0;
				PRODUCT_BUNDLE_IDENTIFIER = url.BackGroundColorwithSnapkitUITests;
				PRODUCT_NAME = "$(TARGET_NAME)";
				SWIFT_EMIT_LOC_STRINGS = NO;
				SWIFT_VERSION = 5.0;
				TARGETED_DEVICE_FAMILY = "1,2";
				TEST_TARGET_NAME = BackGroundColorwithSnapkit;
			};
			name = Debug;
		};
		339150D82BC7ACC900B73655 /* Release */ = {
			isa = XCBuildConfiguration;
			buildSettings = {
				ALWAYS_EMBED_SWIFT_STANDARD_LIBRARIES = YES;
				CODE_SIGN_STYLE = Automatic;
				CURRENT_PROJECT_VERSION = 1;
				GENERATE_INFOPLIST_FILE = YES;
				MARKETING_VERSION = 1.0;
				PRODUCT_BUNDLE_IDENTIFIER = url.BackGroundColorwithSnapkitUITests;
				PRODUCT_NAME = "$(TARGET_NAME)";
				SWIFT_EMIT_LOC_STRINGS = NO;
				SWIFT_VERSION = 5.0;
				TARGETED_DEVICE_FAMILY = "1,2";
				TEST_TARGET_NAME = BackGroundColorwithSnapkit;
			};
			name = Release;
		};
/* End XCBuildConfiguration section */

/* Begin XCConfigurationList section */
		339150A12BC7ACC600B73655 /* Build configuration list for PBXProject "BackGroundColorwithSnapkit" */ = {
			isa = XCConfigurationList;
			buildConfigurations = (
				339150CE2BC7ACC900B73655 /* Debug */,
				339150CF2BC7ACC900B73655 /* Release */,
			);
			defaultConfigurationIsVisible = 0;
			defaultConfigurationName = Release;
		};
		339150D02BC7ACC900B73655 /* Build configuration list for PBXNativeTarget "BackGroundColorwithSnapkit" */ = {
			isa = XCConfigurationList;
			buildConfigurations = (
				339150D12BC7ACC900B73655 /* Debug */,
				339150D22BC7ACC900B73655 /* Release */,
			);
			defaultConfigurationIsVisible = 0;
			defaultConfigurationName = Release;
		};
		339150D32BC7ACC900B73655 /* Build configuration list for PBXNativeTarget "BackGroundColorwithSnapkitTests" */ = {
			isa = XCConfigurationList;
			buildConfigurations = (
				339150D42BC7ACC900B73655 /* Debug */,
				339150D52BC7ACC900B73655 /* Release */,
			);
			defaultConfigurationIsVisible = 0;
			defaultConfigurationName = Release;
		};
		339150D62BC7ACC900B73655 /* Build configuration list for PBXNativeTarget "BackGroundColorwithSnapkitUITests" */ = {
			isa = XCConfigurationList;
			buildConfigurations = (
				339150D72BC7ACC900B73655 /* Debug */,
				339150D82BC7ACC900B73655 /* Release */,
			);
			defaultConfigurationIsVisible = 0;
			defaultConfigurationName = Release;
		};
/* End XCConfigurationList section */
	};
	rootObject = 3391509E2BC7ACC600B73655 /* Project object */;
}
