// !$*UTF8*$!
{
	archiveVersion = 1;
	classes = {
	};
	objectVersion = 56;
	objects = {

/* Begin PBXBuildFile section */
		3374EC142C0A4C1E00A38256 /* AppDelegate.swift in Sources */ = {isa = PBXBuildFile; fileRef = 3374EC132C0A4C1E00A38256 /* AppDelegate.swift */; };
		3374EC162C0A4C1E00A38256 /* SceneDelegate.swift in Sources */ = {isa = PBXBuildFile; fileRef = 3374EC152C0A4C1E00A38256 /* SceneDelegate.swift */; };
		3374EC182C0A4C1E00A38256 /* AViewController.swift in Sources */ = {isa = PBXBuildFile; fileRef = 3374EC172C0A4C1E00A38256 /* AViewController.swift */; };
		3374EC1D2C0A4C2000A38256 /* Assets.xcassets in Resources */ = {isa = PBXBuildFile; fileRef = 3374EC1C2C0A4C2000A38256 /* Assets.xcassets */; };
		3374EC202C0A4C2000A38256 /* LaunchScreen.storyboard in Resources */ = {isa = PBXBuildFile; fileRef = 3374EC1E2C0A4C2000A38256 /* LaunchScreen.storyboard */; };
		3374EC2B2C0A4C2000A38256 /* PhotoPickerTests.swift in Sources */ = {isa = PBXBuildFile; fileRef = 3374EC2A2C0A4C2000A38256 /* PhotoPickerTests.swift */; };
		3374EC352C0A4C2000A38256 /* PhotoPickerUITests.swift in Sources */ = {isa = PBXBuildFile; fileRef = 3374EC342C0A4C2000A38256 /* PhotoPickerUITests.swift */; };
		3374EC372C0A4C2000A38256 /* PhotoPickerUITestsLaunchTests.swift in Sources */ = {isa = PBXBuildFile; fileRef = 3374EC362C0A4C2000A38256 /* PhotoPickerUITestsLaunchTests.swift */; };
		3374EC442C0AB92E00A38256 /* TabBar.swift in Sources */ = {isa = PBXBuildFile; fileRef = 3374EC432C0AB92E00A38256 /* TabBar.swift */; };
		3374EC462C0AB9E700A38256 /* BViewController.swift in Sources */ = {isa = PBXBuildFile; fileRef = 3374EC452C0AB9E700A38256 /* BViewController.swift */; };
		3374EC482C0ABC3600A38256 /* AlbumView.swift in Sources */ = {isa = PBXBuildFile; fileRef = 3374EC472C0ABC3600A38256 /* AlbumView.swift */; };
		3374EC4B2C0ABE0300A38256 /* SnapKit in Frameworks */ = {isa = PBXBuildFile; productRef = 3374EC4A2C0ABE0300A38256 /* SnapKit */; };
		3374EC4D2C0AC02B00A38256 /* PhotoPickerManager.swift in Sources */ = {isa = PBXBuildFile; fileRef = 3374EC4C2C0AC02B00A38256 /* PhotoPickerManager.swift */; };
		3374EC8E2C0ADC1400A38256 /* CViewController.swift in Sources */ = {isa = PBXBuildFile; fileRef = 3374EC8D2C0ADC1400A38256 /* CViewController.swift */; };
/* End PBXBuildFile section */

/* Begin PBXContainerItemProxy section */
		3374EC272C0A4C2000A38256 /* PBXContainerItemProxy */ = {
			isa = PBXContainerItemProxy;
			containerPortal = 3374EC082C0A4C1E00A38256 /* Project object */;
			proxyType = 1;
			remoteGlobalIDString = 3374EC0F2C0A4C1E00A38256;
			remoteInfo = PhotoPicker;
		};
		3374EC312C0A4C2000A38256 /* PBXContainerItemProxy */ = {
			isa = PBXContainerItemProxy;
			containerPortal = 3374EC082C0A4C1E00A38256 /* Project object */;
			proxyType = 1;
			remoteGlobalIDString = 3374EC0F2C0A4C1E00A38256;
			remoteInfo = PhotoPicker;
		};
/* End PBXContainerItemProxy section */

/* Begin PBXFileReference section */
		3374EC102C0A4C1E00A38256 /* PhotoPicker.app */ = {isa = PBXFileReference; explicitFileType = wrapper.application; includeInIndex = 0; path = PhotoPicker.app; sourceTree = BUILT_PRODUCTS_DIR; };
		3374EC132C0A4C1E00A38256 /* AppDelegate.swift */ = {isa = PBXFileReference; lastKnownFileType = sourcecode.swift; path = AppDelegate.swift; sourceTree = "<group>"; };
		3374EC152C0A4C1E00A38256 /* SceneDelegate.swift */ = {isa = PBXFileReference; lastKnownFileType = sourcecode.swift; path = SceneDelegate.swift; sourceTree = "<group>"; };
		3374EC172C0A4C1E00A38256 /* AViewController.swift */ = {isa = PBXFileReference; lastKnownFileType = sourcecode.swift; path = AViewController.swift; sourceTree = "<group>"; };
		3374EC1C2C0A4C2000A38256 /* Assets.xcassets */ = {isa = PBXFileReference; lastKnownFileType = folder.assetcatalog; path = Assets.xcassets; sourceTree = "<group>"; };
		3374EC1F2C0A4C2000A38256 /* Base */ = {isa = PBXFileReference; lastKnownFileType = file.storyboard; name = Base; path = Base.lproj/LaunchScreen.storyboard; sourceTree = "<group>"; };
		3374EC212C0A4C2000A38256 /* Info.plist */ = {isa = PBXFileReference; lastKnownFileType = text.plist.xml; path = Info.plist; sourceTree = "<group>"; };
		3374EC262C0A4C2000A38256 /* PhotoPickerTests.xctest */ = {isa = PBXFileReference; explicitFileType = wrapper.cfbundle; includeInIndex = 0; path = PhotoPickerTests.xctest; sourceTree = BUILT_PRODUCTS_DIR; };
		3374EC2A2C0A4C2000A38256 /* PhotoPickerTests.swift */ = {isa = PBXFileReference; lastKnownFileType = sourcecode.swift; path = PhotoPickerTests.swift; sourceTree = "<group>"; };
		3374EC302C0A4C2000A38256 /* PhotoPickerUITests.xctest */ = {isa = PBXFileReference; explicitFileType = wrapper.cfbundle; includeInIndex = 0; path = PhotoPickerUITests.xctest; sourceTree = BUILT_PRODUCTS_DIR; };
		3374EC342C0A4C2000A38256 /* PhotoPickerUITests.swift */ = {isa = PBXFileReference; lastKnownFileType = sourcecode.swift; path = PhotoPickerUITests.swift; sourceTree = "<group>"; };
		3374EC362C0A4C2000A38256 /* PhotoPickerUITestsLaunchTests.swift */ = {isa = PBXFileReference; lastKnownFileType = sourcecode.swift; path = PhotoPickerUITestsLaunchTests.swift; sourceTree = "<group>"; };
		3374EC432C0AB92E00A38256 /* TabBar.swift */ = {isa = PBXFileReference; lastKnownFileType = sourcecode.swift; path = TabBar.swift; sourceTree = "<group>"; };
		3374EC452C0AB9E700A38256 /* BViewController.swift */ = {isa = PBXFileReference; lastKnownFileType = sourcecode.swift; path = BViewController.swift; sourceTree = "<group>"; };
		3374EC472C0ABC3600A38256 /* AlbumView.swift */ = {isa = PBXFileReference; lastKnownFileType = sourcecode.swift; path = AlbumView.swift; sourceTree = "<group>"; };
		3374EC4C2C0AC02B00A38256 /* PhotoPickerManager.swift */ = {isa = PBXFileReference; lastKnownFileType = sourcecode.swift; path = PhotoPickerManager.swift; sourceTree = "<group>"; };
		3374EC8D2C0ADC1400A38256 /* CViewController.swift */ = {isa = PBXFileReference; lastKnownFileType = sourcecode.swift; path = CViewController.swift; sourceTree = "<group>"; };
/* End PBXFileReference section */

/* Begin PBXFrameworksBuildPhase section */
		3374EC0D2C0A4C1E00A38256 /* Frameworks */ = {
			isa = PBXFrameworksBuildPhase;
			buildActionMask = 2147483647;
			files = (
				3374EC4B2C0ABE0300A38256 /* SnapKit in Frameworks */,
			);
			runOnlyForDeploymentPostprocessing = 0;
		};
		3374EC232C0A4C2000A38256 /* Frameworks */ = {
			isa = PBXFrameworksBuildPhase;
			buildActionMask = 2147483647;
			files = (
			);
			runOnlyForDeploymentPostprocessing = 0;
		};
		3374EC2D2C0A4C2000A38256 /* Frameworks */ = {
			isa = PBXFrameworksBuildPhase;
			buildActionMask = 2147483647;
			files = (
			);
			runOnlyForDeploymentPostprocessing = 0;
		};
/* End PBXFrameworksBuildPhase section */

/* Begin PBXGroup section */
		3374EC072C0A4C1E00A38256 = {
			isa = PBXGroup;
			children = (
				3374EC122C0A4C1E00A38256 /* PhotoPicker */,
				3374EC292C0A4C2000A38256 /* PhotoPickerTests */,
				3374EC332C0A4C2000A38256 /* PhotoPickerUITests */,
				3374EC112C0A4C1E00A38256 /* Products */,
			);
			sourceTree = "<group>";
		};
		3374EC112C0A4C1E00A38256 /* Products */ = {
			isa = PBXGroup;
			children = (
				3374EC102C0A4C1E00A38256 /* PhotoPicker.app */,
				3374EC262C0A4C2000A38256 /* PhotoPickerTests.xctest */,
				3374EC302C0A4C2000A38256 /* PhotoPickerUITests.xctest */,
			);
			name = Products;
			sourceTree = "<group>";
		};
		3374EC122C0A4C1E00A38256 /* PhotoPicker */ = {
			isa = PBXGroup;
			children = (
				3374EC132C0A4C1E00A38256 /* AppDelegate.swift */,
				3374EC152C0A4C1E00A38256 /* SceneDelegate.swift */,
				3374EC172C0A4C1E00A38256 /* AViewController.swift */,
				3374EC452C0AB9E700A38256 /* BViewController.swift */,
				3374EC8D2C0ADC1400A38256 /* CViewController.swift */,
				3374EC432C0AB92E00A38256 /* TabBar.swift */,
				3374EC472C0ABC3600A38256 /* AlbumView.swift */,
				3374EC4C2C0AC02B00A38256 /* PhotoPickerManager.swift */,
				3374EC1C2C0A4C2000A38256 /* Assets.xcassets */,
				3374EC1E2C0A4C2000A38256 /* LaunchScreen.storyboard */,
				3374EC212C0A4C2000A38256 /* Info.plist */,
			);
			path = PhotoPicker;
			sourceTree = "<group>";
		};
		3374EC292C0A4C2000A38256 /* PhotoPickerTests */ = {
			isa = PBXGroup;
			children = (
				3374EC2A2C0A4C2000A38256 /* PhotoPickerTests.swift */,
			);
			path = PhotoPickerTests;
			sourceTree = "<group>";
		};
		3374EC332C0A4C2000A38256 /* PhotoPickerUITests */ = {
			isa = PBXGroup;
			children = (
				3374EC342C0A4C2000A38256 /* PhotoPickerUITests.swift */,
				3374EC362C0A4C2000A38256 /* PhotoPickerUITestsLaunchTests.swift */,
			);
			path = PhotoPickerUITests;
			sourceTree = "<group>";
		};
/* End PBXGroup section */

/* Begin PBXNativeTarget section */
		3374EC0F2C0A4C1E00A38256 /* PhotoPicker */ = {
			isa = PBXNativeTarget;
			buildConfigurationList = 3374EC3A2C0A4C2000A38256 /* Build configuration list for PBXNativeTarget "PhotoPicker" */;
			buildPhases = (
				3374EC0C2C0A4C1E00A38256 /* Sources */,
				3374EC0D2C0A4C1E00A38256 /* Frameworks */,
				3374EC0E2C0A4C1E00A38256 /* Resources */,
			);
			buildRules = (
			);
			dependencies = (
			);
			name = PhotoPicker;
			packageProductDependencies = (
				3374EC4A2C0ABE0300A38256 /* SnapKit */,
			);
			productName = PhotoPicker;
			productReference = 3374EC102C0A4C1E00A38256 /* PhotoPicker.app */;
			productType = "com.apple.product-type.application";
		};
		3374EC252C0A4C2000A38256 /* PhotoPickerTests */ = {
			isa = PBXNativeTarget;
			buildConfigurationList = 3374EC3D2C0A4C2000A38256 /* Build configuration list for PBXNativeTarget "PhotoPickerTests" */;
			buildPhases = (
				3374EC222C0A4C2000A38256 /* Sources */,
				3374EC232C0A4C2000A38256 /* Frameworks */,
				3374EC242C0A4C2000A38256 /* Resources */,
			);
			buildRules = (
			);
			dependencies = (
				3374EC282C0A4C2000A38256 /* PBXTargetDependency */,
			);
			name = PhotoPickerTests;
			productName = PhotoPickerTests;
			productReference = 3374EC262C0A4C2000A38256 /* PhotoPickerTests.xctest */;
			productType = "com.apple.product-type.bundle.unit-test";
		};
		3374EC2F2C0A4C2000A38256 /* PhotoPickerUITests */ = {
			isa = PBXNativeTarget;
			buildConfigurationList = 3374EC402C0A4C2000A38256 /* Build configuration list for PBXNativeTarget "PhotoPickerUITests" */;
			buildPhases = (
				3374EC2C2C0A4C2000A38256 /* Sources */,
				3374EC2D2C0A4C2000A38256 /* Frameworks */,
				3374EC2E2C0A4C2000A38256 /* Resources */,
			);
			buildRules = (
			);
			dependencies = (
				3374EC322C0A4C2000A38256 /* PBXTargetDependency */,
			);
			name = PhotoPickerUITests;
			productName = PhotoPickerUITests;
			productReference = 3374EC302C0A4C2000A38256 /* PhotoPickerUITests.xctest */;
			productType = "com.apple.product-type.bundle.ui-testing";
		};
/* End PBXNativeTarget section */

/* Begin PBXProject section */
		3374EC082C0A4C1E00A38256 /* Project object */ = {
			isa = PBXProject;
			attributes = {
				BuildIndependentTargetsInParallel = 1;
				LastSwiftUpdateCheck = 1510;
				LastUpgradeCheck = 1510;
				TargetAttributes = {
					3374EC0F2C0A4C1E00A38256 = {
						CreatedOnToolsVersion = 15.1;
					};
					3374EC252C0A4C2000A38256 = {
						CreatedOnToolsVersion = 15.1;
						TestTargetID = 3374EC0F2C0A4C1E00A38256;
					};
					3374EC2F2C0A4C2000A38256 = {
						CreatedOnToolsVersion = 15.1;
						TestTargetID = 3374EC0F2C0A4C1E00A38256;
					};
				};
			};
			buildConfigurationList = 3374EC0B2C0A4C1E00A38256 /* Build configuration list for PBXProject "PhotoPicker" */;
			compatibilityVersion = "Xcode 14.0";
			developmentRegion = en;
			hasScannedForEncodings = 0;
			knownRegions = (
				en,
				Base,
			);
			mainGroup = 3374EC072C0A4C1E00A38256;
			packageReferences = (
				3374EC492C0ABE0300A38256 /* XCRemoteSwiftPackageReference "SnapKit" */,
			);
			productRefGroup = 3374EC112C0A4C1E00A38256 /* Products */;
			projectDirPath = "";
			projectRoot = "";
			targets = (
				3374EC0F2C0A4C1E00A38256 /* PhotoPicker */,
				3374EC252C0A4C2000A38256 /* PhotoPickerTests */,
				3374EC2F2C0A4C2000A38256 /* PhotoPickerUITests */,
			);
		};
/* End PBXProject section */

/* Begin PBXResourcesBuildPhase section */
		3374EC0E2C0A4C1E00A38256 /* Resources */ = {
			isa = PBXResourcesBuildPhase;
			buildActionMask = 2147483647;
			files = (
				3374EC202C0A4C2000A38256 /* LaunchScreen.storyboard in Resources */,
				3374EC1D2C0A4C2000A38256 /* Assets.xcassets in Resources */,
			);
			runOnlyForDeploymentPostprocessing = 0;
		};
		3374EC242C0A4C2000A38256 /* Resources */ = {
			isa = PBXResourcesBuildPhase;
			buildActionMask = 2147483647;
			files = (
			);
			runOnlyForDeploymentPostprocessing = 0;
		};
		3374EC2E2C0A4C2000A38256 /* Resources */ = {
			isa = PBXResourcesBuildPhase;
			buildActionMask = 2147483647;
			files = (
			);
			runOnlyForDeploymentPostprocessing = 0;
		};
/* End PBXResourcesBuildPhase section */

/* Begin PBXSourcesBuildPhase section */
		3374EC0C2C0A4C1E00A38256 /* Sources */ = {
			isa = PBXSourcesBuildPhase;
			buildActionMask = 2147483647;
			files = (
				3374EC4D2C0AC02B00A38256 /* PhotoPickerManager.swift in Sources */,
				3374EC482C0ABC3600A38256 /* AlbumView.swift in Sources */,
				3374EC8E2C0ADC1400A38256 /* CViewController.swift in Sources */,
				3374EC182C0A4C1E00A38256 /* AViewController.swift in Sources */,
				3374EC142C0A4C1E00A38256 /* AppDelegate.swift in Sources */,
				3374EC162C0A4C1E00A38256 /* SceneDelegate.swift in Sources */,
				3374EC462C0AB9E700A38256 /* BViewController.swift in Sources */,
				3374EC442C0AB92E00A38256 /* TabBar.swift in Sources */,
			);
			runOnlyForDeploymentPostprocessing = 0;
		};
		3374EC222C0A4C2000A38256 /* Sources */ = {
			isa = PBXSourcesBuildPhase;
			buildActionMask = 2147483647;
			files = (
				3374EC2B2C0A4C2000A38256 /* PhotoPickerTests.swift in Sources */,
			);
			runOnlyForDeploymentPostprocessing = 0;
		};
		3374EC2C2C0A4C2000A38256 /* Sources */ = {
			isa = PBXSourcesBuildPhase;
			buildActionMask = 2147483647;
			files = (
				3374EC352C0A4C2000A38256 /* PhotoPickerUITests.swift in Sources */,
				3374EC372C0A4C2000A38256 /* PhotoPickerUITestsLaunchTests.swift in Sources */,
			);
			runOnlyForDeploymentPostprocessing = 0;
		};
/* End PBXSourcesBuildPhase section */

/* Begin PBXTargetDependency section */
		3374EC282C0A4C2000A38256 /* PBXTargetDependency */ = {
			isa = PBXTargetDependency;
			target = 3374EC0F2C0A4C1E00A38256 /* PhotoPicker */;
			targetProxy = 3374EC272C0A4C2000A38256 /* PBXContainerItemProxy */;
		};
		3374EC322C0A4C2000A38256 /* PBXTargetDependency */ = {
			isa = PBXTargetDependency;
			target = 3374EC0F2C0A4C1E00A38256 /* PhotoPicker */;
			targetProxy = 3374EC312C0A4C2000A38256 /* PBXContainerItemProxy */;
		};
/* End PBXTargetDependency section */

/* Begin PBXVariantGroup section */
		3374EC1E2C0A4C2000A38256 /* LaunchScreen.storyboard */ = {
			isa = PBXVariantGroup;
			children = (
				3374EC1F2C0A4C2000A38256 /* Base */,
			);
			name = LaunchScreen.storyboard;
			sourceTree = "<group>";
		};
/* End PBXVariantGroup section */

/* Begin XCBuildConfiguration section */
		3374EC382C0A4C2000A38256 /* Debug */ = {
			isa = XCBuildConfiguration;
			buildSettings = {
				ALWAYS_SEARCH_USER_PATHS = NO;
				ASSETCATALOG_COMPILER_GENERATE_SWIFT_ASSET_SYMBOL_EXTENSIONS = YES;
				CLANG_ANALYZER_NONNULL = YES;
				CLANG_ANALYZER_NUMBER_OBJECT_CONVERSION = YES_AGGRESSIVE;
				CLANG_CXX_LANGUAGE_STANDARD = "gnu++20";
				CLANG_ENABLE_MODULES = YES;
				CLANG_ENABLE_OBJC_ARC = YES;
				CLANG_ENABLE_OBJC_WEAK = YES;
				CLANG_WARN_BLOCK_CAPTURE_AUTORELEASING = YES;
				CLANG_WARN_BOOL_CONVERSION = YES;
				CLANG_WARN_COMMA = YES;
				CLANG_WARN_CONSTANT_CONVERSION = YES;
				CLANG_WARN_DEPRECATED_OBJC_IMPLEMENTATIONS = YES;
				CLANG_WARN_DIRECT_OBJC_ISA_USAGE = YES_ERROR;
				CLANG_WARN_DOCUMENTATION_COMMENTS = YES;
				CLANG_WARN_EMPTY_BODY = YES;
				CLANG_WARN_ENUM_CONVERSION = YES;
				CLANG_WARN_INFINITE_RECURSION = YES;
				CLANG_WARN_INT_CONVERSION = YES;
				CLANG_WARN_NON_LITERAL_NULL_CONVERSION = YES;
				CLANG_WARN_OBJC_IMPLICIT_RETAIN_SELF = YES;
				CLANG_WARN_OBJC_LITERAL_CONVERSION = YES;
				CLANG_WARN_OBJC_ROOT_CLASS = YES_ERROR;
				CLANG_WARN_QUOTED_INCLUDE_IN_FRAMEWORK_HEADER = YES;
				CLANG_WARN_RANGE_LOOP_ANALYSIS = YES;
				CLANG_WARN_STRICT_PROTOTYPES = YES;
				CLANG_WARN_SUSPICIOUS_MOVE = YES;
				CLANG_WARN_UNGUARDED_AVAILABILITY = YES_AGGRESSIVE;
				CLANG_WARN_UNREACHABLE_CODE = YES;
				CLANG_WARN__DUPLICATE_METHOD_MATCH = YES;
				COPY_PHASE_STRIP = NO;
				DEBUG_INFORMATION_FORMAT = dwarf;
				ENABLE_STRICT_OBJC_MSGSEND = YES;
				ENABLE_TESTABILITY = YES;
				ENABLE_USER_SCRIPT_SANDBOXING = YES;
				GCC_C_LANGUAGE_STANDARD = gnu17;
				GCC_DYNAMIC_NO_PIC = NO;
				GCC_NO_COMMON_BLOCKS = YES;
				GCC_OPTIMIZATION_LEVEL = 0;
				GCC_PREPROCESSOR_DEFINITIONS = (
					"DEBUG=1",
					"$(inherited)",
				);
				GCC_WARN_64_TO_32_BIT_CONVERSION = YES;
				GCC_WARN_ABOUT_RETURN_TYPE = YES_ERROR;
				GCC_WARN_UNDECLARED_SELECTOR = YES;
				GCC_WARN_UNINITIALIZED_AUTOS = YES_AGGRESSIVE;
				GCC_WARN_UNUSED_FUNCTION = YES;
				GCC_WARN_UNUSED_VARIABLE = YES;
				IPHONEOS_DEPLOYMENT_TARGET = 17.2;
				LOCALIZATION_PREFERS_STRING_CATALOGS = YES;
				MTL_ENABLE_DEBUG_INFO = INCLUDE_SOURCE;
				MTL_FAST_MATH = YES;
				ONLY_ACTIVE_ARCH = YES;
				SDKROOT = iphoneos;
				SWIFT_ACTIVE_COMPILATION_CONDITIONS = "DEBUG $(inherited)";
				SWIFT_OPTIMIZATION_LEVEL = "-Onone";
			};
			name = Debug;
		};
		3374EC392C0A4C2000A38256 /* Release */ = {
			isa = XCBuildConfiguration;
			buildSettings = {
				ALWAYS_SEARCH_USER_PATHS = NO;
				ASSETCATALOG_COMPILER_GENERATE_SWIFT_ASSET_SYMBOL_EXTENSIONS = YES;
				CLANG_ANALYZER_NONNULL = YES;
				CLANG_ANALYZER_NUMBER_OBJECT_CONVERSION = YES_AGGRESSIVE;
				CLANG_CXX_LANGUAGE_STANDARD = "gnu++20";
				CLANG_ENABLE_MODULES = YES;
				CLANG_ENABLE_OBJC_ARC = YES;
				CLANG_ENABLE_OBJC_WEAK = YES;
				CLANG_WARN_BLOCK_CAPTURE_AUTORELEASING = YES;
				CLANG_WARN_BOOL_CONVERSION = YES;
				CLANG_WARN_COMMA = YES;
				CLANG_WARN_CONSTANT_CONVERSION = YES;
				CLANG_WARN_DEPRECATED_OBJC_IMPLEMENTATIONS = YES;
				CLANG_WARN_DIRECT_OBJC_ISA_USAGE = YES_ERROR;
				CLANG_WARN_DOCUMENTATION_COMMENTS = YES;
				CLANG_WARN_EMPTY_BODY = YES;
				CLANG_WARN_ENUM_CONVERSION = YES;
				CLANG_WARN_INFINITE_RECURSION = YES;
				CLANG_WARN_INT_CONVERSION = YES;
				CLANG_WARN_NON_LITERAL_NULL_CONVERSION = YES;
				CLANG_WARN_OBJC_IMPLICIT_RETAIN_SELF = YES;
				CLANG_WARN_OBJC_LITERAL_CONVERSION = YES;
				CLANG_WARN_OBJC_ROOT_CLASS = YES_ERROR;
				CLANG_WARN_QUOTED_INCLUDE_IN_FRAMEWORK_HEADER = YES;
				CLANG_WARN_RANGE_LOOP_ANALYSIS = YES;
				CLANG_WARN_STRICT_PROTOTYPES = YES;
				CLANG_WARN_SUSPICIOUS_MOVE = YES;
				CLANG_WARN_UNGUARDED_AVAILABILITY = YES_AGGRESSIVE;
				CLANG_WARN_UNREACHABLE_CODE = YES;
				CLANG_WARN__DUPLICATE_METHOD_MATCH = YES;
				COPY_PHASE_STRIP = NO;
				DEBUG_INFORMATION_FORMAT = "dwarf-with-dsym";
				ENABLE_NS_ASSERTIONS = NO;
				ENABLE_STRICT_OBJC_MSGSEND = YES;
				ENABLE_USER_SCRIPT_SANDBOXING = YES;
				GCC_C_LANGUAGE_STANDARD = gnu17;
				GCC_NO_COMMON_BLOCKS = YES;
				GCC_WARN_64_TO_32_BIT_CONVERSION = YES;
				GCC_WARN_ABOUT_RETURN_TYPE = YES_ERROR;
				GCC_WARN_UNDECLARED_SELECTOR = YES;
				GCC_WARN_UNINITIALIZED_AUTOS = YES_AGGRESSIVE;
				GCC_WARN_UNUSED_FUNCTION = YES;
				GCC_WARN_UNUSED_VARIABLE = YES;
				IPHONEOS_DEPLOYMENT_TARGET = 17.2;
				LOCALIZATION_PREFERS_STRING_CATALOGS = YES;
				MTL_ENABLE_DEBUG_INFO = NO;
				MTL_FAST_MATH = YES;
				SDKROOT = iphoneos;
				SWIFT_COMPILATION_MODE = wholemodule;
				VALIDATE_PRODUCT = YES;
			};
			name = Release;
		};
		3374EC3B2C0A4C2000A38256 /* Debug */ = {
			isa = XCBuildConfiguration;
			buildSettings = {
				ASSETCATALOG_COMPILER_APPICON_NAME = AppIcon;
				ASSETCATALOG_COMPILER_GLOBAL_ACCENT_COLOR_NAME = AccentColor;
				CODE_SIGN_STYLE = Automatic;
				CURRENT_PROJECT_VERSION = 1;
				GENERATE_INFOPLIST_FILE = YES;
				INFOPLIST_FILE = PhotoPicker/Info.plist;
				INFOPLIST_KEY_UIApplicationSupportsIndirectInputEvents = YES;
				INFOPLIST_KEY_UILaunchStoryboardName = LaunchScreen;
				INFOPLIST_KEY_UISupportedInterfaceOrientations_iPad = "UIInterfaceOrientationPortrait UIInterfaceOrientationPortraitUpsideDown UIInterfaceOrientationLandscapeLeft UIInterfaceOrientationLandscapeRight";
				INFOPLIST_KEY_UISupportedInterfaceOrientations_iPhone = "UIInterfaceOrientationPortrait UIInterfaceOrientationLandscapeLeft UIInterfaceOrientationLandscapeRight";
				LD_RUNPATH_SEARCH_PATHS = (
					"$(inherited)",
					"@executable_path/Frameworks",
				);
				MARKETING_VERSION = 1.0;
				PRODUCT_BUNDLE_IDENTIFIER = url.PhotoPicker;
				PRODUCT_NAME = "$(TARGET_NAME)";
				SWIFT_EMIT_LOC_STRINGS = YES;
				SWIFT_VERSION = 5.0;
				TARGETED_DEVICE_FAMILY = "1,2";
			};
			name = Debug;
		};
		3374EC3C2C0A4C2000A38256 /* Release */ = {
			isa = XCBuildConfiguration;
			buildSettings = {
				ASSETCATALOG_COMPILER_APPICON_NAME = AppIcon;
				ASSETCATALOG_COMPILER_GLOBAL_ACCENT_COLOR_NAME = AccentColor;
				CODE_SIGN_STYLE = Automatic;
				CURRENT_PROJECT_VERSION = 1;
				GENERATE_INFOPLIST_FILE = YES;
				INFOPLIST_FILE = PhotoPicker/Info.plist;
				INFOPLIST_KEY_UIApplicationSupportsIndirectInputEvents = YES;
				INFOPLIST_KEY_UILaunchStoryboardName = LaunchScreen;
				INFOPLIST_KEY_UISupportedInterfaceOrientations_iPad = "UIInterfaceOrientationPortrait UIInterfaceOrientationPortraitUpsideDown UIInterfaceOrientationLandscapeLeft UIInterfaceOrientationLandscapeRight";
				INFOPLIST_KEY_UISupportedInterfaceOrientations_iPhone = "UIInterfaceOrientationPortrait UIInterfaceOrientationLandscapeLeft UIInterfaceOrientationLandscapeRight";
				LD_RUNPATH_SEARCH_PATHS = (
					"$(inherited)",
					"@executable_path/Frameworks",
				);
				MARKETING_VERSION = 1.0;
				PRODUCT_BUNDLE_IDENTIFIER = url.PhotoPicker;
				PRODUCT_NAME = "$(TARGET_NAME)";
				SWIFT_EMIT_LOC_STRINGS = YES;
				SWIFT_VERSION = 5.0;
				TARGETED_DEVICE_FAMILY = "1,2";
			};
			name = Release;
		};
		3374EC3E2C0A4C2000A38256 /* Debug */ = {
			isa = XCBuildConfiguration;
			buildSettings = {
				ALWAYS_EMBED_SWIFT_STANDARD_LIBRARIES = YES;
				BUNDLE_LOADER = "$(TEST_HOST)";
				CODE_SIGN_STYLE = Automatic;
				CURRENT_PROJECT_VERSION = 1;
				GENERATE_INFOPLIST_FILE = YES;
				IPHONEOS_DEPLOYMENT_TARGET = 17.2;
				MARKETING_VERSION = 1.0;
				PRODUCT_BUNDLE_IDENTIFIER = url.PhotoPickerTests;
				PRODUCT_NAME = "$(TARGET_NAME)";
				SWIFT_EMIT_LOC_STRINGS = NO;
				SWIFT_VERSION = 5.0;
				TARGETED_DEVICE_FAMILY = "1,2";
				TEST_HOST = "$(BUILT_PRODUCTS_DIR)/PhotoPicker.app/$(BUNDLE_EXECUTABLE_FOLDER_PATH)/PhotoPicker";
			};
			name = Debug;
		};
		3374EC3F2C0A4C2000A38256 /* Release */ = {
			isa = XCBuildConfiguration;
			buildSettings = {
				ALWAYS_EMBED_SWIFT_STANDARD_LIBRARIES = YES;
				BUNDLE_LOADER = "$(TEST_HOST)";
				CODE_SIGN_STYLE = Automatic;
				CURRENT_PROJECT_VERSION = 1;
				GENERATE_INFOPLIST_FILE = YES;
				IPHONEOS_DEPLOYMENT_TARGET = 17.2;
				MARKETING_VERSION = 1.0;
				PRODUCT_BUNDLE_IDENTIFIER = url.PhotoPickerTests;
				PRODUCT_NAME = "$(TARGET_NAME)";
				SWIFT_EMIT_LOC_STRINGS = NO;
				SWIFT_VERSION = 5.0;
				TARGETED_DEVICE_FAMILY = "1,2";
				TEST_HOST = "$(BUILT_PRODUCTS_DIR)/PhotoPicker.app/$(BUNDLE_EXECUTABLE_FOLDER_PATH)/PhotoPicker";
			};
			name = Release;
		};
		3374EC412C0A4C2000A38256 /* Debug */ = {
			isa = XCBuildConfiguration;
			buildSettings = {
				ALWAYS_EMBED_SWIFT_STANDARD_LIBRARIES = YES;
				CODE_SIGN_STYLE = Automatic;
				CURRENT_PROJECT_VERSION = 1;
				GENERATE_INFOPLIST_FILE = YES;
				MARKETING_VERSION = 1.0;
				PRODUCT_BUNDLE_IDENTIFIER = url.PhotoPickerUITests;
				PRODUCT_NAME = "$(TARGET_NAME)";
				SWIFT_EMIT_LOC_STRINGS = NO;
				SWIFT_VERSION = 5.0;
				TARGETED_DEVICE_FAMILY = "1,2";
				TEST_TARGET_NAME = PhotoPicker;
			};
			name = Debug;
		};
		3374EC422C0A4C2000A38256 /* Release */ = {
			isa = XCBuildConfiguration;
			buildSettings = {
				ALWAYS_EMBED_SWIFT_STANDARD_LIBRARIES = YES;
				CODE_SIGN_STYLE = Automatic;
				CURRENT_PROJECT_VERSION = 1;
				GENERATE_INFOPLIST_FILE = YES;
				MARKETING_VERSION = 1.0;
				PRODUCT_BUNDLE_IDENTIFIER = url.PhotoPickerUITests;
				PRODUCT_NAME = "$(TARGET_NAME)";
				SWIFT_EMIT_LOC_STRINGS = NO;
				SWIFT_VERSION = 5.0;
				TARGETED_DEVICE_FAMILY = "1,2";
				TEST_TARGET_NAME = PhotoPicker;
			};
			name = Release;
		};
/* End XCBuildConfiguration section */

/* Begin XCConfigurationList section */
		3374EC0B2C0A4C1E00A38256 /* Build configuration list for PBXProject "PhotoPicker" */ = {
			isa = XCConfigurationList;
			buildConfigurations = (
				3374EC382C0A4C2000A38256 /* Debug */,
				3374EC392C0A4C2000A38256 /* Release */,
			);
			defaultConfigurationIsVisible = 0;
			defaultConfigurationName = Release;
		};
		3374EC3A2C0A4C2000A38256 /* Build configuration list for PBXNativeTarget "PhotoPicker" */ = {
			isa = XCConfigurationList;
			buildConfigurations = (
				3374EC3B2C0A4C2000A38256 /* Debug */,
				3374EC3C2C0A4C2000A38256 /* Release */,
			);
			defaultConfigurationIsVisible = 0;
			defaultConfigurationName = Release;
		};
		3374EC3D2C0A4C2000A38256 /* Build configuration list for PBXNativeTarget "PhotoPickerTests" */ = {
			isa = XCConfigurationList;
			buildConfigurations = (
				3374EC3E2C0A4C2000A38256 /* Debug */,
				3374EC3F2C0A4C2000A38256 /* Release */,
			);
			defaultConfigurationIsVisible = 0;
			defaultConfigurationName = Release;
		};
		3374EC402C0A4C2000A38256 /* Build configuration list for PBXNativeTarget "PhotoPickerUITests" */ = {
			isa = XCConfigurationList;
			buildConfigurations = (
				3374EC412C0A4C2000A38256 /* Debug */,
				3374EC422C0A4C2000A38256 /* Release */,
			);
			defaultConfigurationIsVisible = 0;
			defaultConfigurationName = Release;
		};
/* End XCConfigurationList section */

/* Begin XCRemoteSwiftPackageReference section */
		3374EC492C0ABE0300A38256 /* XCRemoteSwiftPackageReference "SnapKit" */ = {
			isa = XCRemoteSwiftPackageReference;
			repositoryURL = "https://github.com/SnapKit/SnapKit";
			requirement = {
				kind = upToNextMajorVersion;
				minimumVersion = 5.7.1;
			};
		};
/* End XCRemoteSwiftPackageReference section */

/* Begin XCSwiftPackageProductDependency section */
		3374EC4A2C0ABE0300A38256 /* SnapKit */ = {
			isa = XCSwiftPackageProductDependency;
			package = 3374EC492C0ABE0300A38256 /* XCRemoteSwiftPackageReference "SnapKit" */;
			productName = SnapKit;
		};
/* End XCSwiftPackageProductDependency section */
	};
	rootObject = 3374EC082C0A4C1E00A38256 /* Project object */;
}
