// !$*UTF8*$!
{
	archiveVersion = 1;
	classes = {
	};
	objectVersion = 56;
	objects = {

/* Begin PBXBuildFile section */
		334499E02BE2327200C9B722 /* AppDelegate.swift in Sources */ = {isa = PBXBuildFile; fileRef = 334499DF2BE2327200C9B722 /* AppDelegate.swift */; };
		334499E22BE2327200C9B722 /* SceneDelegate.swift in Sources */ = {isa = PBXBuildFile; fileRef = 334499E12BE2327200C9B722 /* SceneDelegate.swift */; };
		334499E42BE2327200C9B722 /* LoginViewController.swift in Sources */ = {isa = PBXBuildFile; fileRef = 334499E32BE2327200C9B722 /* LoginViewController.swift */; };
		334499E92BE2327600C9B722 /* Assets.xcassets in Resources */ = {isa = PBXBuildFile; fileRef = 334499E82BE2327600C9B722 /* Assets.xcassets */; };
		334499EC2BE2327600C9B722 /* LaunchScreen.storyboard in Resources */ = {isa = PBXBuildFile; fileRef = 334499EA2BE2327600C9B722 /* LaunchScreen.storyboard */; };
		334499F72BE2327600C9B722 /* DonutAppTests.swift in Sources */ = {isa = PBXBuildFile; fileRef = 334499F62BE2327600C9B722 /* DonutAppTests.swift */; };
		33449A012BE2327600C9B722 /* DonutAppUITests.swift in Sources */ = {isa = PBXBuildFile; fileRef = 33449A002BE2327600C9B722 /* DonutAppUITests.swift */; };
		33449A032BE2327600C9B722 /* DonutAppUITestsLaunchTests.swift in Sources */ = {isa = PBXBuildFile; fileRef = 33449A022BE2327600C9B722 /* DonutAppUITestsLaunchTests.swift */; };
		33449A122BE2399F00C9B722 /* SnapKit in Frameworks */ = {isa = PBXBuildFile; productRef = 33449A112BE2399F00C9B722 /* SnapKit */; };
		33449A142BE2399F00C9B722 /* SnapKit-Dynamic in Frameworks */ = {isa = PBXBuildFile; productRef = 33449A132BE2399F00C9B722 /* SnapKit-Dynamic */; };
		33449A192BE2712C00C9B722 /* Inter.ttf in Resources */ = {isa = PBXBuildFile; fileRef = 33449A182BE2712C00C9B722 /* Inter.ttf */; };
		33449A1B2BE2715000C9B722 /* Inter-ExtraBold.ttf in Resources */ = {isa = PBXBuildFile; fileRef = 33449A1A2BE2715000C9B722 /* Inter-ExtraBold.ttf */; };
		33449A1D2BE2717A00C9B722 /* Inter-Bold.ttf in Resources */ = {isa = PBXBuildFile; fileRef = 33449A1C2BE2717A00C9B722 /* Inter-Bold.ttf */; };
		33449A202BE2C4C600C9B722 /* KakaoSDK in Frameworks */ = {isa = PBXBuildFile; productRef = 33449A1F2BE2C4C600C9B722 /* KakaoSDK */; };
		33449A222BE2C4C600C9B722 /* KakaoSDKAuth in Frameworks */ = {isa = PBXBuildFile; productRef = 33449A212BE2C4C600C9B722 /* KakaoSDKAuth */; };
		33449A252BE2C63100C9B722 /* KakaoLogin.swift in Sources */ = {isa = PBXBuildFile; fileRef = 33449A242BE2C63100C9B722 /* KakaoLogin.swift */; };
		33449A272BE2CF8100C9B722 /* UserData.swift in Sources */ = {isa = PBXBuildFile; fileRef = 33449A262BE2CF8100C9B722 /* UserData.swift */; };
		33449AAA2BE3796200C9B722 /* MainViewController.swift in Sources */ = {isa = PBXBuildFile; fileRef = 33449AA92BE3796200C9B722 /* MainViewController.swift */; };
		33449AAE2BE39E7800C9B722 /* TableViewCell.swift in Sources */ = {isa = PBXBuildFile; fileRef = 33449AAD2BE39E7800C9B722 /* TableViewCell.swift */; };
		33449AB02BE3A40100C9B722 /* Item.swift in Sources */ = {isa = PBXBuildFile; fileRef = 33449AAF2BE3A40100C9B722 /* Item.swift */; };
		3374EC902C0B03DB00A38256 /* ReverseGeo.swift in Sources */ = {isa = PBXBuildFile; fileRef = 3374EC8F2C0B03DB00A38256 /* ReverseGeo.swift */; };
		33B038122BFED7FC00CFB9C1 /* ShopItem.swift in Sources */ = {isa = PBXBuildFile; fileRef = 33B038112BFED7FC00CFB9C1 /* ShopItem.swift */; };
		33B038162BFF356B00CFB9C1 /* AdCollectionViewCell.swift in Sources */ = {isa = PBXBuildFile; fileRef = 33B038152BFF356B00CFB9C1 /* AdCollectionViewCell.swift */; };
		33B038182BFF386D00CFB9C1 /* BestItemCell.swift in Sources */ = {isa = PBXBuildFile; fileRef = 33B038172BFF386D00CFB9C1 /* BestItemCell.swift */; };
		33B0381A2BFF388A00CFB9C1 /* AllProductCell.swift in Sources */ = {isa = PBXBuildFile; fileRef = 33B038192BFF388A00CFB9C1 /* AllProductCell.swift */; };
		33EFDB712BECBFE000AF6588 /* TabBar.swift in Sources */ = {isa = PBXBuildFile; fileRef = 33EFDB702BECBFE000AF6588 /* TabBar.swift */; };
		33EFDB752BECC37A00AF6588 /* MapViewController.swift in Sources */ = {isa = PBXBuildFile; fileRef = 33EFDB742BECC37A00AF6588 /* MapViewController.swift */; };
		33EFDB772BECC3B200AF6588 /* ShoppingViewController.swift in Sources */ = {isa = PBXBuildFile; fileRef = 33EFDB762BECC3B200AF6588 /* ShoppingViewController.swift */; };
		3BA90776A5875E1C34402517 /* Pods_DonutApp_DonutAppUITests.framework in Frameworks */ = {isa = PBXBuildFile; fileRef = 526B245798A5410F14565765 /* Pods_DonutApp_DonutAppUITests.framework */; };
		410A5943273A6D4C3902AA8F /* Pods_DonutAppTests.framework in Frameworks */ = {isa = PBXBuildFile; fileRef = 4E3763CB2912AA24AD4E5CBF /* Pods_DonutAppTests.framework */; };
		CC257DE4F49A1A700D1AB65D /* Pods_DonutApp.framework in Frameworks */ = {isa = PBXBuildFile; fileRef = 0DD2C018ABFAD41A325C1F73 /* Pods_DonutApp.framework */; };
/* End PBXBuildFile section */

/* Begin PBXContainerItemProxy section */
		334499F32BE2327600C9B722 /* PBXContainerItemProxy */ = {
			isa = PBXContainerItemProxy;
			containerPortal = 334499D42BE2327200C9B722 /* Project object */;
			proxyType = 1;
			remoteGlobalIDString = 334499DB2BE2327200C9B722;
			remoteInfo = DonutApp;
		};
		334499FD2BE2327600C9B722 /* PBXContainerItemProxy */ = {
			isa = PBXContainerItemProxy;
			containerPortal = 334499D42BE2327200C9B722 /* Project object */;
			proxyType = 1;
			remoteGlobalIDString = 334499DB2BE2327200C9B722;
			remoteInfo = DonutApp;
		};
/* End PBXContainerItemProxy section */

/* Begin PBXFileReference section */
		0B44842597D77CBEDF40EC18 /* Pods-DonutAppTests.debug.xcconfig */ = {isa = PBXFileReference; includeInIndex = 1; lastKnownFileType = text.xcconfig; name = "Pods-DonutAppTests.debug.xcconfig"; path = "Target Support Files/Pods-DonutAppTests/Pods-DonutAppTests.debug.xcconfig"; sourceTree = "<group>"; };
		0DD2C018ABFAD41A325C1F73 /* Pods_DonutApp.framework */ = {isa = PBXFileReference; explicitFileType = wrapper.framework; includeInIndex = 0; path = Pods_DonutApp.framework; sourceTree = BUILT_PRODUCTS_DIR; };
		101B11F1E08319E75ED13D30 /* Pods-DonutAppTests.release.xcconfig */ = {isa = PBXFileReference; includeInIndex = 1; lastKnownFileType = text.xcconfig; name = "Pods-DonutAppTests.release.xcconfig"; path = "Target Support Files/Pods-DonutAppTests/Pods-DonutAppTests.release.xcconfig"; sourceTree = "<group>"; };
		334499DC2BE2327200C9B722 /* DonutApp.app */ = {isa = PBXFileReference; explicitFileType = wrapper.application; includeInIndex = 0; path = DonutApp.app; sourceTree = BUILT_PRODUCTS_DIR; };
		334499DF2BE2327200C9B722 /* AppDelegate.swift */ = {isa = PBXFileReference; lastKnownFileType = sourcecode.swift; path = AppDelegate.swift; sourceTree = "<group>"; };
		334499E12BE2327200C9B722 /* SceneDelegate.swift */ = {isa = PBXFileReference; lastKnownFileType = sourcecode.swift; path = SceneDelegate.swift; sourceTree = "<group>"; };
		334499E32BE2327200C9B722 /* LoginViewController.swift */ = {isa = PBXFileReference; lastKnownFileType = sourcecode.swift; path = LoginViewController.swift; sourceTree = "<group>"; };
		334499E82BE2327600C9B722 /* Assets.xcassets */ = {isa = PBXFileReference; lastKnownFileType = folder.assetcatalog; path = Assets.xcassets; sourceTree = "<group>"; };
		334499EB2BE2327600C9B722 /* Base */ = {isa = PBXFileReference; lastKnownFileType = file.storyboard; name = Base; path = Base.lproj/LaunchScreen.storyboard; sourceTree = "<group>"; };
		334499ED2BE2327600C9B722 /* Info.plist */ = {isa = PBXFileReference; lastKnownFileType = text.plist.xml; path = Info.plist; sourceTree = "<group>"; };
		334499F22BE2327600C9B722 /* DonutAppTests.xctest */ = {isa = PBXFileReference; explicitFileType = wrapper.cfbundle; includeInIndex = 0; path = DonutAppTests.xctest; sourceTree = BUILT_PRODUCTS_DIR; };
		334499F62BE2327600C9B722 /* DonutAppTests.swift */ = {isa = PBXFileReference; lastKnownFileType = sourcecode.swift; path = DonutAppTests.swift; sourceTree = "<group>"; };
		334499FC2BE2327600C9B722 /* DonutAppUITests.xctest */ = {isa = PBXFileReference; explicitFileType = wrapper.cfbundle; includeInIndex = 0; path = DonutAppUITests.xctest; sourceTree = BUILT_PRODUCTS_DIR; };
		33449A002BE2327600C9B722 /* DonutAppUITests.swift */ = {isa = PBXFileReference; lastKnownFileType = sourcecode.swift; path = DonutAppUITests.swift; sourceTree = "<group>"; };
		33449A022BE2327600C9B722 /* DonutAppUITestsLaunchTests.swift */ = {isa = PBXFileReference; lastKnownFileType = sourcecode.swift; path = DonutAppUITestsLaunchTests.swift; sourceTree = "<group>"; };
		33449A182BE2712C00C9B722 /* Inter.ttf */ = {isa = PBXFileReference; lastKnownFileType = file; path = Inter.ttf; sourceTree = "<group>"; };
		33449A1A2BE2715000C9B722 /* Inter-ExtraBold.ttf */ = {isa = PBXFileReference; lastKnownFileType = file; path = "Inter-ExtraBold.ttf"; sourceTree = "<group>"; };
		33449A1C2BE2717A00C9B722 /* Inter-Bold.ttf */ = {isa = PBXFileReference; lastKnownFileType = file; path = "Inter-Bold.ttf"; sourceTree = "<group>"; };
		33449A242BE2C63100C9B722 /* KakaoLogin.swift */ = {isa = PBXFileReference; lastKnownFileType = sourcecode.swift; path = KakaoLogin.swift; sourceTree = "<group>"; };
		33449A262BE2CF8100C9B722 /* UserData.swift */ = {isa = PBXFileReference; lastKnownFileType = sourcecode.swift; path = UserData.swift; sourceTree = "<group>"; };
		33449AA92BE3796200C9B722 /* MainViewController.swift */ = {isa = PBXFileReference; lastKnownFileType = sourcecode.swift; path = MainViewController.swift; sourceTree = "<group>"; };
		33449AAD2BE39E7800C9B722 /* TableViewCell.swift */ = {isa = PBXFileReference; lastKnownFileType = sourcecode.swift; path = TableViewCell.swift; sourceTree = "<group>"; };
		33449AAF2BE3A40100C9B722 /* Item.swift */ = {isa = PBXFileReference; lastKnownFileType = sourcecode.swift; path = Item.swift; sourceTree = "<group>"; };
		3374EC8F2C0B03DB00A38256 /* ReverseGeo.swift */ = {isa = PBXFileReference; lastKnownFileType = sourcecode.swift; path = ReverseGeo.swift; sourceTree = "<group>"; };
		33B038112BFED7FC00CFB9C1 /* ShopItem.swift */ = {isa = PBXFileReference; lastKnownFileType = sourcecode.swift; path = ShopItem.swift; sourceTree = "<group>"; };
		33B038152BFF356B00CFB9C1 /* AdCollectionViewCell.swift */ = {isa = PBXFileReference; lastKnownFileType = sourcecode.swift; path = AdCollectionViewCell.swift; sourceTree = "<group>"; };
		33B038172BFF386D00CFB9C1 /* BestItemCell.swift */ = {isa = PBXFileReference; lastKnownFileType = sourcecode.swift; path = BestItemCell.swift; sourceTree = "<group>"; };
		33B038192BFF388A00CFB9C1 /* AllProductCell.swift */ = {isa = PBXFileReference; lastKnownFileType = sourcecode.swift; path = AllProductCell.swift; sourceTree = "<group>"; };
		33EFDB702BECBFE000AF6588 /* TabBar.swift */ = {isa = PBXFileReference; lastKnownFileType = sourcecode.swift; path = TabBar.swift; sourceTree = "<group>"; };
		33EFDB742BECC37A00AF6588 /* MapViewController.swift */ = {isa = PBXFileReference; lastKnownFileType = sourcecode.swift; path = MapViewController.swift; sourceTree = "<group>"; };
		33EFDB762BECC3B200AF6588 /* ShoppingViewController.swift */ = {isa = PBXFileReference; lastKnownFileType = sourcecode.swift; path = ShoppingViewController.swift; sourceTree = "<group>"; };
		4E3763CB2912AA24AD4E5CBF /* Pods_DonutAppTests.framework */ = {isa = PBXFileReference; explicitFileType = wrapper.framework; includeInIndex = 0; path = Pods_DonutAppTests.framework; sourceTree = BUILT_PRODUCTS_DIR; };
		526B245798A5410F14565765 /* Pods_DonutApp_DonutAppUITests.framework */ = {isa = PBXFileReference; explicitFileType = wrapper.framework; includeInIndex = 0; path = Pods_DonutApp_DonutAppUITests.framework; sourceTree = BUILT_PRODUCTS_DIR; };
		6B3A634C19A612507AD3E0D4 /* Pods-DonutApp-DonutAppUITests.release.xcconfig */ = {isa = PBXFileReference; includeInIndex = 1; lastKnownFileType = text.xcconfig; name = "Pods-DonutApp-DonutAppUITests.release.xcconfig"; path = "Target Support Files/Pods-DonutApp-DonutAppUITests/Pods-DonutApp-DonutAppUITests.release.xcconfig"; sourceTree = "<group>"; };
		6D304F0B582582238ED5A0B3 /* Pods-DonutApp-DonutAppUITests.debug.xcconfig */ = {isa = PBXFileReference; includeInIndex = 1; lastKnownFileType = text.xcconfig; name = "Pods-DonutApp-DonutAppUITests.debug.xcconfig"; path = "Target Support Files/Pods-DonutApp-DonutAppUITests/Pods-DonutApp-DonutAppUITests.debug.xcconfig"; sourceTree = "<group>"; };
		807581A06F3EC68A2B3484D1 /* Pods-DonutApp.debug.xcconfig */ = {isa = PBXFileReference; includeInIndex = 1; lastKnownFileType = text.xcconfig; name = "Pods-DonutApp.debug.xcconfig"; path = "Target Support Files/Pods-DonutApp/Pods-DonutApp.debug.xcconfig"; sourceTree = "<group>"; };
		C4425F543658A60404F69B64 /* Pods-DonutApp.release.xcconfig */ = {isa = PBXFileReference; includeInIndex = 1; lastKnownFileType = text.xcconfig; name = "Pods-DonutApp.release.xcconfig"; path = "Target Support Files/Pods-DonutApp/Pods-DonutApp.release.xcconfig"; sourceTree = "<group>"; };
/* End PBXFileReference section */

/* Begin PBXFrameworksBuildPhase section */
		334499D92BE2327200C9B722 /* Frameworks */ = {
			isa = PBXFrameworksBuildPhase;
			buildActionMask = 2147483647;
			files = (
				33449A122BE2399F00C9B722 /* SnapKit in Frameworks */,
				33449A142BE2399F00C9B722 /* SnapKit-Dynamic in Frameworks */,
				33449A202BE2C4C600C9B722 /* KakaoSDK in Frameworks */,
				33449A222BE2C4C600C9B722 /* KakaoSDKAuth in Frameworks */,
				CC257DE4F49A1A700D1AB65D /* Pods_DonutApp.framework in Frameworks */,
			);
			runOnlyForDeploymentPostprocessing = 0;
		};
		334499EF2BE2327600C9B722 /* Frameworks */ = {
			isa = PBXFrameworksBuildPhase;
			buildActionMask = 2147483647;
			files = (
				410A5943273A6D4C3902AA8F /* Pods_DonutAppTests.framework in Frameworks */,
			);
			runOnlyForDeploymentPostprocessing = 0;
		};
		334499F92BE2327600C9B722 /* Frameworks */ = {
			isa = PBXFrameworksBuildPhase;
			buildActionMask = 2147483647;
			files = (
				3BA90776A5875E1C34402517 /* Pods_DonutApp_DonutAppUITests.framework in Frameworks */,
			);
			runOnlyForDeploymentPostprocessing = 0;
		};
/* End PBXFrameworksBuildPhase section */

/* Begin PBXGroup section */
		334499D32BE2327200C9B722 = {
			isa = PBXGroup;
			children = (
				334499DE2BE2327200C9B722 /* DonutApp */,
				334499F52BE2327600C9B722 /* DonutAppTests */,
				334499FF2BE2327600C9B722 /* DonutAppUITests */,
				334499DD2BE2327200C9B722 /* Products */,
				F891C71C829DB5E0919376C9 /* Pods */,
				581732288417E64E8A4C4A5B /* Frameworks */,
			);
			sourceTree = "<group>";
		};
		334499DD2BE2327200C9B722 /* Products */ = {
			isa = PBXGroup;
			children = (
				334499DC2BE2327200C9B722 /* DonutApp.app */,
				334499F22BE2327600C9B722 /* DonutAppTests.xctest */,
				334499FC2BE2327600C9B722 /* DonutAppUITests.xctest */,
			);
			name = Products;
			sourceTree = "<group>";
		};
		334499DE2BE2327200C9B722 /* DonutApp */ = {
			isa = PBXGroup;
			children = (
				33EFDB732BECC35B00AF6588 /* Shopping */,
				33EFDB722BECC35600AF6588 /* Map */,
				33449AA82BE3793600C9B722 /* Main */,
				33449A232BE2C5E900C9B722 /* Login */,
				33449A172BE270AD00C9B722 /* Font */,
				334499DF2BE2327200C9B722 /* AppDelegate.swift */,
				334499E12BE2327200C9B722 /* SceneDelegate.swift */,
				334499E82BE2327600C9B722 /* Assets.xcassets */,
				334499EA2BE2327600C9B722 /* LaunchScreen.storyboard */,
				334499ED2BE2327600C9B722 /* Info.plist */,
			);
			path = DonutApp;
			sourceTree = "<group>";
		};
		334499F52BE2327600C9B722 /* DonutAppTests */ = {
			isa = PBXGroup;
			children = (
				334499F62BE2327600C9B722 /* DonutAppTests.swift */,
			);
			path = DonutAppTests;
			sourceTree = "<group>";
		};
		334499FF2BE2327600C9B722 /* DonutAppUITests */ = {
			isa = PBXGroup;
			children = (
				33449A002BE2327600C9B722 /* DonutAppUITests.swift */,
				33449A022BE2327600C9B722 /* DonutAppUITestsLaunchTests.swift */,
			);
			path = DonutAppUITests;
			sourceTree = "<group>";
		};
		33449A172BE270AD00C9B722 /* Font */ = {
			isa = PBXGroup;
			children = (
				33449A1C2BE2717A00C9B722 /* Inter-Bold.ttf */,
				33449A1A2BE2715000C9B722 /* Inter-ExtraBold.ttf */,
				33449A182BE2712C00C9B722 /* Inter.ttf */,
			);
			path = Font;
			sourceTree = "<group>";
		};
		33449A232BE2C5E900C9B722 /* Login */ = {
			isa = PBXGroup;
			children = (
				334499E32BE2327200C9B722 /* LoginViewController.swift */,
				33449A242BE2C63100C9B722 /* KakaoLogin.swift */,
				33449A262BE2CF8100C9B722 /* UserData.swift */,
			);
			path = Login;
			sourceTree = "<group>";
		};
		33449AA82BE3793600C9B722 /* Main */ = {
			isa = PBXGroup;
			children = (
				33449AA92BE3796200C9B722 /* MainViewController.swift */,
				33449AAD2BE39E7800C9B722 /* TableViewCell.swift */,
				33449AAF2BE3A40100C9B722 /* Item.swift */,
				33EFDB702BECBFE000AF6588 /* TabBar.swift */,
			);
			path = Main;
			sourceTree = "<group>";
		};
		33EFDB722BECC35600AF6588 /* Map */ = {
			isa = PBXGroup;
			children = (
				33EFDB742BECC37A00AF6588 /* MapViewController.swift */,
				3374EC8F2C0B03DB00A38256 /* ReverseGeo.swift */,
			);
			path = Map;
			sourceTree = "<group>";
		};
		33EFDB732BECC35B00AF6588 /* Shopping */ = {
			isa = PBXGroup;
			children = (
				33EFDB762BECC3B200AF6588 /* ShoppingViewController.swift */,
				33B038112BFED7FC00CFB9C1 /* ShopItem.swift */,
				33B038152BFF356B00CFB9C1 /* AdCollectionViewCell.swift */,
				33B038192BFF388A00CFB9C1 /* AllProductCell.swift */,
				33B038172BFF386D00CFB9C1 /* BestItemCell.swift */,
			);
			path = Shopping;
			sourceTree = "<group>";
		};
		581732288417E64E8A4C4A5B /* Frameworks */ = {
			isa = PBXGroup;
			children = (
				0DD2C018ABFAD41A325C1F73 /* Pods_DonutApp.framework */,
				526B245798A5410F14565765 /* Pods_DonutApp_DonutAppUITests.framework */,
				4E3763CB2912AA24AD4E5CBF /* Pods_DonutAppTests.framework */,
			);
			name = Frameworks;
			sourceTree = "<group>";
		};
		F891C71C829DB5E0919376C9 /* Pods */ = {
			isa = PBXGroup;
			children = (
				807581A06F3EC68A2B3484D1 /* Pods-DonutApp.debug.xcconfig */,
				C4425F543658A60404F69B64 /* Pods-DonutApp.release.xcconfig */,
				6D304F0B582582238ED5A0B3 /* Pods-DonutApp-DonutAppUITests.debug.xcconfig */,
				6B3A634C19A612507AD3E0D4 /* Pods-DonutApp-DonutAppUITests.release.xcconfig */,
				0B44842597D77CBEDF40EC18 /* Pods-DonutAppTests.debug.xcconfig */,
				101B11F1E08319E75ED13D30 /* Pods-DonutAppTests.release.xcconfig */,
			);
			path = Pods;
			sourceTree = "<group>";
		};
/* End PBXGroup section */

/* Begin PBXNativeTarget section */
		334499DB2BE2327200C9B722 /* DonutApp */ = {
			isa = PBXNativeTarget;
			buildConfigurationList = 33449A062BE2327600C9B722 /* Build configuration list for PBXNativeTarget "DonutApp" */;
			buildPhases = (
				B10C17317405003DBEB29B34 /* [CP] Check Pods Manifest.lock */,
				334499D82BE2327200C9B722 /* Sources */,
				334499D92BE2327200C9B722 /* Frameworks */,
				334499DA2BE2327200C9B722 /* Resources */,
				314745C1C0D12ECDC449DF22 /* [CP] Embed Pods Frameworks */,
			);
			buildRules = (
			);
			dependencies = (
			);
			name = DonutApp;
			packageProductDependencies = (
				33449A112BE2399F00C9B722 /* SnapKit */,
				33449A132BE2399F00C9B722 /* SnapKit-Dynamic */,
				33449A1F2BE2C4C600C9B722 /* KakaoSDK */,
				33449A212BE2C4C600C9B722 /* KakaoSDKAuth */,
			);
			productName = DonutApp;
			productReference = 334499DC2BE2327200C9B722 /* DonutApp.app */;
			productType = "com.apple.product-type.application";
		};
		334499F12BE2327600C9B722 /* DonutAppTests */ = {
			isa = PBXNativeTarget;
			buildConfigurationList = 33449A092BE2327600C9B722 /* Build configuration list for PBXNativeTarget "DonutAppTests" */;
			buildPhases = (
				EEAF0E91BAB24C0B3AA1F9DD /* [CP] Check Pods Manifest.lock */,
				334499EE2BE2327600C9B722 /* Sources */,
				334499EF2BE2327600C9B722 /* Frameworks */,
				334499F02BE2327600C9B722 /* Resources */,
			);
			buildRules = (
			);
			dependencies = (
				334499F42BE2327600C9B722 /* PBXTargetDependency */,
			);
			name = DonutAppTests;
			productName = DonutAppTests;
			productReference = 334499F22BE2327600C9B722 /* DonutAppTests.xctest */;
			productType = "com.apple.product-type.bundle.unit-test";
		};
		334499FB2BE2327600C9B722 /* DonutAppUITests */ = {
			isa = PBXNativeTarget;
			buildConfigurationList = 33449A0C2BE2327600C9B722 /* Build configuration list for PBXNativeTarget "DonutAppUITests" */;
			buildPhases = (
				ABD09F55BCA95661E8CB5FB8 /* [CP] Check Pods Manifest.lock */,
				334499F82BE2327600C9B722 /* Sources */,
				334499F92BE2327600C9B722 /* Frameworks */,
				334499FA2BE2327600C9B722 /* Resources */,
				5BE7D3C2724B91C082C4764C /* [CP] Embed Pods Frameworks */,
			);
			buildRules = (
			);
			dependencies = (
				334499FE2BE2327600C9B722 /* PBXTargetDependency */,
			);
			name = DonutAppUITests;
			productName = DonutAppUITests;
			productReference = 334499FC2BE2327600C9B722 /* DonutAppUITests.xctest */;
			productType = "com.apple.product-type.bundle.ui-testing";
		};
/* End PBXNativeTarget section */

/* Begin PBXProject section */
		334499D42BE2327200C9B722 /* Project object */ = {
			isa = PBXProject;
			attributes = {
				BuildIndependentTargetsInParallel = 1;
				LastSwiftUpdateCheck = 1510;
				LastUpgradeCheck = 1510;
				TargetAttributes = {
					334499DB2BE2327200C9B722 = {
						CreatedOnToolsVersion = 15.1;
					};
					334499F12BE2327600C9B722 = {
						CreatedOnToolsVersion = 15.1;
						TestTargetID = 334499DB2BE2327200C9B722;
					};
					334499FB2BE2327600C9B722 = {
						CreatedOnToolsVersion = 15.1;
						TestTargetID = 334499DB2BE2327200C9B722;
					};
				};
			};
			buildConfigurationList = 334499D72BE2327200C9B722 /* Build configuration list for PBXProject "DonutApp" */;
			compatibilityVersion = "Xcode 14.0";
			developmentRegion = en;
			hasScannedForEncodings = 0;
			knownRegions = (
				en,
				Base,
			);
			mainGroup = 334499D32BE2327200C9B722;
			packageReferences = (
				33449A102BE2399F00C9B722 /* XCRemoteSwiftPackageReference "SnapKit" */,
				33449A1E2BE2C4C600C9B722 /* XCRemoteSwiftPackageReference "kakao-ios-sdk" */,
			);
			productRefGroup = 334499DD2BE2327200C9B722 /* Products */;
			projectDirPath = "";
			projectRoot = "";
			targets = (
				334499DB2BE2327200C9B722 /* DonutApp */,
				334499F12BE2327600C9B722 /* DonutAppTests */,
				334499FB2BE2327600C9B722 /* DonutAppUITests */,
			);
		};
/* End PBXProject section */

/* Begin PBXResourcesBuildPhase section */
		334499DA2BE2327200C9B722 /* Resources */ = {
			isa = PBXResourcesBuildPhase;
			buildActionMask = 2147483647;
			files = (
				33449A192BE2712C00C9B722 /* Inter.ttf in Resources */,
				33449A1D2BE2717A00C9B722 /* Inter-Bold.ttf in Resources */,
				334499EC2BE2327600C9B722 /* LaunchScreen.storyboard in Resources */,
				334499E92BE2327600C9B722 /* Assets.xcassets in Resources */,
				33449A1B2BE2715000C9B722 /* Inter-ExtraBold.ttf in Resources */,
			);
			runOnlyForDeploymentPostprocessing = 0;
		};
		334499F02BE2327600C9B722 /* Resources */ = {
			isa = PBXResourcesBuildPhase;
			buildActionMask = 2147483647;
			files = (
			);
			runOnlyForDeploymentPostprocessing = 0;
		};
		334499FA2BE2327600C9B722 /* Resources */ = {
			isa = PBXResourcesBuildPhase;
			buildActionMask = 2147483647;
			files = (
			);
			runOnlyForDeploymentPostprocessing = 0;
		};
/* End PBXResourcesBuildPhase section */

/* Begin PBXShellScriptBuildPhase section */
		314745C1C0D12ECDC449DF22 /* [CP] Embed Pods Frameworks */ = {
			isa = PBXShellScriptBuildPhase;
			buildActionMask = 2147483647;
			files = (
			);
			inputFileListPaths = (
				"${PODS_ROOT}/Target Support Files/Pods-DonutApp/Pods-DonutApp-frameworks-${CONFIGURATION}-input-files.xcfilelist",
			);
			name = "[CP] Embed Pods Frameworks";
			outputFileListPaths = (
				"${PODS_ROOT}/Target Support Files/Pods-DonutApp/Pods-DonutApp-frameworks-${CONFIGURATION}-output-files.xcfilelist",
			);
			runOnlyForDeploymentPostprocessing = 0;
			shellPath = /bin/sh;
			shellScript = "\"${PODS_ROOT}/Target Support Files/Pods-DonutApp/Pods-DonutApp-frameworks.sh\"\n";
			showEnvVarsInLog = 0;
		};
		5BE7D3C2724B91C082C4764C /* [CP] Embed Pods Frameworks */ = {
			isa = PBXShellScriptBuildPhase;
			buildActionMask = 2147483647;
			files = (
			);
			inputFileListPaths = (
				"${PODS_ROOT}/Target Support Files/Pods-DonutApp-DonutAppUITests/Pods-DonutApp-DonutAppUITests-frameworks-${CONFIGURATION}-input-files.xcfilelist",
			);
			name = "[CP] Embed Pods Frameworks";
			outputFileListPaths = (
				"${PODS_ROOT}/Target Support Files/Pods-DonutApp-DonutAppUITests/Pods-DonutApp-DonutAppUITests-frameworks-${CONFIGURATION}-output-files.xcfilelist",
			);
			runOnlyForDeploymentPostprocessing = 0;
			shellPath = /bin/sh;
			shellScript = "\"${PODS_ROOT}/Target Support Files/Pods-DonutApp-DonutAppUITests/Pods-DonutApp-DonutAppUITests-frameworks.sh\"\n";
			showEnvVarsInLog = 0;
		};
		ABD09F55BCA95661E8CB5FB8 /* [CP] Check Pods Manifest.lock */ = {
			isa = PBXShellScriptBuildPhase;
			buildActionMask = 2147483647;
			files = (
			);
			inputFileListPaths = (
			);
			inputPaths = (
				"${PODS_PODFILE_DIR_PATH}/Podfile.lock",
				"${PODS_ROOT}/Manifest.lock",
			);
			name = "[CP] Check Pods Manifest.lock";
			outputFileListPaths = (
			);
			outputPaths = (
				"$(DERIVED_FILE_DIR)/Pods-DonutApp-DonutAppUITests-checkManifestLockResult.txt",
			);
			runOnlyForDeploymentPostprocessing = 0;
			shellPath = /bin/sh;
			shellScript = "diff \"${PODS_PODFILE_DIR_PATH}/Podfile.lock\" \"${PODS_ROOT}/Manifest.lock\" > /dev/null\nif [ $? != 0 ] ; then\n    # print error to STDERR\n    echo \"error: The sandbox is not in sync with the Podfile.lock. Run 'pod install' or update your CocoaPods installation.\" >&2\n    exit 1\nfi\n# This output is used by Xcode 'outputs' to avoid re-running this script phase.\necho \"SUCCESS\" > \"${SCRIPT_OUTPUT_FILE_0}\"\n";
			showEnvVarsInLog = 0;
		};
		B10C17317405003DBEB29B34 /* [CP] Check Pods Manifest.lock */ = {
			isa = PBXShellScriptBuildPhase;
			buildActionMask = 2147483647;
			files = (
			);
			inputFileListPaths = (
			);
			inputPaths = (
				"${PODS_PODFILE_DIR_PATH}/Podfile.lock",
				"${PODS_ROOT}/Manifest.lock",
			);
			name = "[CP] Check Pods Manifest.lock";
			outputFileListPaths = (
			);
			outputPaths = (
				"$(DERIVED_FILE_DIR)/Pods-DonutApp-checkManifestLockResult.txt",
			);
			runOnlyForDeploymentPostprocessing = 0;
			shellPath = /bin/sh;
			shellScript = "diff \"${PODS_PODFILE_DIR_PATH}/Podfile.lock\" \"${PODS_ROOT}/Manifest.lock\" > /dev/null\nif [ $? != 0 ] ; then\n    # print error to STDERR\n    echo \"error: The sandbox is not in sync with the Podfile.lock. Run 'pod install' or update your CocoaPods installation.\" >&2\n    exit 1\nfi\n# This output is used by Xcode 'outputs' to avoid re-running this script phase.\necho \"SUCCESS\" > \"${SCRIPT_OUTPUT_FILE_0}\"\n";
			showEnvVarsInLog = 0;
		};
		EEAF0E91BAB24C0B3AA1F9DD /* [CP] Check Pods Manifest.lock */ = {
			isa = PBXShellScriptBuildPhase;
			buildActionMask = 2147483647;
			files = (
			);
			inputFileListPaths = (
			);
			inputPaths = (
				"${PODS_PODFILE_DIR_PATH}/Podfile.lock",
				"${PODS_ROOT}/Manifest.lock",
			);
			name = "[CP] Check Pods Manifest.lock";
			outputFileListPaths = (
			);
			outputPaths = (
				"$(DERIVED_FILE_DIR)/Pods-DonutAppTests-checkManifestLockResult.txt",
			);
			runOnlyForDeploymentPostprocessing = 0;
			shellPath = /bin/sh;
			shellScript = "diff \"${PODS_PODFILE_DIR_PATH}/Podfile.lock\" \"${PODS_ROOT}/Manifest.lock\" > /dev/null\nif [ $? != 0 ] ; then\n    # print error to STDERR\n    echo \"error: The sandbox is not in sync with the Podfile.lock. Run 'pod install' or update your CocoaPods installation.\" >&2\n    exit 1\nfi\n# This output is used by Xcode 'outputs' to avoid re-running this script phase.\necho \"SUCCESS\" > \"${SCRIPT_OUTPUT_FILE_0}\"\n";
			showEnvVarsInLog = 0;
		};
/* End PBXShellScriptBuildPhase section */

/* Begin PBXSourcesBuildPhase section */
		334499D82BE2327200C9B722 /* Sources */ = {
			isa = PBXSourcesBuildPhase;
			buildActionMask = 2147483647;
			files = (
				33B038182BFF386D00CFB9C1 /* BestItemCell.swift in Sources */,
				33B038162BFF356B00CFB9C1 /* AdCollectionViewCell.swift in Sources */,
				3374EC902C0B03DB00A38256 /* ReverseGeo.swift in Sources */,
				33EFDB772BECC3B200AF6588 /* ShoppingViewController.swift in Sources */,
				334499E42BE2327200C9B722 /* LoginViewController.swift in Sources */,
				33B038122BFED7FC00CFB9C1 /* ShopItem.swift in Sources */,
				33449AB02BE3A40100C9B722 /* Item.swift in Sources */,
				33449AAE2BE39E7800C9B722 /* TableViewCell.swift in Sources */,
				33EFDB752BECC37A00AF6588 /* MapViewController.swift in Sources */,
				33EFDB712BECBFE000AF6588 /* TabBar.swift in Sources */,
				334499E02BE2327200C9B722 /* AppDelegate.swift in Sources */,
				334499E22BE2327200C9B722 /* SceneDelegate.swift in Sources */,
				33449AAA2BE3796200C9B722 /* MainViewController.swift in Sources */,
				33B0381A2BFF388A00CFB9C1 /* AllProductCell.swift in Sources */,
				33449A272BE2CF8100C9B722 /* UserData.swift in Sources */,
				33449A252BE2C63100C9B722 /* KakaoLogin.swift in Sources */,
			);
			runOnlyForDeploymentPostprocessing = 0;
		};
		334499EE2BE2327600C9B722 /* Sources */ = {
			isa = PBXSourcesBuildPhase;
			buildActionMask = 2147483647;
			files = (
				334499F72BE2327600C9B722 /* DonutAppTests.swift in Sources */,
			);
			runOnlyForDeploymentPostprocessing = 0;
		};
		334499F82BE2327600C9B722 /* Sources */ = {
			isa = PBXSourcesBuildPhase;
			buildActionMask = 2147483647;
			files = (
				33449A032BE2327600C9B722 /* DonutAppUITestsLaunchTests.swift in Sources */,
				33449A012BE2327600C9B722 /* DonutAppUITests.swift in Sources */,
			);
			runOnlyForDeploymentPostprocessing = 0;
		};
/* End PBXSourcesBuildPhase section */

/* Begin PBXTargetDependency section */
		334499F42BE2327600C9B722 /* PBXTargetDependency */ = {
			isa = PBXTargetDependency;
			target = 334499DB2BE2327200C9B722 /* DonutApp */;
			targetProxy = 334499F32BE2327600C9B722 /* PBXContainerItemProxy */;
		};
		334499FE2BE2327600C9B722 /* PBXTargetDependency */ = {
			isa = PBXTargetDependency;
			target = 334499DB2BE2327200C9B722 /* DonutApp */;
			targetProxy = 334499FD2BE2327600C9B722 /* PBXContainerItemProxy */;
		};
/* End PBXTargetDependency section */

/* Begin PBXVariantGroup section */
		334499EA2BE2327600C9B722 /* LaunchScreen.storyboard */ = {
			isa = PBXVariantGroup;
			children = (
				334499EB2BE2327600C9B722 /* Base */,
			);
			name = LaunchScreen.storyboard;
			sourceTree = "<group>";
		};
/* End PBXVariantGroup section */

/* Begin XCBuildConfiguration section */
		33449A042BE2327600C9B722 /* Debug */ = {
			isa = XCBuildConfiguration;
			buildSettings = {
				ALWAYS_SEARCH_USER_PATHS = NO;
				ASSETCATALOG_COMPILER_GENERATE_SWIFT_ASSET_SYMBOL_EXTENSIONS = YES;
				CLANG_ANALYZER_NONNULL = YES;
				CLANG_ANALYZER_NUMBER_OBJECT_CONVERSION = YES_AGGRESSIVE;
				CLANG_CXX_LANGUAGE_STANDARD = "gnu++20";
				CLANG_ENABLE_MODULES = YES;
				CLANG_ENABLE_OBJC_ARC = YES;
				CLANG_ENABLE_OBJC_WEAK = YES;
				CLANG_WARN_BLOCK_CAPTURE_AUTORELEASING = YES;
				CLANG_WARN_BOOL_CONVERSION = YES;
				CLANG_WARN_COMMA = YES;
				CLANG_WARN_CONSTANT_CONVERSION = YES;
				CLANG_WARN_DEPRECATED_OBJC_IMPLEMENTATIONS = YES;
				CLANG_WARN_DIRECT_OBJC_ISA_USAGE = YES_ERROR;
				CLANG_WARN_DOCUMENTATION_COMMENTS = YES;
				CLANG_WARN_EMPTY_BODY = YES;
				CLANG_WARN_ENUM_CONVERSION = YES;
				CLANG_WARN_INFINITE_RECURSION = YES;
				CLANG_WARN_INT_CONVERSION = YES;
				CLANG_WARN_NON_LITERAL_NULL_CONVERSION = YES;
				CLANG_WARN_OBJC_IMPLICIT_RETAIN_SELF = YES;
				CLANG_WARN_OBJC_LITERAL_CONVERSION = YES;
				CLANG_WARN_OBJC_ROOT_CLASS = YES_ERROR;
				CLANG_WARN_QUOTED_INCLUDE_IN_FRAMEWORK_HEADER = YES;
				CLANG_WARN_RANGE_LOOP_ANALYSIS = YES;
				CLANG_WARN_STRICT_PROTOTYPES = YES;
				CLANG_WARN_SUSPICIOUS_MOVE = YES;
				CLANG_WARN_UNGUARDED_AVAILABILITY = YES_AGGRESSIVE;
				CLANG_WARN_UNREACHABLE_CODE = YES;
				CLANG_WARN__DUPLICATE_METHOD_MATCH = YES;
				COPY_PHASE_STRIP = NO;
				DEBUG_INFORMATION_FORMAT = dwarf;
				ENABLE_STRICT_OBJC_MSGSEND = YES;
				ENABLE_TESTABILITY = YES;
				ENABLE_USER_SCRIPT_SANDBOXING = YES;
				GCC_C_LANGUAGE_STANDARD = gnu17;
				GCC_DYNAMIC_NO_PIC = NO;
				GCC_NO_COMMON_BLOCKS = YES;
				GCC_OPTIMIZATION_LEVEL = 0;
				GCC_PREPROCESSOR_DEFINITIONS = (
					"DEBUG=1",
					"$(inherited)",
				);
				GCC_WARN_64_TO_32_BIT_CONVERSION = YES;
				GCC_WARN_ABOUT_RETURN_TYPE = YES_ERROR;
				GCC_WARN_UNDECLARED_SELECTOR = YES;
				GCC_WARN_UNINITIALIZED_AUTOS = YES_AGGRESSIVE;
				GCC_WARN_UNUSED_FUNCTION = YES;
				GCC_WARN_UNUSED_VARIABLE = YES;
				IPHONEOS_DEPLOYMENT_TARGET = 17.2;
				LOCALIZATION_PREFERS_STRING_CATALOGS = YES;
				MTL_ENABLE_DEBUG_INFO = INCLUDE_SOURCE;
				MTL_FAST_MATH = YES;
				ONLY_ACTIVE_ARCH = YES;
				SDKROOT = iphoneos;
				SWIFT_ACTIVE_COMPILATION_CONDITIONS = "DEBUG $(inherited)";
				SWIFT_OPTIMIZATION_LEVEL = "-Onone";
			};
			name = Debug;
		};
		33449A052BE2327600C9B722 /* Release */ = {
			isa = XCBuildConfiguration;
			buildSettings = {
				ALWAYS_SEARCH_USER_PATHS = NO;
				ASSETCATALOG_COMPILER_GENERATE_SWIFT_ASSET_SYMBOL_EXTENSIONS = YES;
				CLANG_ANALYZER_NONNULL = YES;
				CLANG_ANALYZER_NUMBER_OBJECT_CONVERSION = YES_AGGRESSIVE;
				CLANG_CXX_LANGUAGE_STANDARD = "gnu++20";
				CLANG_ENABLE_MODULES = YES;
				CLANG_ENABLE_OBJC_ARC = YES;
				CLANG_ENABLE_OBJC_WEAK = YES;
				CLANG_WARN_BLOCK_CAPTURE_AUTORELEASING = YES;
				CLANG_WARN_BOOL_CONVERSION = YES;
				CLANG_WARN_COMMA = YES;
				CLANG_WARN_CONSTANT_CONVERSION = YES;
				CLANG_WARN_DEPRECATED_OBJC_IMPLEMENTATIONS = YES;
				CLANG_WARN_DIRECT_OBJC_ISA_USAGE = YES_ERROR;
				CLANG_WARN_DOCUMENTATION_COMMENTS = YES;
				CLANG_WARN_EMPTY_BODY = YES;
				CLANG_WARN_ENUM_CONVERSION = YES;
				CLANG_WARN_INFINITE_RECURSION = YES;
				CLANG_WARN_INT_CONVERSION = YES;
				CLANG_WARN_NON_LITERAL_NULL_CONVERSION = YES;
				CLANG_WARN_OBJC_IMPLICIT_RETAIN_SELF = YES;
				CLANG_WARN_OBJC_LITERAL_CONVERSION = YES;
				CLANG_WARN_OBJC_ROOT_CLASS = YES_ERROR;
				CLANG_WARN_QUOTED_INCLUDE_IN_FRAMEWORK_HEADER = YES;
				CLANG_WARN_RANGE_LOOP_ANALYSIS = YES;
				CLANG_WARN_STRICT_PROTOTYPES = YES;
				CLANG_WARN_SUSPICIOUS_MOVE = YES;
				CLANG_WARN_UNGUARDED_AVAILABILITY = YES_AGGRESSIVE;
				CLANG_WARN_UNREACHABLE_CODE = YES;
				CLANG_WARN__DUPLICATE_METHOD_MATCH = YES;
				COPY_PHASE_STRIP = NO;
				DEBUG_INFORMATION_FORMAT = "dwarf-with-dsym";
				ENABLE_NS_ASSERTIONS = NO;
				ENABLE_STRICT_OBJC_MSGSEND = YES;
				ENABLE_USER_SCRIPT_SANDBOXING = YES;
				GCC_C_LANGUAGE_STANDARD = gnu17;
				GCC_NO_COMMON_BLOCKS = YES;
				GCC_WARN_64_TO_32_BIT_CONVERSION = YES;
				GCC_WARN_ABOUT_RETURN_TYPE = YES_ERROR;
				GCC_WARN_UNDECLARED_SELECTOR = YES;
				GCC_WARN_UNINITIALIZED_AUTOS = YES_AGGRESSIVE;
				GCC_WARN_UNUSED_FUNCTION = YES;
				GCC_WARN_UNUSED_VARIABLE = YES;
				IPHONEOS_DEPLOYMENT_TARGET = 17.2;
				LOCALIZATION_PREFERS_STRING_CATALOGS = YES;
				MTL_ENABLE_DEBUG_INFO = NO;
				MTL_FAST_MATH = YES;
				SDKROOT = iphoneos;
				SWIFT_COMPILATION_MODE = wholemodule;
				VALIDATE_PRODUCT = YES;
			};
			name = Release;
		};
		33449A072BE2327600C9B722 /* Debug */ = {
			isa = XCBuildConfiguration;
			baseConfigurationReference = 807581A06F3EC68A2B3484D1 /* Pods-DonutApp.debug.xcconfig */;
			buildSettings = {
				ASSETCATALOG_COMPILER_APPICON_NAME = AppIcon;
				ASSETCATALOG_COMPILER_GLOBAL_ACCENT_COLOR_NAME = AccentColor;
				CODE_SIGN_STYLE = Automatic;
				CURRENT_PROJECT_VERSION = 1;
				ENABLE_USER_SCRIPT_SANDBOXING = NO;
				GENERATE_INFOPLIST_FILE = YES;
				INFOPLIST_FILE = DonutApp/Info.plist;
				INFOPLIST_KEY_UIApplicationSupportsIndirectInputEvents = YES;
				INFOPLIST_KEY_UILaunchStoryboardName = LaunchScreen;
				INFOPLIST_KEY_UISupportedInterfaceOrientations_iPad = "UIInterfaceOrientationPortrait UIInterfaceOrientationPortraitUpsideDown UIInterfaceOrientationLandscapeLeft UIInterfaceOrientationLandscapeRight";
				INFOPLIST_KEY_UISupportedInterfaceOrientations_iPhone = "UIInterfaceOrientationPortrait UIInterfaceOrientationLandscapeLeft UIInterfaceOrientationLandscapeRight";
				LD_RUNPATH_SEARCH_PATHS = (
					"$(inherited)",
					"@executable_path/Frameworks",
				);
				MARKETING_VERSION = 1.0;
				PRODUCT_BUNDLE_IDENTIFIER = url.DonutApp;
				PRODUCT_NAME = "$(TARGET_NAME)";
				SWIFT_EMIT_LOC_STRINGS = YES;
				SWIFT_VERSION = 5.0;
				TARGETED_DEVICE_FAMILY = "1,2";
			};
			name = Debug;
		};
		33449A082BE2327600C9B722 /* Release */ = {
			isa = XCBuildConfiguration;
			baseConfigurationReference = C4425F543658A60404F69B64 /* Pods-DonutApp.release.xcconfig */;
			buildSettings = {
				ASSETCATALOG_COMPILER_APPICON_NAME = AppIcon;
				ASSETCATALOG_COMPILER_GLOBAL_ACCENT_COLOR_NAME = AccentColor;
				CODE_SIGN_STYLE = Automatic;
				CURRENT_PROJECT_VERSION = 1;
				ENABLE_USER_SCRIPT_SANDBOXING = NO;
				GENERATE_INFOPLIST_FILE = YES;
				INFOPLIST_FILE = DonutApp/Info.plist;
				INFOPLIST_KEY_UIApplicationSupportsIndirectInputEvents = YES;
				INFOPLIST_KEY_UILaunchStoryboardName = LaunchScreen;
				INFOPLIST_KEY_UISupportedInterfaceOrientations_iPad = "UIInterfaceOrientationPortrait UIInterfaceOrientationPortraitUpsideDown UIInterfaceOrientationLandscapeLeft UIInterfaceOrientationLandscapeRight";
				INFOPLIST_KEY_UISupportedInterfaceOrientations_iPhone = "UIInterfaceOrientationPortrait UIInterfaceOrientationLandscapeLeft UIInterfaceOrientationLandscapeRight";
				LD_RUNPATH_SEARCH_PATHS = (
					"$(inherited)",
					"@executable_path/Frameworks",
				);
				MARKETING_VERSION = 1.0;
				PRODUCT_BUNDLE_IDENTIFIER = url.DonutApp;
				PRODUCT_NAME = "$(TARGET_NAME)";
				SWIFT_EMIT_LOC_STRINGS = YES;
				SWIFT_VERSION = 5.0;
				TARGETED_DEVICE_FAMILY = "1,2";
			};
			name = Release;
		};
		33449A0A2BE2327600C9B722 /* Debug */ = {
			isa = XCBuildConfiguration;
			baseConfigurationReference = 0B44842597D77CBEDF40EC18 /* Pods-DonutAppTests.debug.xcconfig */;
			buildSettings = {
				ALWAYS_EMBED_SWIFT_STANDARD_LIBRARIES = YES;
				BUNDLE_LOADER = "$(TEST_HOST)";
				CODE_SIGN_STYLE = Automatic;
				CURRENT_PROJECT_VERSION = 1;
				GENERATE_INFOPLIST_FILE = YES;
				IPHONEOS_DEPLOYMENT_TARGET = 17.2;
				MARKETING_VERSION = 1.0;
				PRODUCT_BUNDLE_IDENTIFIER = url.DonutAppTests;
				PRODUCT_NAME = "$(TARGET_NAME)";
				SWIFT_EMIT_LOC_STRINGS = NO;
				SWIFT_VERSION = 5.0;
				TARGETED_DEVICE_FAMILY = "1,2";
				TEST_HOST = "$(BUILT_PRODUCTS_DIR)/DonutApp.app/$(BUNDLE_EXECUTABLE_FOLDER_PATH)/DonutApp";
			};
			name = Debug;
		};
		33449A0B2BE2327600C9B722 /* Release */ = {
			isa = XCBuildConfiguration;
			baseConfigurationReference = 101B11F1E08319E75ED13D30 /* Pods-DonutAppTests.release.xcconfig */;
			buildSettings = {
				ALWAYS_EMBED_SWIFT_STANDARD_LIBRARIES = YES;
				BUNDLE_LOADER = "$(TEST_HOST)";
				CODE_SIGN_STYLE = Automatic;
				CURRENT_PROJECT_VERSION = 1;
				GENERATE_INFOPLIST_FILE = YES;
				IPHONEOS_DEPLOYMENT_TARGET = 17.2;
				MARKETING_VERSION = 1.0;
				PRODUCT_BUNDLE_IDENTIFIER = url.DonutAppTests;
				PRODUCT_NAME = "$(TARGET_NAME)";
				SWIFT_EMIT_LOC_STRINGS = NO;
				SWIFT_VERSION = 5.0;
				TARGETED_DEVICE_FAMILY = "1,2";
				TEST_HOST = "$(BUILT_PRODUCTS_DIR)/DonutApp.app/$(BUNDLE_EXECUTABLE_FOLDER_PATH)/DonutApp";
			};
			name = Release;
		};
		33449A0D2BE2327600C9B722 /* Debug */ = {
			isa = XCBuildConfiguration;
			baseConfigurationReference = 6D304F0B582582238ED5A0B3 /* Pods-DonutApp-DonutAppUITests.debug.xcconfig */;
			buildSettings = {
				ALWAYS_EMBED_SWIFT_STANDARD_LIBRARIES = YES;
				CODE_SIGN_STYLE = Automatic;
				CURRENT_PROJECT_VERSION = 1;
				GENERATE_INFOPLIST_FILE = YES;
				MARKETING_VERSION = 1.0;
				PRODUCT_BUNDLE_IDENTIFIER = url.DonutAppUITests;
				PRODUCT_NAME = "$(TARGET_NAME)";
				SWIFT_EMIT_LOC_STRINGS = NO;
				SWIFT_VERSION = 5.0;
				TARGETED_DEVICE_FAMILY = "1,2";
				TEST_TARGET_NAME = DonutApp;
			};
			name = Debug;
		};
		33449A0E2BE2327600C9B722 /* Release */ = {
			isa = XCBuildConfiguration;
			baseConfigurationReference = 6B3A634C19A612507AD3E0D4 /* Pods-DonutApp-DonutAppUITests.release.xcconfig */;
			buildSettings = {
				ALWAYS_EMBED_SWIFT_STANDARD_LIBRARIES = YES;
				CODE_SIGN_STYLE = Automatic;
				CURRENT_PROJECT_VERSION = 1;
				GENERATE_INFOPLIST_FILE = YES;
				MARKETING_VERSION = 1.0;
				PRODUCT_BUNDLE_IDENTIFIER = url.DonutAppUITests;
				PRODUCT_NAME = "$(TARGET_NAME)";
				SWIFT_EMIT_LOC_STRINGS = NO;
				SWIFT_VERSION = 5.0;
				TARGETED_DEVICE_FAMILY = "1,2";
				TEST_TARGET_NAME = DonutApp;
			};
			name = Release;
		};
/* End XCBuildConfiguration section */

/* Begin XCConfigurationList section */
		334499D72BE2327200C9B722 /* Build configuration list for PBXProject "DonutApp" */ = {
			isa = XCConfigurationList;
			buildConfigurations = (
				33449A042BE2327600C9B722 /* Debug */,
				33449A052BE2327600C9B722 /* Release */,
			);
			defaultConfigurationIsVisible = 0;
			defaultConfigurationName = Release;
		};
		33449A062BE2327600C9B722 /* Build configuration list for PBXNativeTarget "DonutApp" */ = {
			isa = XCConfigurationList;
			buildConfigurations = (
				33449A072BE2327600C9B722 /* Debug */,
				33449A082BE2327600C9B722 /* Release */,
			);
			defaultConfigurationIsVisible = 0;
			defaultConfigurationName = Release;
		};
		33449A092BE2327600C9B722 /* Build configuration list for PBXNativeTarget "DonutAppTests" */ = {
			isa = XCConfigurationList;
			buildConfigurations = (
				33449A0A2BE2327600C9B722 /* Debug */,
				33449A0B2BE2327600C9B722 /* Release */,
			);
			defaultConfigurationIsVisible = 0;
			defaultConfigurationName = Release;
		};
		33449A0C2BE2327600C9B722 /* Build configuration list for PBXNativeTarget "DonutAppUITests" */ = {
			isa = XCConfigurationList;
			buildConfigurations = (
				33449A0D2BE2327600C9B722 /* Debug */,
				33449A0E2BE2327600C9B722 /* Release */,
			);
			defaultConfigurationIsVisible = 0;
			defaultConfigurationName = Release;
		};
/* End XCConfigurationList section */

/* Begin XCRemoteSwiftPackageReference section */
		33449A102BE2399F00C9B722 /* XCRemoteSwiftPackageReference "SnapKit" */ = {
			isa = XCRemoteSwiftPackageReference;
			repositoryURL = "https://github.com/SnapKit/SnapKit";
			requirement = {
				kind = upToNextMajorVersion;
				minimumVersion = 5.7.1;
			};
		};
		33449A1E2BE2C4C600C9B722 /* XCRemoteSwiftPackageReference "kakao-ios-sdk" */ = {
			isa = XCRemoteSwiftPackageReference;
			repositoryURL = "https://github.com/kakao/kakao-ios-sdk";
			requirement = {
				kind = upToNextMajorVersion;
				minimumVersion = 2.22.1;
			};
		};
/* End XCRemoteSwiftPackageReference section */

/* Begin XCSwiftPackageProductDependency section */
		33449A112BE2399F00C9B722 /* SnapKit */ = {
			isa = XCSwiftPackageProductDependency;
			package = 33449A102BE2399F00C9B722 /* XCRemoteSwiftPackageReference "SnapKit" */;
			productName = SnapKit;
		};
		33449A132BE2399F00C9B722 /* SnapKit-Dynamic */ = {
			isa = XCSwiftPackageProductDependency;
			package = 33449A102BE2399F00C9B722 /* XCRemoteSwiftPackageReference "SnapKit" */;
			productName = "SnapKit-Dynamic";
		};
		33449A1F2BE2C4C600C9B722 /* KakaoSDK */ = {
			isa = XCSwiftPackageProductDependency;
			package = 33449A1E2BE2C4C600C9B722 /* XCRemoteSwiftPackageReference "kakao-ios-sdk" */;
			productName = KakaoSDK;
		};
		33449A212BE2C4C600C9B722 /* KakaoSDKAuth */ = {
			isa = XCSwiftPackageProductDependency;
			package = 33449A1E2BE2C4C600C9B722 /* XCRemoteSwiftPackageReference "kakao-ios-sdk" */;
			productName = KakaoSDKAuth;
		};
/* End XCSwiftPackageProductDependency section */
	};
	rootObject = 334499D42BE2327200C9B722 /* Project object */;
}
